{
  "version": 4,
  "terraform_version": "0.15.3",
  "serial": 68,
  "lineage": "7768b725-b9b6-fc7e-feb2-b426fb413be7",
  "outputs": {},
  "resources": [
    {
      "module": "module.app",
      "mode": "data",
      "type": "template_file",
      "name": "task_definition_json",
      "provider": "provider[\"registry.terraform.io/hashicorp/template\"]",
      "instances": [
        {
          "schema_version": 0,
          "attributes": {
            "filename": null,
            "id": "2c1191d36d1b4d8664b81b72d2d45d0e2679b31855009b2c88dad385feaf0416",
            "rendered": "[\n  {\n      \"name\": \"openapi-ecs-container\",\n     \"image\": \"nginx:latest\", \n      \"cpu\": 10,\n      \"memory\": 512,\n      \"logConfiguration\": {\n        \"logDriver\": \"awslogs\",\n        \"options\": {\n          \"awslogs-group\": \"openapi-devl-cw\",\n          \"awslogs-region\": \"eu-west-1\",\n          \"awslogs-stream-prefix\": \"ecs\"\n        }\n      },\n      \"links\": [],\n      \"portMappings\": [\n          { \n              \"hostPort\": 8080,\n              \"containerPort\": 8080,\n              \"protocol\": \"tcp\"\n          }\n      ],\n      \"essential\": true,\n      \"entryPoint\": [],\n      \"command\": [],\n      \"environment\": [],\n      \"mountPoints\": [],\n      \"volumesFrom\": []\n  }\n]\n",
            "template": "[\n  {\n      \"name\": \"openapi-ecs-container\",\n     \"image\": \"nginx:latest\", \n      \"cpu\": 10,\n      \"memory\": 512,\n      \"logConfiguration\": {\n        \"logDriver\": \"awslogs\",\n        \"options\": {\n          \"awslogs-group\": \"openapi-devl-cw\",\n          \"awslogs-region\": \"eu-west-1\",\n          \"awslogs-stream-prefix\": \"ecs\"\n        }\n      },\n      \"links\": [],\n      \"portMappings\": [\n          { \n              \"hostPort\": 8080,\n              \"containerPort\": 8080,\n              \"protocol\": \"tcp\"\n          }\n      ],\n      \"essential\": true,\n      \"entryPoint\": [],\n      \"command\": [],\n      \"environment\": [],\n      \"mountPoints\": [],\n      \"volumesFrom\": []\n  }\n]\n",
            "vars": null
          },
          "sensitive_attributes": []
        }
      ]
    },
    {
      "module": "module.app",
      "mode": "managed",
      "type": "aws_ecs_task_definition",
      "name": "task_definition",
      "provider": "provider[\"registry.terraform.io/hashicorp/aws\"]",
      "instances": [
        {
          "schema_version": 1,
          "attributes": {
            "arn": "arn:aws:ecs:us-east-1:580741598336:task-definition/openapi-task-defination:1",
            "container_definitions": "[{\"command\":[],\"cpu\":10,\"entryPoint\":[],\"environment\":[],\"essential\":true,\"image\":\"nginx:latest\",\"links\":[],\"logConfiguration\":{\"logDriver\":\"awslogs\",\"options\":{\"awslogs-group\":\"openapi-devl-cw\",\"awslogs-region\":\"eu-west-1\",\"awslogs-stream-prefix\":\"ecs\"}},\"memory\":512,\"mountPoints\":[],\"name\":\"openapi-ecs-container\",\"portMappings\":[{\"containerPort\":8080,\"hostPort\":8080,\"protocol\":\"tcp\"}],\"volumesFrom\":[]}]",
            "cpu": "1024",
            "execution_role_arn": "",
            "family": "openapi-task-defination",
            "id": "openapi-task-defination",
            "inference_accelerator": [],
            "ipc_mode": "",
            "memory": "2048",
            "network_mode": "awsvpc",
            "pid_mode": "",
            "placement_constraints": [],
            "proxy_configuration": [],
            "requires_compatibilities": [
              "EC2"
            ],
            "revision": 1,
            "tags": null,
            "tags_all": {},
            "task_role_arn": "",
            "volume": []
          },
          "sensitive_attributes": [],
          "private": "eyJzY2hlbWFfdmVyc2lvbiI6IjEifQ==",
          "dependencies": [
            "module.app.data.template_file.task_definition_json"
          ]
        }
      ]
    },
    {
      "module": "module.compute",
      "mode": "data",
      "type": "aws_availability_zones",
      "name": "pm4_client_azs",
      "provider": "provider[\"registry.terraform.io/hashicorp/aws\"]",
      "instances": [
        {
          "schema_version": 0,
          "attributes": {
            "all_availability_zones": null,
            "exclude_names": null,
            "exclude_zone_ids": null,
            "filter": null,
            "group_names": [
              "us-east-1"
            ],
            "id": "us-east-1",
            "names": [
              "us-east-1a",
              "us-east-1b",
              "us-east-1c",
              "us-east-1d",
              "us-east-1e",
              "us-east-1f"
            ],
            "state": "available",
            "zone_ids": [
              "use1-az2",
              "use1-az4",
              "use1-az6",
              "use1-az1",
              "use1-az3",
              "use1-az5"
            ]
          },
          "sensitive_attributes": []
        }
      ]
    },
    {
      "module": "module.compute",
      "mode": "managed",
      "type": "aws_acm_certificate",
      "name": "pm4_cert",
      "provider": "provider[\"registry.terraform.io/hashicorp/aws\"]",
      "instances": [
        {
          "schema_version": 0,
          "attributes": {
            "arn": "arn:aws:acm:us-east-1:580741598336:certificate/923dcbcf-6cd4-44fc-b488-0fc72f19302e",
            "certificate_authority_arn": "",
            "certificate_body": "-----BEGIN CERTIFICATE-----\nMIIDwzCCAqsCFEePc0POU/hbl67CvVbul7p9kksBMA0GCSqGSIb3DQEBCwUAMIGd\nMQswCQYDVQQGEwJSUzEPMA0GA1UECAwGU2VyYmlhMREwDwYDVQQHDAhCZWxncmFk\nZTETMBEGA1UECgwKUFJPSkVDVEJaWjETMBEGA1UECwwKUFJPSkVDVEJaWjEXMBUG\nA1UEAwwOcHJvamVjdGJ6ei5jb20xJzAlBgkqhkiG9w0BCQEWGHN0cmFoaW5qYXRh\nc2ljQGdtYWlsLmNvbTAeFw0yMTA1MTkwODMxNTJaFw0yMjA1MTkwODMxNTJaMIGd\nMQswCQYDVQQGEwJSUzEPMA0GA1UECAwGU2VyYmlhMREwDwYDVQQHDAhCZWxncmFk\nZTETMBEGA1UECgwKUFJPSkVDVEJaWjETMBEGA1UECwwKUFJPSkVDVEJaWjEXMBUG\nA1UEAwwOcHJvamVjdGJ6ei5jb20xJzAlBgkqhkiG9w0BCQEWGHN0cmFoaW5qYXRh\nc2ljQGdtYWlsLmNvbTCCASIwDQYJKoZIhvcNAQEBBQADggEPADCCAQoCggEBALxU\n1iSzX81WqyBMcwPvX3PxXgKV85GN2RxRxPp4wr/59n0RgDJLPT90NWFPkbUn2FDb\ntUE5FgWeedJlt+iA0LkWjnGXaK43+q0VI/wSOobLtoF53hu6ee6aJH+JZ0OT9f0W\nmcZevE/U+QHZKCZ3K0YVSAMJ4KbRA0gQqQa/tV0GDLpWoTPlIJrUDJ9BY8XVfksx\nW+69ztOolkQSx3E+ytAmqLYbcC/iCcA2bBUQA1XlithKCfdJEsB0Qvo9LukbU8gw\nFesiStsho/w2iTUUxKMT6B5SGFQP5Rh8ylbsf/rBxWBs9xFPR+htcowkVz/yRU4j\ndx3iFKPpxQHbstz3he8CAwEAATANBgkqhkiG9w0BAQsFAAOCAQEAjbxH8koyULWI\nmf3Ww7JqxtDi5JSxBtDSRNZt8NQn4WH/RA+uHGY4e1dMjKpXkV9UDLbhzc800HGX\nRF4VCmND46oNtztXigDfGs8ecDz1mrlwM9nFtnGj0g+mRQAtgefTBSK1fTQIZ+4/\nls0b2vbzOIVEEJajhPUP4v68LcHyPjfvuvPerbOjfuzyYV+prTtAi4+9T1/6bRKg\n1TDb0tdU/UxvsRzDFCeuUbwBXBDrSUCfUZu7GX40cpM4pbCUxnQBIT24QVb7lXBq\nBsn4VEMuAip5DPfUMVnQgWUnZuHwu+asbLLn1M/LQvLJcJGGdsv/vVgPu3PSAxjt\nLeTZ3/pIQg==\n-----END CERTIFICATE-----\n",
            "certificate_chain": null,
            "domain_name": "projectbzz.com",
            "domain_validation_options": [],
            "id": "arn:aws:acm:us-east-1:580741598336:certificate/923dcbcf-6cd4-44fc-b488-0fc72f19302e",
            "options": [
              {
                "certificate_transparency_logging_preference": "DISABLED"
              }
            ],
            "private_key": "-----BEGIN RSA PRIVATE KEY-----\nMIIEpAIBAAKCAQEAvFTWJLNfzVarIExzA+9fc/FeApXzkY3ZHFHE+njCv/n2fRGA\nMks9P3Q1YU+RtSfYUNu1QTkWBZ550mW36IDQuRaOcZdorjf6rRUj/BI6hsu2gXne\nG7p57pokf4lnQ5P1/RaZxl68T9T5AdkoJncrRhVIAwngptEDSBCpBr+1XQYMulah\nM+UgmtQMn0FjxdV+SzFb7r3O06iWRBLHcT7K0CaothtwL+IJwDZsFRADVeWK2EoJ\n90kSwHRC+j0u6RtTyDAV6yJK2yGj/DaJNRTEoxPoHlIYVA/lGHzKVux/+sHFYGz3\nEU9H6G1yjCRXP/JFTiN3HeIUo+nFAduy3PeF7wIDAQABAoIBAQCqIqX2L8mbUfF0\nUzwQUP5VWraH9Xk9g/ygFcqyT8f38FPZ9qZuSQRCv7O9fkluc1l66pDbJDwdxWXe\nSaATvdNRcewq+BJMWSvvksqYXMtcnMn6O+MH/7VJdR0FzlZoeVFfWzx+NXU/VXHC\nVrBr13pTbMRKYnD9opKpVsur2iJ4roD2ZQIrMhZfQnZs6UK0ftajhYe6kPf0K5cz\nOse75X0BOhs43AWaCDom0PSTNKkEnUBfIADMJpmqyvBPlxTppn/toK4dntXuEqmd\nntKfHnz3CvTCBdQZDtV6X1zvU6J0SIhndjvCpGgLvmmY7Q4kiwF5/OuW2CAzuri5\nYaWXHpvBAoGBAPEqJ8gbeFAoOA6fmJS031G3iaAOMencXU05dZnl/AMn4bJSNAsU\ngsHUlKDZkFMOABH0PpabMzacEf9RX/nOv6fXQeF2pEwNOMba0f+BfQmttNhnEVSE\nnehUkF4GasvkUnTVoMcSbT3ZZwUE+jVI/T1Jb+jnvwOI14XRI23vsdSPAoGBAMfq\nqpJEoLZXqt9OOz7m9e1VPyzXFAuDc+7p4+07FuESCG8JmezGdYJ2W2yQHh4T9LA0\noPTHiu6RsxZYuN3gfARFOk7E9PmvZsqzVCqVVUm5g94nmq1Ast21ssmoOW8LAs9/\neqL7tEIxEepF0omhBsbaHO2K9hjyGiLXjKzaraihAoGAP9lAVQtozBgJ111LoTtN\n0K2+AyEe9+J+1T48M3WfRhqd938qBjD0+WpVu0w+mK6hOB+pHmiSo4eogCdEOLgT\nJ9WmvJGTqArsGEHAzVu0Bgb2VUDcZrsBr4wL+MjMJ5UYe5Q/j9UCFRjk3IBX2hmr\n6jjyJwCMItxs6yHWtnl6ZGMCgYBB4iZAefl03kNjwEZqHndhtbxSLLdga/vi+pWw\n8s5Bck3xOfrOO0Eys4rBpmUmiHEVOOLqiHBS2xVoAek6xeZZCe+DUglh19pKZvsP\n5ZLr7wV0Sx0Ah9fqlRzMtHHpFHnipCJoYAcx4TYEPOp7jOPM2Mi7yBX+dpsCbILh\n3FdqwQKBgQCsQfnpJwMKIsCeF+tPSpfh8ruCe7xhWuTUrfe1w9Y99OIHYMC3NGAY\nOQADuQTFy0x0ZEYvfunXiuGwLqCG5WNcaVUkxsRMejHU/xSZCrv5j56nw4TjQCvB\nPcNN5f5B/HIto2jJDY0PmftZr24ZNJ8GDAceMrs8x/5BNBnK5wS3hg==\n-----END RSA PRIVATE KEY-----\n",
            "status": "ISSUED",
            "subject_alternative_names": [],
            "tags": null,
            "tags_all": {},
            "validation_emails": [],
            "validation_method": "NONE"
          },
          "sensitive_attributes": [],
          "private": "bnVsbA=="
        }
      ]
    },
    {
      "module": "module.compute",
      "mode": "managed",
      "type": "aws_autoscaling_group",
      "name": "ecs_asg",
      "provider": "provider[\"registry.terraform.io/hashicorp/aws\"]",
      "instances": [
        {
          "schema_version": 0,
          "attributes": {
            "arn": "arn:aws:autoscaling:us-east-1:580741598336:autoScalingGroup:a4ec8caa-38a1-4b26-b7a1-855e659ab1d8:autoScalingGroupName/PM4-example-ECS-WEB-ASG",
            "availability_zones": [
              "us-east-1a",
              "us-east-1b"
            ],
            "capacity_rebalance": false,
            "default_cooldown": 300,
            "desired_capacity": 2,
            "enabled_metrics": null,
            "force_delete": false,
            "force_delete_warm_pool": false,
            "health_check_grace_period": 300,
            "health_check_type": "EC2",
            "id": "PM4-example-ECS-WEB-ASG",
            "initial_lifecycle_hook": [],
            "instance_refresh": [],
            "launch_configuration": "PM4-example-ECS-Web",
            "launch_template": [],
            "load_balancers": null,
            "max_instance_lifetime": 0,
            "max_size": 4,
            "metrics_granularity": "1Minute",
            "min_elb_capacity": null,
            "min_size": 2,
            "mixed_instances_policy": [],
            "name": "PM4-example-ECS-WEB-ASG",
            "name_prefix": null,
            "placement_group": "",
            "protect_from_scale_in": false,
            "service_linked_role_arn": "arn:aws:iam::580741598336:role/aws-service-role/autoscaling.amazonaws.com/AWSServiceRoleForAutoScaling",
            "suspended_processes": null,
            "tag": [
              {
                "key": "AmazonECSManaged",
                "propagate_at_launch": true,
                "value": ""
              }
            ],
            "tags": null,
            "target_group_arns": null,
            "termination_policies": null,
            "timeouts": null,
            "vpc_zone_identifier": [
              "subnet-07e9a1a9fc8b6a349",
              "subnet-08c42a7b9d1e1740a"
            ],
            "wait_for_capacity_timeout": "10m",
            "wait_for_elb_capacity": null,
            "warm_pool": []
          },
          "sensitive_attributes": [],
          "private": "eyJlMmJmYjczMC1lY2FhLTExZTYtOGY4OC0zNDM2M2JjN2M0YzAiOnsiZGVsZXRlIjo2MDAwMDAwMDAwMDB9fQ==",
          "dependencies": [
            "module.compute.aws_iam_instance_profile.ecs_ec2_role",
            "module.compute.aws_iam_role.ecs_ec2_role",
            "module.compute.aws_key_pair.pm4_nat_key",
            "module.compute.aws_launch_configuration.ecs_lc",
            "module.compute.aws_security_group.pm4_web_sg",
            "module.compute.aws_subnet.pm4_web_a",
            "module.compute.aws_subnet.pm4_web_b",
            "module.compute.aws_vpc.pm4_client_vpc",
            "module.compute.data.aws_availability_zones.pm4_client_azs"
          ],
          "create_before_destroy": true
        }
      ]
    },
    {
      "module": "module.compute",
      "mode": "managed",
      "type": "aws_autoscaling_group",
      "name": "workers_asg",
      "provider": "provider[\"registry.terraform.io/hashicorp/aws\"]",
      "instances": [
        {
          "schema_version": 0,
          "attributes": {
            "arn": "arn:aws:autoscaling:us-east-1:580741598336:autoScalingGroup:5837bf60-5477-403f-ba29-a3345ea70a85:autoScalingGroupName/PM4-example-Workers",
            "availability_zones": [
              "us-east-1a",
              "us-east-1b"
            ],
            "capacity_rebalance": false,
            "default_cooldown": 300,
            "desired_capacity": 2,
            "enabled_metrics": null,
            "force_delete": false,
            "force_delete_warm_pool": false,
            "health_check_grace_period": 300,
            "health_check_type": "EC2",
            "id": "PM4-example-Workers",
            "initial_lifecycle_hook": [],
            "instance_refresh": [],
            "launch_configuration": "PM4-example-Workers",
            "launch_template": [],
            "load_balancers": null,
            "max_instance_lifetime": 0,
            "max_size": 4,
            "metrics_granularity": "1Minute",
            "min_elb_capacity": null,
            "min_size": 2,
            "mixed_instances_policy": [],
            "name": "PM4-example-Workers",
            "name_prefix": null,
            "placement_group": "",
            "protect_from_scale_in": false,
            "service_linked_role_arn": "arn:aws:iam::580741598336:role/aws-service-role/autoscaling.amazonaws.com/AWSServiceRoleForAutoScaling",
            "suspended_processes": null,
            "tag": [],
            "tags": null,
            "target_group_arns": null,
            "termination_policies": null,
            "timeouts": null,
            "vpc_zone_identifier": [
              "subnet-0be149c20f8d825aa",
              "subnet-0d7c3a3880003d6e6"
            ],
            "wait_for_capacity_timeout": "10m",
            "wait_for_elb_capacity": null,
            "warm_pool": []
          },
          "sensitive_attributes": [],
          "private": "eyJlMmJmYjczMC1lY2FhLTExZTYtOGY4OC0zNDM2M2JjN2M0YzAiOnsiZGVsZXRlIjo2MDAwMDAwMDAwMDB9fQ==",
          "dependencies": [
            "module.compute.aws_key_pair.pm4_nat_key",
            "module.compute.aws_launch_configuration.workers_lc",
            "module.compute.aws_security_group.pm4_tasks_sg",
            "module.compute.aws_subnet.pm4_tasks_a",
            "module.compute.aws_subnet.pm4_tasks_b",
            "module.compute.aws_vpc.pm4_client_vpc",
            "module.compute.data.aws_availability_zones.pm4_client_azs"
          ],
          "create_before_destroy": true
        }
      ]
    },
    {
      "module": "module.compute",
      "mode": "managed",
      "type": "aws_ecs_cluster",
      "name": "pm4_ecs_cluster",
      "provider": "provider[\"registry.terraform.io/hashicorp/aws\"]",
      "instances": [
        {
          "schema_version": 0,
          "attributes": {
            "arn": "arn:aws:ecs:us-east-1:580741598336:cluster/PM4-example-ECS",
            "capacity_providers": null,
            "default_capacity_provider_strategy": [],
            "id": "arn:aws:ecs:us-east-1:580741598336:cluster/PM4-example-ECS",
            "name": "PM4-example-ECS",
            "setting": [
              {
                "name": "containerInsights",
                "value": "disabled"
              }
            ],
            "tags": null,
            "tags_all": {}
          },
          "sensitive_attributes": [],
          "private": "bnVsbA=="
        }
      ]
    },
    {
      "module": "module.compute",
      "mode": "managed",
      "type": "aws_efs_file_system",
      "name": "fs_efs",
      "provider": "provider[\"registry.terraform.io/hashicorp/aws\"]",
      "instances": [
        {
          "schema_version": 0,
          "attributes": {
            "arn": "arn:aws:elasticfilesystem:us-east-1:580741598336:file-system/fs-00258fb4",
            "availability_zone_id": "",
            "availability_zone_name": "",
            "creation_token": "efs-file-system",
            "dns_name": "fs-00258fb4.efs.us-east-1.amazonaws.com",
            "encrypted": false,
            "id": "fs-00258fb4",
            "kms_key_id": "",
            "lifecycle_policy": [],
            "number_of_mount_targets": 0,
            "owner_id": "580741598336",
            "performance_mode": "generalPurpose",
            "provisioned_throughput_in_mibps": 0,
            "size_in_bytes": [
              {
                "value": 6144,
                "value_in_ia": 0,
                "value_in_standard": 6144
              }
            ],
            "tags": {
              "Name": "PM4-example-EFS"
            },
            "tags_all": {
              "Name": "PM4-example-EFS"
            },
            "throughput_mode": "bursting"
          },
          "sensitive_attributes": [],
          "private": "bnVsbA=="
        }
      ]
    },
    {
      "module": "module.compute",
      "mode": "managed",
      "type": "aws_efs_mount_target",
      "name": "fs_efs_mount_a",
      "provider": "provider[\"registry.terraform.io/hashicorp/aws\"]",
      "instances": [
        {
          "schema_version": 0,
          "attributes": {
            "availability_zone_id": "use1-az2",
            "availability_zone_name": "us-east-1a",
            "dns_name": "fs-00258fb4.efs.us-east-1.amazonaws.com",
            "file_system_arn": "arn:aws:elasticfilesystem:us-east-1:580741598336:file-system/fs-00258fb4",
            "file_system_id": "fs-00258fb4",
            "id": "fsmt-26b80993",
            "ip_address": "10.0.5.101",
            "mount_target_dns_name": "us-east-1a.fs-00258fb4.efs.us-east-1.amazonaws.com",
            "network_interface_id": "eni-063ce78cb98c3a1e5",
            "owner_id": "580741598336",
            "security_groups": [
              "sg-05bcc1948cad2aee3"
            ],
            "subnet_id": "subnet-0af4a44dc5a4804e4"
          },
          "sensitive_attributes": [],
          "private": "bnVsbA==",
          "dependencies": [
            "module.compute.aws_efs_file_system.fs_efs",
            "module.compute.aws_security_group.pm4_efs_sg",
            "module.compute.aws_security_group.pm4_tasks_sg",
            "module.compute.aws_security_group.pm4_web_sg",
            "module.compute.aws_subnet.pm4_efs_a",
            "module.compute.aws_vpc.pm4_client_vpc",
            "module.compute.data.aws_availability_zones.pm4_client_azs"
          ]
        }
      ]
    },
    {
      "module": "module.compute",
      "mode": "managed",
      "type": "aws_efs_mount_target",
      "name": "fs_efs_mount_b",
      "provider": "provider[\"registry.terraform.io/hashicorp/aws\"]",
      "instances": [
        {
          "schema_version": 0,
          "attributes": {
            "availability_zone_id": "use1-az4",
            "availability_zone_name": "us-east-1b",
            "dns_name": "fs-00258fb4.efs.us-east-1.amazonaws.com",
            "file_system_arn": "arn:aws:elasticfilesystem:us-east-1:580741598336:file-system/fs-00258fb4",
            "file_system_id": "fs-00258fb4",
            "id": "fsmt-21b80994",
            "ip_address": "10.0.6.28",
            "mount_target_dns_name": "us-east-1b.fs-00258fb4.efs.us-east-1.amazonaws.com",
            "network_interface_id": "eni-0085c0543115c7033",
            "owner_id": "580741598336",
            "security_groups": [
              "sg-05bcc1948cad2aee3"
            ],
            "subnet_id": "subnet-038b2a60929bb7ade"
          },
          "sensitive_attributes": [],
          "private": "bnVsbA==",
          "dependencies": [
            "module.compute.aws_efs_file_system.fs_efs",
            "module.compute.aws_security_group.pm4_efs_sg",
            "module.compute.aws_security_group.pm4_tasks_sg",
            "module.compute.aws_security_group.pm4_web_sg",
            "module.compute.aws_subnet.pm4_efs_b",
            "module.compute.aws_vpc.pm4_client_vpc",
            "module.compute.data.aws_availability_zones.pm4_client_azs"
          ]
        }
      ]
    },
    {
      "module": "module.compute",
      "mode": "managed",
      "type": "aws_eip",
      "name": "nat_eip_a",
      "provider": "provider[\"registry.terraform.io/hashicorp/aws\"]",
      "instances": [
        {
          "schema_version": 0,
          "attributes": {
            "address": null,
            "allocation_id": null,
            "associate_with_private_ip": null,
            "association_id": "eipassoc-0f770ae59ec58d12e",
            "carrier_ip": "",
            "customer_owned_ip": "",
            "customer_owned_ipv4_pool": "",
            "domain": "vpc",
            "id": "eipalloc-0be11d133a01858ba",
            "instance": "",
            "network_border_group": "us-east-1",
            "network_interface": "eni-06817e23d81338e5f",
            "private_dns": "ip-10-0-1-61.ec2.internal",
            "private_ip": "10.0.1.61",
            "public_dns": "ec2-52-207-6-245.compute-1.amazonaws.com",
            "public_ip": "52.207.6.245",
            "public_ipv4_pool": "amazon",
            "tags": null,
            "tags_all": {},
            "timeouts": null,
            "vpc": true
          },
          "sensitive_attributes": [],
          "private": "eyJlMmJmYjczMC1lY2FhLTExZTYtOGY4OC0zNDM2M2JjN2M0YzAiOnsiZGVsZXRlIjoxODAwMDAwMDAwMDAsInJlYWQiOjkwMDAwMDAwMDAwMCwidXBkYXRlIjozMDAwMDAwMDAwMDB9fQ==",
          "dependencies": [
            "module.compute.aws_network_interface.pm4_nat_interface_a",
            "module.compute.aws_subnet.pm4_dmz_a",
            "module.compute.aws_vpc.pm4_client_vpc",
            "module.compute.data.aws_availability_zones.pm4_client_azs"
          ]
        }
      ]
    },
    {
      "module": "module.compute",
      "mode": "managed",
      "type": "aws_eip",
      "name": "nat_eip_b",
      "provider": "provider[\"registry.terraform.io/hashicorp/aws\"]",
      "instances": [
        {
          "schema_version": 0,
          "attributes": {
            "address": null,
            "allocation_id": null,
            "associate_with_private_ip": null,
            "association_id": "eipassoc-05379d91807a7ccf7",
            "carrier_ip": "",
            "customer_owned_ip": "",
            "customer_owned_ipv4_pool": "",
            "domain": "vpc",
            "id": "eipalloc-0587540f07a9abd9c",
            "instance": "",
            "network_border_group": "us-east-1",
            "network_interface": "eni-0741f4054d51266b0",
            "private_dns": "ip-10-0-2-91.ec2.internal",
            "private_ip": "10.0.2.91",
            "public_dns": "ec2-34-207-40-121.compute-1.amazonaws.com",
            "public_ip": "34.207.40.121",
            "public_ipv4_pool": "amazon",
            "tags": null,
            "tags_all": {},
            "timeouts": null,
            "vpc": true
          },
          "sensitive_attributes": [],
          "private": "eyJlMmJmYjczMC1lY2FhLTExZTYtOGY4OC0zNDM2M2JjN2M0YzAiOnsiZGVsZXRlIjoxODAwMDAwMDAwMDAsInJlYWQiOjkwMDAwMDAwMDAwMCwidXBkYXRlIjozMDAwMDAwMDAwMDB9fQ==",
          "dependencies": [
            "module.compute.aws_network_interface.pm4_nat_interface_b",
            "module.compute.aws_subnet.pm4_dmz_b",
            "module.compute.aws_vpc.pm4_client_vpc",
            "module.compute.data.aws_availability_zones.pm4_client_azs"
          ]
        }
      ]
    },
    {
      "module": "module.compute",
      "mode": "managed",
      "type": "aws_iam_instance_profile",
      "name": "ecs_ec2_role",
      "provider": "provider[\"registry.terraform.io/hashicorp/aws\"]",
      "instances": [
        {
          "schema_version": 0,
          "attributes": {
            "arn": "arn:aws:iam::580741598336:instance-profile/PM4-example-ecs-Role",
            "create_date": "2021-05-19T19:21:23Z",
            "id": "PM4-example-ecs-Role",
            "name": "PM4-example-ecs-Role",
            "name_prefix": null,
            "path": "/",
            "role": "ecsInstanceRole",
            "tags": null,
            "tags_all": {},
            "unique_id": "AIPAYONXFRSAHSBZLQYG2"
          },
          "sensitive_attributes": [],
          "private": "bnVsbA==",
          "dependencies": [
            "module.compute.aws_iam_role.ecs_ec2_role"
          ],
          "create_before_destroy": true
        }
      ]
    },
    {
      "module": "module.compute",
      "mode": "managed",
      "type": "aws_iam_role",
      "name": "ecs_ec2_role",
      "provider": "provider[\"registry.terraform.io/hashicorp/aws\"]",
      "instances": [
        {
          "schema_version": 0,
          "attributes": {
            "arn": "arn:aws:iam::580741598336:role/ecsInstanceRole",
            "assume_role_policy": "{\"Version\":\"2012-10-17\",\"Statement\":[{\"Sid\":\"\",\"Effect\":\"Allow\",\"Principal\":{\"Service\":\"ec2.amazonaws.com\"},\"Action\":\"sts:AssumeRole\"}]}",
            "create_date": "2021-05-19T19:21:21Z",
            "description": "",
            "force_detach_policies": false,
            "id": "ecsInstanceRole",
            "inline_policy": [
              {
                "name": "",
                "policy": ""
              }
            ],
            "managed_policy_arns": [],
            "max_session_duration": 3600,
            "name": "ecsInstanceRole",
            "name_prefix": null,
            "path": "/",
            "permissions_boundary": null,
            "tags": {
              "Name": "PM4-example-ecsInstanceRole"
            },
            "tags_all": {
              "Name": "PM4-example-ecsInstanceRole"
            },
            "unique_id": "AROAYONXFRSAGWQDGN6CT"
          },
          "sensitive_attributes": [],
          "private": "bnVsbA==",
          "create_before_destroy": true
        }
      ]
    },
    {
      "module": "module.compute",
      "mode": "managed",
      "type": "aws_iam_role_policy",
      "name": "ecs_ec2_role_policy",
      "provider": "provider[\"registry.terraform.io/hashicorp/aws\"]",
      "instances": [
        {
          "schema_version": 0,
          "attributes": {
            "id": "ecsInstanceRole:PM4-example-ecsInstanceRole-Policy",
            "name": "PM4-example-ecsInstanceRole-Policy",
            "name_prefix": null,
            "policy": "{\n    \"Version\": \"2012-10-17\",\n    \"Statement\": [\n        {\n            \"Effect\": \"Allow\",\n            \"Action\": [\n              \"ecs:CreateCluster\",\n              \"ecs:DeregisterContainerInstance\",\n              \"ecs:DiscoverPollEndpoint\",\n              \"ecs:Poll\",\n              \"ecs:RegisterContainerInstance\",\n              \"ecs:StartTelemetrySession\",\n              \"ecs:Submit*\",\n              \"ecs:StartTask\",\n              \"ecr:GetAuthorizationToken\",\n              \"ecr:BatchCheckLayerAvailability\",\n              \"ecr:GetDownloadUrlForLayer\",\n              \"ecr:BatchGetImage\",\n              \"logs:CreateLogStream\",\n              \"logs:PutLogEvents\"\n            ],\n            \"Resource\": \"*\"\n        },\n        {\n            \"Effect\": \"Allow\",\n            \"Action\": [\n                \"logs:CreateLogGroup\",\n                \"logs:CreateLogStream\",\n                \"logs:PutLogEvents\",\n                \"logs:DescribeLogStreams\"\n            ],\n            \"Resource\": [\n                \"arn:aws:logs:*:*:*\"\n            ]\n        }\n    ]\n}\n",
            "role": "ecsInstanceRole"
          },
          "sensitive_attributes": [],
          "private": "bnVsbA==",
          "dependencies": [
            "module.compute.aws_iam_role.ecs_ec2_role"
          ]
        }
      ]
    },
    {
      "module": "module.compute",
      "mode": "managed",
      "type": "aws_instance",
      "name": "pm4_nat_instance_a",
      "provider": "provider[\"registry.terraform.io/hashicorp/aws\"]",
      "instances": [
        {
          "schema_version": 1,
          "attributes": {
            "ami": "ami-00a9d4a05375b2763",
            "arn": "arn:aws:ec2:us-east-1:580741598336:instance/i-01398620e0551580a",
            "associate_public_ip_address": true,
            "availability_zone": "us-east-1a",
            "cpu_core_count": 1,
            "cpu_threads_per_core": 2,
            "credit_specification": [
              {
                "cpu_credits": "unlimited"
              }
            ],
            "disable_api_termination": false,
            "ebs_block_device": [],
            "ebs_optimized": false,
            "enclave_options": [
              {
                "enabled": false
              }
            ],
            "ephemeral_block_device": [],
            "get_password_data": false,
            "hibernation": false,
            "host_id": null,
            "iam_instance_profile": "",
            "id": "i-01398620e0551580a",
            "instance_initiated_shutdown_behavior": "stop",
            "instance_state": "running",
            "instance_type": "t3.medium",
            "ipv6_address_count": 0,
            "ipv6_addresses": [],
            "key_name": "pm4_nat_key",
            "metadata_options": [
              {
                "http_endpoint": "enabled",
                "http_put_response_hop_limit": 1,
                "http_tokens": "optional"
              }
            ],
            "monitoring": false,
            "network_interface": [
              {
                "delete_on_termination": false,
                "device_index": 0,
                "network_interface_id": "eni-06817e23d81338e5f"
              }
            ],
            "outpost_arn": "",
            "password_data": "",
            "placement_group": "",
            "primary_network_interface_id": "eni-06817e23d81338e5f",
            "private_dns": "ip-10-0-1-61.ec2.internal",
            "private_ip": "10.0.1.61",
            "public_dns": "ec2-52-207-6-245.compute-1.amazonaws.com",
            "public_ip": "52.207.6.245",
            "root_block_device": [
              {
                "delete_on_termination": true,
                "device_name": "/dev/xvda",
                "encrypted": false,
                "iops": 0,
                "kms_key_id": "",
                "tags": {},
                "throughput": 0,
                "volume_id": "vol-03a522e9614d9a5dd",
                "volume_size": 8,
                "volume_type": "standard"
              }
            ],
            "secondary_private_ips": [],
            "security_groups": [],
            "source_dest_check": false,
            "subnet_id": "subnet-01fbe0e5a09971b1a",
            "tags": {
              "Name": "PM4-example-NAT-Instance-A"
            },
            "tags_all": {
              "Name": "PM4-example-NAT-Instance-A"
            },
            "tenancy": "default",
            "timeouts": null,
            "user_data": null,
            "user_data_base64": null,
            "volume_tags": null,
            "vpc_security_group_ids": [
              "sg-079007c7f095e7845"
            ]
          },
          "sensitive_attributes": [],
          "private": "eyJlMmJmYjczMC1lY2FhLTExZTYtOGY4OC0zNDM2M2JjN2M0YzAiOnsiY3JlYXRlIjo2MDAwMDAwMDAwMDAsImRlbGV0ZSI6MTIwMDAwMDAwMDAwMCwidXBkYXRlIjo2MDAwMDAwMDAwMDB9LCJzY2hlbWFfdmVyc2lvbiI6IjEifQ==",
          "dependencies": [
            "module.compute.aws_key_pair.pm4_nat_key",
            "module.compute.aws_network_interface.pm4_nat_interface_a",
            "module.compute.aws_subnet.pm4_dmz_a",
            "module.compute.aws_vpc.pm4_client_vpc",
            "module.compute.data.aws_availability_zones.pm4_client_azs"
          ]
        }
      ]
    },
    {
      "module": "module.compute",
      "mode": "managed",
      "type": "aws_instance",
      "name": "pm4_nat_instance_b",
      "provider": "provider[\"registry.terraform.io/hashicorp/aws\"]",
      "instances": [
        {
          "schema_version": 1,
          "attributes": {
            "ami": "ami-00a9d4a05375b2763",
            "arn": "arn:aws:ec2:us-east-1:580741598336:instance/i-0882a376841f64514",
            "associate_public_ip_address": true,
            "availability_zone": "us-east-1b",
            "cpu_core_count": 1,
            "cpu_threads_per_core": 2,
            "credit_specification": [
              {
                "cpu_credits": "unlimited"
              }
            ],
            "disable_api_termination": false,
            "ebs_block_device": [],
            "ebs_optimized": false,
            "enclave_options": [
              {
                "enabled": false
              }
            ],
            "ephemeral_block_device": [],
            "get_password_data": false,
            "hibernation": false,
            "host_id": null,
            "iam_instance_profile": "",
            "id": "i-0882a376841f64514",
            "instance_initiated_shutdown_behavior": "stop",
            "instance_state": "running",
            "instance_type": "t3.medium",
            "ipv6_address_count": 0,
            "ipv6_addresses": [],
            "key_name": "pm4_nat_key",
            "metadata_options": [
              {
                "http_endpoint": "enabled",
                "http_put_response_hop_limit": 1,
                "http_tokens": "optional"
              }
            ],
            "monitoring": false,
            "network_interface": [
              {
                "delete_on_termination": false,
                "device_index": 0,
                "network_interface_id": "eni-0741f4054d51266b0"
              }
            ],
            "outpost_arn": "",
            "password_data": "",
            "placement_group": "",
            "primary_network_interface_id": "eni-0741f4054d51266b0",
            "private_dns": "ip-10-0-2-91.ec2.internal",
            "private_ip": "10.0.2.91",
            "public_dns": "ec2-34-207-40-121.compute-1.amazonaws.com",
            "public_ip": "34.207.40.121",
            "root_block_device": [
              {
                "delete_on_termination": true,
                "device_name": "/dev/xvda",
                "encrypted": false,
                "iops": 0,
                "kms_key_id": "",
                "tags": {},
                "throughput": 0,
                "volume_id": "vol-06e608ed0a346fc0c",
                "volume_size": 8,
                "volume_type": "standard"
              }
            ],
            "secondary_private_ips": [],
            "security_groups": [],
            "source_dest_check": false,
            "subnet_id": "subnet-05873ead6d3fceeb7",
            "tags": {
              "Name": "PM4-example-NAT-Instance-A"
            },
            "tags_all": {
              "Name": "PM4-example-NAT-Instance-A"
            },
            "tenancy": "default",
            "timeouts": null,
            "user_data": null,
            "user_data_base64": null,
            "volume_tags": null,
            "vpc_security_group_ids": [
              "sg-079007c7f095e7845"
            ]
          },
          "sensitive_attributes": [],
          "private": "eyJlMmJmYjczMC1lY2FhLTExZTYtOGY4OC0zNDM2M2JjN2M0YzAiOnsiY3JlYXRlIjo2MDAwMDAwMDAwMDAsImRlbGV0ZSI6MTIwMDAwMDAwMDAwMCwidXBkYXRlIjo2MDAwMDAwMDAwMDB9LCJzY2hlbWFfdmVyc2lvbiI6IjEifQ==",
          "dependencies": [
            "module.compute.aws_network_interface.pm4_nat_interface_b",
            "module.compute.aws_subnet.pm4_dmz_b",
            "module.compute.aws_vpc.pm4_client_vpc",
            "module.compute.data.aws_availability_zones.pm4_client_azs"
          ]
        }
      ]
    },
    {
      "module": "module.compute",
      "mode": "managed",
      "type": "aws_internet_gateway",
      "name": "pm4_client_igw",
      "provider": "provider[\"registry.terraform.io/hashicorp/aws\"]",
      "instances": [
        {
          "schema_version": 0,
          "attributes": {
            "arn": "arn:aws:ec2:us-east-1:580741598336:internet-gateway/igw-062131f4d5ee31a86",
            "id": "igw-062131f4d5ee31a86",
            "owner_id": "580741598336",
            "tags": {
              "Name": "PM4-example-IGW"
            },
            "tags_all": {
              "Name": "PM4-example-IGW"
            },
            "vpc_id": "vpc-09dc4f72e538d074c"
          },
          "sensitive_attributes": [],
          "private": "bnVsbA==",
          "dependencies": [
            "module.compute.aws_vpc.pm4_client_vpc"
          ]
        }
      ]
    },
    {
      "module": "module.compute",
      "mode": "managed",
      "type": "aws_key_pair",
      "name": "pm4_nat_key",
      "provider": "provider[\"registry.terraform.io/hashicorp/aws\"]",
      "instances": [
        {
          "schema_version": 1,
          "attributes": {
            "arn": "arn:aws:ec2:us-east-1:580741598336:key-pair/pm4_nat_key",
            "fingerprint": "c5:f7:a1:58:bd:a9:ad:72:66:9d:98:6b:8a:ea:de:05",
            "id": "pm4_nat_key",
            "key_name": "pm4_nat_key",
            "key_name_prefix": null,
            "key_pair_id": "key-0eab4344ffc14c380",
            "public_key": "ssh-rsa AAAAB3NzaC1yc2EAAAADAQABAAABgQDJ43kXcr+Wn9IbUoIAJgmgIDCC+xb69nM4w/Zz4PkRDFlBwGRzS5ZnOdvh1JznqVAGrwGsGQ4ydMpvsmvnuot2G6qRSvK3mz7KSGyEkomXI3lz8AKlmSS8U5GOgP0DYHKtfOVfqGYRUSW5hrWogBY+aJb1d8SGtJOe8Qpaw2rAGT4ZjqZKZqSY3dCa/nwxN6C2ymwbHj5ieSTRGD9PUHsD3gGRHDV7Dgwxyh/AlQZFgcBg/FQf8l/gj1QqiPRC3k+kWNmcKwiM48fuSwj7v2bUNCo5nSE5maQuNymqEl02BauPLFlY3OE24QWoFyxI4ehzdgNmzWJRvs/UwoXUJlxzjLX7UVw6YuH3QKQv7ksSAXHxabpen+NU61JIQVfptFIuaH17xuHuSXkdPuxvCNwDvrzosIONK3VtTwzJe2f4A28W8GaYlIxweV919mgK1U3/0StdYystKUbuVoRkisSSPNuVz9NWjMlQYQdwjEdPFYXzahGmOw6pF86mNvkaM/E= root@linuxws",
            "tags": {
              "Name": "PM4-example-NAT-Key"
            },
            "tags_all": {
              "Name": "PM4-example-NAT-Key"
            }
          },
          "sensitive_attributes": [],
          "private": "eyJzY2hlbWFfdmVyc2lvbiI6IjEifQ==",
          "create_before_destroy": true
        }
      ]
    },
    {
      "module": "module.compute",
      "mode": "managed",
      "type": "aws_launch_configuration",
      "name": "ecs_lc",
      "provider": "provider[\"registry.terraform.io/hashicorp/aws\"]",
      "instances": [
        {
          "schema_version": 0,
          "attributes": {
            "arn": "arn:aws:autoscaling:us-east-1:580741598336:launchConfiguration:8fa251a2-c986-42f6-8d60-756fd2c39777:launchConfigurationName/PM4-example-ECS-Web",
            "associate_public_ip_address": false,
            "ebs_block_device": [],
            "ebs_optimized": false,
            "enable_monitoring": true,
            "ephemeral_block_device": [],
            "iam_instance_profile": "PM4-example-ecs-Role",
            "id": "PM4-example-ECS-Web",
            "image_id": "ami-0ae3143bc8c29507d",
            "instance_type": "t3.medium",
            "key_name": "pm4_nat_key",
            "metadata_options": [],
            "name": "PM4-example-ECS-Web",
            "name_prefix": null,
            "placement_tenancy": null,
            "root_block_device": [],
            "security_groups": [
              "sg-0ec5fe60ccbcef236"
            ],
            "spot_price": "",
            "user_data": "e16954b56687f6f41926ce572aa71fd252959128",
            "user_data_base64": null,
            "vpc_classic_link_id": "",
            "vpc_classic_link_security_groups": null
          },
          "sensitive_attributes": [],
          "private": "bnVsbA==",
          "dependencies": [
            "module.compute.aws_iam_instance_profile.ecs_ec2_role",
            "module.compute.aws_iam_role.ecs_ec2_role",
            "module.compute.aws_key_pair.pm4_nat_key",
            "module.compute.aws_security_group.pm4_web_sg",
            "module.compute.aws_vpc.pm4_client_vpc"
          ],
          "create_before_destroy": true
        }
      ]
    },
    {
      "module": "module.compute",
      "mode": "managed",
      "type": "aws_launch_configuration",
      "name": "workers_lc",
      "provider": "provider[\"registry.terraform.io/hashicorp/aws\"]",
      "instances": [
        {
          "schema_version": 0,
          "attributes": {
            "arn": "arn:aws:autoscaling:us-east-1:580741598336:launchConfiguration:075df154-b5f4-4bed-bbbf-f2c37d45a7b4:launchConfigurationName/PM4-example-Workers",
            "associate_public_ip_address": false,
            "ebs_block_device": [],
            "ebs_optimized": false,
            "enable_monitoring": true,
            "ephemeral_block_device": [],
            "iam_instance_profile": "",
            "id": "PM4-example-Workers",
            "image_id": "ami-0742b4e673072066f",
            "instance_type": "t3.medium",
            "key_name": "pm4_nat_key",
            "metadata_options": [],
            "name": "PM4-example-Workers",
            "name_prefix": null,
            "placement_tenancy": null,
            "root_block_device": [],
            "security_groups": [
              "sg-03f3e971e28f2408f"
            ],
            "spot_price": "",
            "user_data": null,
            "user_data_base64": null,
            "vpc_classic_link_id": "",
            "vpc_classic_link_security_groups": null
          },
          "sensitive_attributes": [],
          "private": "bnVsbA==",
          "dependencies": [
            "module.compute.aws_key_pair.pm4_nat_key",
            "module.compute.aws_security_group.pm4_tasks_sg",
            "module.compute.aws_vpc.pm4_client_vpc"
          ],
          "create_before_destroy": true
        }
      ]
    },
    {
      "module": "module.compute",
      "mode": "managed",
      "type": "aws_lb",
      "name": "pm4_alb",
      "provider": "provider[\"registry.terraform.io/hashicorp/aws\"]",
      "instances": [
        {
          "schema_version": 0,
          "attributes": {
            "access_logs": [
              {
                "bucket": "",
                "enabled": false,
                "prefix": ""
              }
            ],
            "arn": "arn:aws:elasticloadbalancing:us-east-1:580741598336:loadbalancer/app/PM4-example-ALB/989bcdbb14d5b37d",
            "arn_suffix": "app/PM4-example-ALB/989bcdbb14d5b37d",
            "customer_owned_ipv4_pool": "",
            "dns_name": "PM4-example-ALB-429265326.us-east-1.elb.amazonaws.com",
            "drop_invalid_header_fields": false,
            "enable_cross_zone_load_balancing": null,
            "enable_deletion_protection": true,
            "enable_http2": true,
            "id": "arn:aws:elasticloadbalancing:us-east-1:580741598336:loadbalancer/app/PM4-example-ALB/989bcdbb14d5b37d",
            "idle_timeout": 60,
            "internal": false,
            "ip_address_type": "ipv4",
            "load_balancer_type": "application",
            "name": "PM4-example-ALB",
            "name_prefix": null,
            "security_groups": [
              "sg-04819a580906ebc5f"
            ],
            "subnet_mapping": [
              {
                "allocation_id": "",
                "ipv6_address": "",
                "outpost_id": "",
                "private_ipv4_address": "",
                "subnet_id": "subnet-080dc98675d8cc66e"
              },
              {
                "allocation_id": "",
                "ipv6_address": "",
                "outpost_id": "",
                "private_ipv4_address": "",
                "subnet_id": "subnet-0fef3f2292d25f0f2"
              }
            ],
            "subnets": [
              "subnet-080dc98675d8cc66e",
              "subnet-0fef3f2292d25f0f2"
            ],
            "tags": {
              "Name": "PM4-example-ALB"
            },
            "tags_all": {
              "Name": "PM4-example-ALB"
            },
            "timeouts": null,
            "vpc_id": "vpc-09dc4f72e538d074c",
            "zone_id": "Z35SXDOTRQ7X7K"
          },
          "sensitive_attributes": [],
          "private": "eyJlMmJmYjczMC1lY2FhLTExZTYtOGY4OC0zNDM2M2JjN2M0YzAiOnsiY3JlYXRlIjo2MDAwMDAwMDAwMDAsImRlbGV0ZSI6NjAwMDAwMDAwMDAwLCJ1cGRhdGUiOjYwMDAwMDAwMDAwMH19",
          "dependencies": [
            "module.compute.aws_security_group.pm4_alb_sg",
            "module.compute.aws_subnet.pm4_alb_a",
            "module.compute.aws_subnet.pm4_alb_b",
            "module.compute.aws_vpc.pm4_client_vpc",
            "module.compute.data.aws_availability_zones.pm4_client_azs"
          ]
        }
      ]
    },
    {
      "module": "module.compute",
      "mode": "managed",
      "type": "aws_lb_listener",
      "name": "pm4_secure_listener",
      "provider": "provider[\"registry.terraform.io/hashicorp/aws\"]",
      "instances": [
        {
          "schema_version": 0,
          "attributes": {
            "alpn_policy": null,
            "arn": "arn:aws:elasticloadbalancing:us-east-1:580741598336:listener/app/PM4-example-ALB/989bcdbb14d5b37d/79306033503bcd18",
            "certificate_arn": "arn:aws:acm:us-east-1:580741598336:certificate/923dcbcf-6cd4-44fc-b488-0fc72f19302e",
            "default_action": [
              {
                "authenticate_cognito": [],
                "authenticate_oidc": [],
                "fixed_response": [],
                "forward": [],
                "order": 1,
                "redirect": [
                  {
                    "host": "google.com",
                    "path": "/#{path}",
                    "port": "#{port}",
                    "protocol": "#{protocol}",
                    "query": "#{query}",
                    "status_code": "HTTP_301"
                  }
                ],
                "target_group_arn": "",
                "type": "redirect"
              }
            ],
            "id": "arn:aws:elasticloadbalancing:us-east-1:580741598336:listener/app/PM4-example-ALB/989bcdbb14d5b37d/79306033503bcd18",
            "load_balancer_arn": "arn:aws:elasticloadbalancing:us-east-1:580741598336:loadbalancer/app/PM4-example-ALB/989bcdbb14d5b37d",
            "port": 443,
            "protocol": "HTTPS",
            "ssl_policy": "ELBSecurityPolicy-2016-08",
            "tags": null,
            "tags_all": {},
            "timeouts": null
          },
          "sensitive_attributes": [],
          "private": "eyJlMmJmYjczMC1lY2FhLTExZTYtOGY4OC0zNDM2M2JjN2M0YzAiOnsicmVhZCI6NjAwMDAwMDAwMDAwfX0=",
          "dependencies": [
            "module.compute.aws_acm_certificate.pm4_cert",
            "module.compute.aws_lb.pm4_alb",
            "module.compute.aws_security_group.pm4_alb_sg",
            "module.compute.aws_subnet.pm4_alb_a",
            "module.compute.aws_subnet.pm4_alb_b",
            "module.compute.aws_vpc.pm4_client_vpc",
            "module.compute.data.aws_availability_zones.pm4_client_azs"
          ]
        }
      ]
    },
    {
      "module": "module.compute",
      "mode": "managed",
      "type": "aws_lb_listener",
      "name": "pm4_unsecure_listener",
      "provider": "provider[\"registry.terraform.io/hashicorp/aws\"]",
      "instances": [
        {
          "schema_version": 0,
          "attributes": {
            "alpn_policy": null,
            "arn": "arn:aws:elasticloadbalancing:us-east-1:580741598336:listener/app/PM4-example-ALB/989bcdbb14d5b37d/b2b3ca292fe00e6f",
            "certificate_arn": null,
            "default_action": [
              {
                "authenticate_cognito": [],
                "authenticate_oidc": [],
                "fixed_response": [],
                "forward": [],
                "order": 1,
                "redirect": [
                  {
                    "host": "#{host}",
                    "path": "/#{path}",
                    "port": "443",
                    "protocol": "HTTPS",
                    "query": "#{query}",
                    "status_code": "HTTP_301"
                  }
                ],
                "target_group_arn": "",
                "type": "redirect"
              }
            ],
            "id": "arn:aws:elasticloadbalancing:us-east-1:580741598336:listener/app/PM4-example-ALB/989bcdbb14d5b37d/b2b3ca292fe00e6f",
            "load_balancer_arn": "arn:aws:elasticloadbalancing:us-east-1:580741598336:loadbalancer/app/PM4-example-ALB/989bcdbb14d5b37d",
            "port": 80,
            "protocol": "HTTP",
            "ssl_policy": "",
            "tags": null,
            "tags_all": {},
            "timeouts": null
          },
          "sensitive_attributes": [],
          "private": "eyJlMmJmYjczMC1lY2FhLTExZTYtOGY4OC0zNDM2M2JjN2M0YzAiOnsicmVhZCI6NjAwMDAwMDAwMDAwfX0=",
          "dependencies": [
            "module.compute.aws_lb.pm4_alb",
            "module.compute.aws_security_group.pm4_alb_sg",
            "module.compute.aws_subnet.pm4_alb_a",
            "module.compute.aws_subnet.pm4_alb_b",
            "module.compute.aws_vpc.pm4_client_vpc",
            "module.compute.data.aws_availability_zones.pm4_client_azs"
          ]
        }
      ]
    },
    {
      "module": "module.compute",
      "mode": "managed",
      "type": "aws_lb_target_group",
      "name": "stm_tg",
      "provider": "provider[\"registry.terraform.io/hashicorp/aws\"]",
      "instances": [
        {
          "schema_version": 0,
          "attributes": {
            "arn": "arn:aws:elasticloadbalancing:us-east-1:580741598336:targetgroup/PM4-example-STM-TG/dfa410f3f019de12",
            "arn_suffix": "targetgroup/PM4-example-STM-TG/dfa410f3f019de12",
            "deregistration_delay": 300,
            "health_check": [
              {
                "enabled": true,
                "healthy_threshold": 5,
                "interval": 30,
                "matcher": "200",
                "path": "/",
                "port": "traffic-port",
                "protocol": "HTTP",
                "timeout": 5,
                "unhealthy_threshold": 2
              }
            ],
            "id": "arn:aws:elasticloadbalancing:us-east-1:580741598336:targetgroup/PM4-example-STM-TG/dfa410f3f019de12",
            "lambda_multi_value_headers_enabled": false,
            "load_balancing_algorithm_type": "round_robin",
            "name": "PM4-example-STM-TG",
            "name_prefix": null,
            "port": 80,
            "preserve_client_ip": null,
            "protocol": "HTTP",
            "protocol_version": "HTTP1",
            "proxy_protocol_v2": false,
            "slow_start": 0,
            "stickiness": [
              {
                "cookie_duration": 86400,
                "enabled": false,
                "type": "lb_cookie"
              }
            ],
            "tags": null,
            "tags_all": {},
            "target_type": "instance",
            "vpc_id": "vpc-09dc4f72e538d074c"
          },
          "sensitive_attributes": [],
          "private": "bnVsbA==",
          "dependencies": [
            "module.compute.aws_vpc.pm4_client_vpc"
          ]
        }
      ]
    },
    {
      "module": "module.compute",
      "mode": "managed",
      "type": "aws_network_interface",
      "name": "pm4_nat_interface_a",
      "provider": "provider[\"registry.terraform.io/hashicorp/aws\"]",
      "instances": [
        {
          "schema_version": 0,
          "attributes": {
            "attachment": [],
            "description": "",
            "id": "eni-06817e23d81338e5f",
            "interface_type": "interface",
            "ipv6_address_count": 0,
            "ipv6_addresses": [],
            "mac_address": "12:13:b6:62:0a:61",
            "outpost_arn": "",
            "private_dns_name": "ip-10-0-1-61.ec2.internal",
            "private_ip": "10.0.1.61",
            "private_ips": [
              "10.0.1.61"
            ],
            "private_ips_count": 0,
            "security_groups": [
              "sg-079007c7f095e7845"
            ],
            "source_dest_check": false,
            "subnet_id": "subnet-01fbe0e5a09971b1a",
            "tags": {
              "Name": "PM4-NAT-example-ENI-A"
            },
            "tags_all": {
              "Name": "PM4-NAT-example-ENI-A"
            }
          },
          "sensitive_attributes": [],
          "private": "bnVsbA==",
          "dependencies": [
            "module.compute.aws_subnet.pm4_dmz_a",
            "module.compute.aws_vpc.pm4_client_vpc",
            "module.compute.data.aws_availability_zones.pm4_client_azs"
          ]
        }
      ]
    },
    {
      "module": "module.compute",
      "mode": "managed",
      "type": "aws_network_interface",
      "name": "pm4_nat_interface_b",
      "provider": "provider[\"registry.terraform.io/hashicorp/aws\"]",
      "instances": [
        {
          "schema_version": 0,
          "attributes": {
            "attachment": [],
            "description": "",
            "id": "eni-0741f4054d51266b0",
            "interface_type": "interface",
            "ipv6_address_count": 0,
            "ipv6_addresses": [],
            "mac_address": "0a:7a:e1:39:9a:09",
            "outpost_arn": "",
            "private_dns_name": "ip-10-0-2-91.ec2.internal",
            "private_ip": "10.0.2.91",
            "private_ips": [
              "10.0.2.91"
            ],
            "private_ips_count": 0,
            "security_groups": [
              "sg-079007c7f095e7845"
            ],
            "source_dest_check": false,
            "subnet_id": "subnet-05873ead6d3fceeb7",
            "tags": {
              "Name": "PM4-NAT-example-ENI-B"
            },
            "tags_all": {
              "Name": "PM4-NAT-example-ENI-B"
            }
          },
          "sensitive_attributes": [],
          "private": "bnVsbA==",
          "dependencies": [
            "module.compute.aws_subnet.pm4_dmz_b",
            "module.compute.aws_vpc.pm4_client_vpc",
            "module.compute.data.aws_availability_zones.pm4_client_azs"
          ]
        }
      ]
    },
    {
      "module": "module.compute",
      "mode": "managed",
      "type": "aws_network_interface_sg_attachment",
      "name": "sg_attachment",
      "provider": "provider[\"registry.terraform.io/hashicorp/aws\"]",
      "instances": [
        {
          "schema_version": 0,
          "attributes": {
            "id": "sg-04a7eefe861c226ba_eni-06817e23d81338e5f",
            "network_interface_id": "eni-06817e23d81338e5f",
            "security_group_id": "sg-04a7eefe861c226ba"
          },
          "sensitive_attributes": [],
          "private": "bnVsbA==",
          "dependencies": [
            "module.compute.aws_instance.pm4_nat_instance_a",
            "module.compute.aws_key_pair.pm4_nat_key",
            "module.compute.aws_network_interface.pm4_nat_interface_a",
            "module.compute.aws_security_group.pm4_dmz_sg",
            "module.compute.aws_security_group.pm4_tasks_sg",
            "module.compute.aws_security_group.pm4_web_sg",
            "module.compute.aws_subnet.pm4_dmz_a",
            "module.compute.aws_vpc.pm4_client_vpc",
            "module.compute.data.aws_availability_zones.pm4_client_azs"
          ]
        }
      ]
    },
    {
      "module": "module.compute",
      "mode": "managed",
      "type": "aws_network_interface_sg_attachment",
      "name": "sg_attachment_b",
      "provider": "provider[\"registry.terraform.io/hashicorp/aws\"]",
      "instances": [
        {
          "schema_version": 0,
          "attributes": {
            "id": "sg-04a7eefe861c226ba_eni-0741f4054d51266b0",
            "network_interface_id": "eni-0741f4054d51266b0",
            "security_group_id": "sg-04a7eefe861c226ba"
          },
          "sensitive_attributes": [],
          "private": "bnVsbA==",
          "dependencies": [
            "module.compute.aws_instance.pm4_nat_instance_b",
            "module.compute.aws_network_interface.pm4_nat_interface_b",
            "module.compute.aws_security_group.pm4_dmz_sg",
            "module.compute.aws_security_group.pm4_tasks_sg",
            "module.compute.aws_security_group.pm4_web_sg",
            "module.compute.aws_subnet.pm4_dmz_b",
            "module.compute.aws_vpc.pm4_client_vpc",
            "module.compute.data.aws_availability_zones.pm4_client_azs"
          ]
        }
      ]
    },
    {
      "module": "module.compute",
      "mode": "managed",
      "type": "aws_route_table",
      "name": "pm4_backend",
      "provider": "provider[\"registry.terraform.io/hashicorp/aws\"]",
      "instances": [
        {
          "schema_version": 0,
          "attributes": {
            "arn": "arn:aws:ec2:us-east-1:580741598336:route-table/rtb-0cfca7bfc2e4f9394",
            "id": "rtb-0cfca7bfc2e4f9394",
            "owner_id": "580741598336",
            "propagating_vgws": [],
            "route": [],
            "tags": {
              "Name": "PM4-example-BackEnd-Route"
            },
            "tags_all": {
              "Name": "PM4-example-BackEnd-Route"
            },
            "vpc_id": "vpc-09dc4f72e538d074c"
          },
          "sensitive_attributes": [],
          "private": "bnVsbA==",
          "dependencies": [
            "module.compute.aws_vpc.pm4_client_vpc"
          ]
        }
      ]
    },
    {
      "module": "module.compute",
      "mode": "managed",
      "type": "aws_route_table",
      "name": "pm4_dmz_rt",
      "provider": "provider[\"registry.terraform.io/hashicorp/aws\"]",
      "instances": [
        {
          "schema_version": 0,
          "attributes": {
            "arn": "arn:aws:ec2:us-east-1:580741598336:route-table/rtb-0fb0b6a262edeb020",
            "id": "rtb-0fb0b6a262edeb020",
            "owner_id": "580741598336",
            "propagating_vgws": [],
            "route": [
              {
                "carrier_gateway_id": "",
                "cidr_block": "0.0.0.0/0",
                "destination_prefix_list_id": "",
                "egress_only_gateway_id": "",
                "gateway_id": "igw-062131f4d5ee31a86",
                "instance_id": "",
                "ipv6_cidr_block": "",
                "local_gateway_id": "",
                "nat_gateway_id": "",
                "network_interface_id": "",
                "transit_gateway_id": "",
                "vpc_endpoint_id": "",
                "vpc_peering_connection_id": ""
              }
            ],
            "tags": {
              "Name": "PM4-example-DMZ-Route-RT"
            },
            "tags_all": {
              "Name": "PM4-example-DMZ-Route-RT"
            },
            "vpc_id": "vpc-09dc4f72e538d074c"
          },
          "sensitive_attributes": [],
          "private": "bnVsbA==",
          "dependencies": [
            "module.compute.aws_internet_gateway.pm4_client_igw",
            "module.compute.aws_vpc.pm4_client_vpc"
          ]
        }
      ]
    },
    {
      "module": "module.compute",
      "mode": "managed",
      "type": "aws_route_table",
      "name": "pm4_web_a",
      "provider": "provider[\"registry.terraform.io/hashicorp/aws\"]",
      "instances": [
        {
          "schema_version": 0,
          "attributes": {
            "arn": "arn:aws:ec2:us-east-1:580741598336:route-table/rtb-0b73e6dc8d12b9e41",
            "id": "rtb-0b73e6dc8d12b9e41",
            "owner_id": "580741598336",
            "propagating_vgws": [],
            "route": [
              {
                "carrier_gateway_id": "",
                "cidr_block": "0.0.0.0/0",
                "destination_prefix_list_id": "",
                "egress_only_gateway_id": "",
                "gateway_id": "",
                "instance_id": "",
                "ipv6_cidr_block": "",
                "local_gateway_id": "",
                "nat_gateway_id": "",
                "network_interface_id": "eni-06817e23d81338e5f",
                "transit_gateway_id": "",
                "vpc_endpoint_id": "",
                "vpc_peering_connection_id": ""
              }
            ],
            "tags": {
              "Name": "PM4-example-NAT-Route-A"
            },
            "tags_all": {
              "Name": "PM4-example-NAT-Route-A"
            },
            "vpc_id": "vpc-09dc4f72e538d074c"
          },
          "sensitive_attributes": [],
          "private": "bnVsbA==",
          "dependencies": [
            "module.compute.aws_network_interface.pm4_nat_interface_a",
            "module.compute.aws_subnet.pm4_dmz_a",
            "module.compute.aws_vpc.pm4_client_vpc",
            "module.compute.data.aws_availability_zones.pm4_client_azs"
          ]
        }
      ]
    },
    {
      "module": "module.compute",
      "mode": "managed",
      "type": "aws_route_table",
      "name": "pm4_web_b",
      "provider": "provider[\"registry.terraform.io/hashicorp/aws\"]",
      "instances": [
        {
          "schema_version": 0,
          "attributes": {
            "arn": "arn:aws:ec2:us-east-1:580741598336:route-table/rtb-0f430d5c44c9b3529",
            "id": "rtb-0f430d5c44c9b3529",
            "owner_id": "580741598336",
            "propagating_vgws": [],
            "route": [
              {
                "carrier_gateway_id": "",
                "cidr_block": "0.0.0.0/0",
                "destination_prefix_list_id": "",
                "egress_only_gateway_id": "",
                "gateway_id": "",
                "instance_id": "",
                "ipv6_cidr_block": "",
                "local_gateway_id": "",
                "nat_gateway_id": "",
                "network_interface_id": "eni-0741f4054d51266b0",
                "transit_gateway_id": "",
                "vpc_endpoint_id": "",
                "vpc_peering_connection_id": ""
              }
            ],
            "tags": {
              "Name": "PM4-example-NAT-Route-B"
            },
            "tags_all": {
              "Name": "PM4-example-NAT-Route-B"
            },
            "vpc_id": "vpc-09dc4f72e538d074c"
          },
          "sensitive_attributes": [],
          "private": "bnVsbA==",
          "dependencies": [
            "module.compute.aws_network_interface.pm4_nat_interface_b",
            "module.compute.aws_subnet.pm4_dmz_b",
            "module.compute.aws_vpc.pm4_client_vpc",
            "module.compute.data.aws_availability_zones.pm4_client_azs"
          ]
        }
      ]
    },
    {
      "module": "module.compute",
      "mode": "managed",
      "type": "aws_route_table_association",
      "name": "pm4_alb_rt_association_a",
      "provider": "provider[\"registry.terraform.io/hashicorp/aws\"]",
      "instances": [
        {
          "schema_version": 0,
          "attributes": {
            "gateway_id": null,
            "id": "rtbassoc-03b7de4cd6b797dfc",
            "route_table_id": "rtb-0fb0b6a262edeb020",
            "subnet_id": "subnet-080dc98675d8cc66e"
          },
          "sensitive_attributes": [],
          "private": "bnVsbA==",
          "dependencies": [
            "module.compute.aws_internet_gateway.pm4_client_igw",
            "module.compute.aws_route_table.pm4_dmz_rt",
            "module.compute.aws_subnet.pm4_alb_a",
            "module.compute.aws_vpc.pm4_client_vpc",
            "module.compute.data.aws_availability_zones.pm4_client_azs"
          ]
        }
      ]
    },
    {
      "module": "module.compute",
      "mode": "managed",
      "type": "aws_route_table_association",
      "name": "pm4_alb_rt_association_b",
      "provider": "provider[\"registry.terraform.io/hashicorp/aws\"]",
      "instances": [
        {
          "schema_version": 0,
          "attributes": {
            "gateway_id": null,
            "id": "rtbassoc-03858485803365b00",
            "route_table_id": "rtb-0fb0b6a262edeb020",
            "subnet_id": "subnet-0fef3f2292d25f0f2"
          },
          "sensitive_attributes": [],
          "private": "bnVsbA==",
          "dependencies": [
            "module.compute.aws_internet_gateway.pm4_client_igw",
            "module.compute.aws_route_table.pm4_dmz_rt",
            "module.compute.aws_subnet.pm4_alb_b",
            "module.compute.aws_vpc.pm4_client_vpc",
            "module.compute.data.aws_availability_zones.pm4_client_azs"
          ]
        }
      ]
    },
    {
      "module": "module.compute",
      "mode": "managed",
      "type": "aws_route_table_association",
      "name": "pm4_backend_rt_association_a",
      "provider": "provider[\"registry.terraform.io/hashicorp/aws\"]",
      "instances": [
        {
          "schema_version": 0,
          "attributes": {
            "gateway_id": null,
            "id": "rtbassoc-0fa970b769a5f2ab3",
            "route_table_id": "rtb-0cfca7bfc2e4f9394",
            "subnet_id": "subnet-083d957ab4812e600"
          },
          "sensitive_attributes": [],
          "private": "bnVsbA==",
          "dependencies": [
            "module.compute.aws_route_table.pm4_backend",
            "module.compute.aws_subnet.pm4_backend_a",
            "module.compute.aws_vpc.pm4_client_vpc",
            "module.compute.data.aws_availability_zones.pm4_client_azs"
          ]
        }
      ]
    },
    {
      "module": "module.compute",
      "mode": "managed",
      "type": "aws_route_table_association",
      "name": "pm4_backend_rt_association_b",
      "provider": "provider[\"registry.terraform.io/hashicorp/aws\"]",
      "instances": [
        {
          "schema_version": 0,
          "attributes": {
            "gateway_id": null,
            "id": "rtbassoc-001210b4b0f7080e0",
            "route_table_id": "rtb-0cfca7bfc2e4f9394",
            "subnet_id": "subnet-009d404e4af71156e"
          },
          "sensitive_attributes": [],
          "private": "bnVsbA==",
          "dependencies": [
            "module.compute.aws_route_table.pm4_backend",
            "module.compute.aws_subnet.pm4_backend_b",
            "module.compute.aws_vpc.pm4_client_vpc",
            "module.compute.data.aws_availability_zones.pm4_client_azs"
          ]
        }
      ]
    },
    {
      "module": "module.compute",
      "mode": "managed",
      "type": "aws_route_table_association",
      "name": "pm4_dmz_rt_association_a",
      "provider": "provider[\"registry.terraform.io/hashicorp/aws\"]",
      "instances": [
        {
          "schema_version": 0,
          "attributes": {
            "gateway_id": null,
            "id": "rtbassoc-0c53457e0e454d0e3",
            "route_table_id": "rtb-0fb0b6a262edeb020",
            "subnet_id": "subnet-01fbe0e5a09971b1a"
          },
          "sensitive_attributes": [],
          "private": "bnVsbA==",
          "dependencies": [
            "module.compute.aws_internet_gateway.pm4_client_igw",
            "module.compute.aws_route_table.pm4_dmz_rt",
            "module.compute.aws_subnet.pm4_dmz_a",
            "module.compute.aws_vpc.pm4_client_vpc",
            "module.compute.data.aws_availability_zones.pm4_client_azs"
          ]
        }
      ]
    },
    {
      "module": "module.compute",
      "mode": "managed",
      "type": "aws_route_table_association",
      "name": "pm4_dmz_rt_association_b",
      "provider": "provider[\"registry.terraform.io/hashicorp/aws\"]",
      "instances": [
        {
          "schema_version": 0,
          "attributes": {
            "gateway_id": null,
            "id": "rtbassoc-031867ee71abc2151",
            "route_table_id": "rtb-0fb0b6a262edeb020",
            "subnet_id": "subnet-05873ead6d3fceeb7"
          },
          "sensitive_attributes": [],
          "private": "bnVsbA==",
          "dependencies": [
            "module.compute.aws_internet_gateway.pm4_client_igw",
            "module.compute.aws_route_table.pm4_dmz_rt",
            "module.compute.aws_subnet.pm4_dmz_b",
            "module.compute.aws_vpc.pm4_client_vpc",
            "module.compute.data.aws_availability_zones.pm4_client_azs"
          ]
        }
      ]
    },
    {
      "module": "module.compute",
      "mode": "managed",
      "type": "aws_route_table_association",
      "name": "pm4_tasks_rt_association_a",
      "provider": "provider[\"registry.terraform.io/hashicorp/aws\"]",
      "instances": [
        {
          "schema_version": 0,
          "attributes": {
            "gateway_id": null,
            "id": "rtbassoc-0658d7b8e158bfb47",
            "route_table_id": "rtb-0b73e6dc8d12b9e41",
            "subnet_id": "subnet-0be149c20f8d825aa"
          },
          "sensitive_attributes": [],
          "private": "bnVsbA==",
          "dependencies": [
            "module.compute.aws_network_interface.pm4_nat_interface_a",
            "module.compute.aws_route_table.pm4_web_a",
            "module.compute.aws_subnet.pm4_dmz_a",
            "module.compute.aws_subnet.pm4_tasks_a",
            "module.compute.aws_vpc.pm4_client_vpc",
            "module.compute.data.aws_availability_zones.pm4_client_azs"
          ]
        }
      ]
    },
    {
      "module": "module.compute",
      "mode": "managed",
      "type": "aws_route_table_association",
      "name": "pm4_tasks_rt_association_b",
      "provider": "provider[\"registry.terraform.io/hashicorp/aws\"]",
      "instances": [
        {
          "schema_version": 0,
          "attributes": {
            "gateway_id": null,
            "id": "rtbassoc-015491a54a86bc601",
            "route_table_id": "rtb-0f430d5c44c9b3529",
            "subnet_id": "subnet-0d7c3a3880003d6e6"
          },
          "sensitive_attributes": [],
          "private": "bnVsbA==",
          "dependencies": [
            "module.compute.aws_network_interface.pm4_nat_interface_b",
            "module.compute.aws_route_table.pm4_web_b",
            "module.compute.aws_subnet.pm4_dmz_b",
            "module.compute.aws_subnet.pm4_tasks_b",
            "module.compute.aws_vpc.pm4_client_vpc",
            "module.compute.data.aws_availability_zones.pm4_client_azs"
          ]
        }
      ]
    },
    {
      "module": "module.compute",
      "mode": "managed",
      "type": "aws_route_table_association",
      "name": "pm4_web_rt_association_a",
      "provider": "provider[\"registry.terraform.io/hashicorp/aws\"]",
      "instances": [
        {
          "schema_version": 0,
          "attributes": {
            "gateway_id": null,
            "id": "rtbassoc-0142a93c9ceaf3924",
            "route_table_id": "rtb-0b73e6dc8d12b9e41",
            "subnet_id": "subnet-08c42a7b9d1e1740a"
          },
          "sensitive_attributes": [],
          "private": "bnVsbA==",
          "dependencies": [
            "module.compute.aws_network_interface.pm4_nat_interface_a",
            "module.compute.aws_route_table.pm4_web_a",
            "module.compute.aws_subnet.pm4_dmz_a",
            "module.compute.aws_subnet.pm4_web_a",
            "module.compute.aws_vpc.pm4_client_vpc",
            "module.compute.data.aws_availability_zones.pm4_client_azs"
          ]
        }
      ]
    },
    {
      "module": "module.compute",
      "mode": "managed",
      "type": "aws_route_table_association",
      "name": "pm4_web_rt_association_b",
      "provider": "provider[\"registry.terraform.io/hashicorp/aws\"]",
      "instances": [
        {
          "schema_version": 0,
          "attributes": {
            "gateway_id": null,
            "id": "rtbassoc-07e4905a47153b3db",
            "route_table_id": "rtb-0f430d5c44c9b3529",
            "subnet_id": "subnet-07e9a1a9fc8b6a349"
          },
          "sensitive_attributes": [],
          "private": "bnVsbA==",
          "dependencies": [
            "module.compute.aws_network_interface.pm4_nat_interface_b",
            "module.compute.aws_route_table.pm4_web_b",
            "module.compute.aws_subnet.pm4_dmz_b",
            "module.compute.aws_subnet.pm4_web_b",
            "module.compute.aws_vpc.pm4_client_vpc",
            "module.compute.data.aws_availability_zones.pm4_client_azs"
          ]
        }
      ]
    },
    {
      "module": "module.compute",
      "mode": "managed",
      "type": "aws_security_group",
      "name": "pm4_alb_sg",
      "provider": "provider[\"registry.terraform.io/hashicorp/aws\"]",
      "instances": [
        {
          "schema_version": 1,
          "attributes": {
            "arn": "arn:aws:ec2:us-east-1:580741598336:security-group/sg-04819a580906ebc5f",
            "description": "Allow HTTP/S on ALB",
            "egress": [],
            "id": "sg-04819a580906ebc5f",
            "ingress": [
              {
                "cidr_blocks": [
                  "0.0.0.0/0"
                ],
                "description": "",
                "from_port": 443,
                "ipv6_cidr_blocks": [],
                "prefix_list_ids": [],
                "protocol": "tcp",
                "security_groups": [],
                "self": false,
                "to_port": 443
              },
              {
                "cidr_blocks": [
                  "0.0.0.0/0"
                ],
                "description": "",
                "from_port": 80,
                "ipv6_cidr_blocks": [],
                "prefix_list_ids": [],
                "protocol": "tcp",
                "security_groups": [],
                "self": false,
                "to_port": 80
              }
            ],
            "name": "pm4-example-alb-sg",
            "name_prefix": "",
            "owner_id": "580741598336",
            "revoke_rules_on_delete": false,
            "tags": {
              "Name": "PM4-example-ALB-SG"
            },
            "tags_all": {
              "Name": "PM4-example-ALB-SG"
            },
            "timeouts": null,
            "vpc_id": "vpc-09dc4f72e538d074c"
          },
          "sensitive_attributes": [],
          "private": "eyJlMmJmYjczMC1lY2FhLTExZTYtOGY4OC0zNDM2M2JjN2M0YzAiOnsiY3JlYXRlIjo2MDAwMDAwMDAwMDAsImRlbGV0ZSI6OTAwMDAwMDAwMDAwfSwic2NoZW1hX3ZlcnNpb24iOiIxIn0=",
          "dependencies": [
            "module.compute.aws_vpc.pm4_client_vpc"
          ]
        }
      ]
    },
    {
      "module": "module.compute",
      "mode": "managed",
      "type": "aws_security_group",
      "name": "pm4_backend_sg",
      "provider": "provider[\"registry.terraform.io/hashicorp/aws\"]",
      "instances": [
        {
          "schema_version": 1,
          "attributes": {
            "arn": "arn:aws:ec2:us-east-1:580741598336:security-group/sg-0782391951a228730",
            "description": "Allowing MySQL port for Tasks and Web",
            "egress": [],
            "id": "sg-0782391951a228730",
            "ingress": [
              {
                "cidr_blocks": [],
                "description": "",
                "from_port": 3306,
                "ipv6_cidr_blocks": [],
                "prefix_list_ids": [],
                "protocol": "tcp",
                "security_groups": [
                  "sg-03f3e971e28f2408f",
                  "sg-0ec5fe60ccbcef236"
                ],
                "self": false,
                "to_port": 3306
              }
            ],
            "name": "pm4-example-backend-sg",
            "name_prefix": "",
            "owner_id": "580741598336",
            "revoke_rules_on_delete": false,
            "tags": {
              "Name": "PM4-example-BackEnd-SG"
            },
            "tags_all": {
              "Name": "PM4-example-BackEnd-SG"
            },
            "timeouts": null,
            "vpc_id": "vpc-09dc4f72e538d074c"
          },
          "sensitive_attributes": [],
          "private": "eyJlMmJmYjczMC1lY2FhLTExZTYtOGY4OC0zNDM2M2JjN2M0YzAiOnsiY3JlYXRlIjo2MDAwMDAwMDAwMDAsImRlbGV0ZSI6OTAwMDAwMDAwMDAwfSwic2NoZW1hX3ZlcnNpb24iOiIxIn0=",
          "dependencies": [
            "module.compute.aws_security_group.pm4_tasks_sg",
            "module.compute.aws_security_group.pm4_web_sg",
            "module.compute.aws_vpc.pm4_client_vpc"
          ]
        }
      ]
    },
    {
      "module": "module.compute",
      "mode": "managed",
      "type": "aws_security_group",
      "name": "pm4_dmz_sg",
      "provider": "provider[\"registry.terraform.io/hashicorp/aws\"]",
      "instances": [
        {
          "schema_version": 1,
          "attributes": {
            "arn": "arn:aws:ec2:us-east-1:580741598336:security-group/sg-04a7eefe861c226ba",
            "description": "Allowing all traffic from Tasks and Web",
            "egress": [
              {
                "cidr_blocks": [
                  "0.0.0.0/0"
                ],
                "description": "",
                "from_port": 0,
                "ipv6_cidr_blocks": [],
                "prefix_list_ids": [],
                "protocol": "-1",
                "security_groups": [],
                "self": false,
                "to_port": 0
              }
            ],
            "id": "sg-04a7eefe861c226ba",
            "ingress": [
              {
                "cidr_blocks": [
                  "0.0.0.0/0"
                ],
                "description": "",
                "from_port": 22,
                "ipv6_cidr_blocks": [],
                "prefix_list_ids": [],
                "protocol": "tcp",
                "security_groups": [],
                "self": false,
                "to_port": 22
              },
              {
                "cidr_blocks": [],
                "description": "",
                "from_port": 0,
                "ipv6_cidr_blocks": [],
                "prefix_list_ids": [],
                "protocol": "-1",
                "security_groups": [
                  "sg-03f3e971e28f2408f",
                  "sg-0ec5fe60ccbcef236"
                ],
                "self": false,
                "to_port": 0
              }
            ],
            "name": "pm4-example-dmz-sg",
            "name_prefix": "",
            "owner_id": "580741598336",
            "revoke_rules_on_delete": false,
            "tags": {
              "Name": "PM4-example-DMZ-SG"
            },
            "tags_all": {
              "Name": "PM4-example-DMZ-SG"
            },
            "timeouts": null,
            "vpc_id": "vpc-09dc4f72e538d074c"
          },
          "sensitive_attributes": [],
          "private": "eyJlMmJmYjczMC1lY2FhLTExZTYtOGY4OC0zNDM2M2JjN2M0YzAiOnsiY3JlYXRlIjo2MDAwMDAwMDAwMDAsImRlbGV0ZSI6OTAwMDAwMDAwMDAwfSwic2NoZW1hX3ZlcnNpb24iOiIxIn0=",
          "dependencies": [
            "module.compute.aws_security_group.pm4_tasks_sg",
            "module.compute.aws_security_group.pm4_web_sg",
            "module.compute.aws_vpc.pm4_client_vpc"
          ]
        }
      ]
    },
    {
      "module": "module.compute",
      "mode": "managed",
      "type": "aws_security_group",
      "name": "pm4_efs_sg",
      "provider": "provider[\"registry.terraform.io/hashicorp/aws\"]",
      "instances": [
        {
          "schema_version": 1,
          "attributes": {
            "arn": "arn:aws:ec2:us-east-1:580741598336:security-group/sg-05bcc1948cad2aee3",
            "description": "Allowing NFS port for EFS for Tasks and Web",
            "egress": [],
            "id": "sg-05bcc1948cad2aee3",
            "ingress": [
              {
                "cidr_blocks": [],
                "description": "",
                "from_port": 2049,
                "ipv6_cidr_blocks": [],
                "prefix_list_ids": [],
                "protocol": "tcp",
                "security_groups": [
                  "sg-03f3e971e28f2408f",
                  "sg-0ec5fe60ccbcef236"
                ],
                "self": false,
                "to_port": 2049
              }
            ],
            "name": "pm4-example-efs-sg",
            "name_prefix": "",
            "owner_id": "580741598336",
            "revoke_rules_on_delete": false,
            "tags": {
              "Name": "PM4-example-EFS-SG"
            },
            "tags_all": {
              "Name": "PM4-example-EFS-SG"
            },
            "timeouts": null,
            "vpc_id": "vpc-09dc4f72e538d074c"
          },
          "sensitive_attributes": [],
          "private": "eyJlMmJmYjczMC1lY2FhLTExZTYtOGY4OC0zNDM2M2JjN2M0YzAiOnsiY3JlYXRlIjo2MDAwMDAwMDAwMDAsImRlbGV0ZSI6OTAwMDAwMDAwMDAwfSwic2NoZW1hX3ZlcnNpb24iOiIxIn0=",
          "dependencies": [
            "module.compute.aws_security_group.pm4_tasks_sg",
            "module.compute.aws_security_group.pm4_web_sg",
            "module.compute.aws_vpc.pm4_client_vpc"
          ]
        }
      ]
    },
    {
      "module": "module.compute",
      "mode": "managed",
      "type": "aws_security_group",
      "name": "pm4_redis_sg",
      "provider": "provider[\"registry.terraform.io/hashicorp/aws\"]",
      "instances": [
        {
          "schema_version": 1,
          "attributes": {
            "arn": "arn:aws:ec2:us-east-1:580741598336:security-group/sg-02014ffb27fee7f8b",
            "description": "Allowing connection from Tasks and Web",
            "egress": [],
            "id": "sg-02014ffb27fee7f8b",
            "ingress": [
              {
                "cidr_blocks": [],
                "description": "",
                "from_port": 6379,
                "ipv6_cidr_blocks": [],
                "prefix_list_ids": [],
                "protocol": "tcp",
                "security_groups": [
                  "sg-03f3e971e28f2408f",
                  "sg-0ec5fe60ccbcef236"
                ],
                "self": false,
                "to_port": 6379
              }
            ],
            "name": "pm4-example-redis-sg",
            "name_prefix": "",
            "owner_id": "580741598336",
            "revoke_rules_on_delete": false,
            "tags": {
              "Name": "PM4-example-Redis-SG"
            },
            "tags_all": {
              "Name": "PM4-example-Redis-SG"
            },
            "timeouts": null,
            "vpc_id": "vpc-09dc4f72e538d074c"
          },
          "sensitive_attributes": [],
          "private": "eyJlMmJmYjczMC1lY2FhLTExZTYtOGY4OC0zNDM2M2JjN2M0YzAiOnsiY3JlYXRlIjo2MDAwMDAwMDAwMDAsImRlbGV0ZSI6OTAwMDAwMDAwMDAwfSwic2NoZW1hX3ZlcnNpb24iOiIxIn0=",
          "dependencies": [
            "module.compute.aws_security_group.pm4_tasks_sg",
            "module.compute.aws_security_group.pm4_web_sg",
            "module.compute.aws_vpc.pm4_client_vpc"
          ]
        }
      ]
    },
    {
      "module": "module.compute",
      "mode": "managed",
      "type": "aws_security_group",
      "name": "pm4_tasks_sg",
      "provider": "provider[\"registry.terraform.io/hashicorp/aws\"]",
      "instances": [
        {
          "schema_version": 1,
          "attributes": {
            "arn": "arn:aws:ec2:us-east-1:580741598336:security-group/sg-03f3e971e28f2408f",
            "description": "Allowing SSH",
            "egress": [
              {
                "cidr_blocks": [
                  "0.0.0.0/0"
                ],
                "description": "",
                "from_port": 0,
                "ipv6_cidr_blocks": [],
                "prefix_list_ids": [],
                "protocol": "-1",
                "security_groups": [],
                "self": false,
                "to_port": 0
              }
            ],
            "id": "sg-03f3e971e28f2408f",
            "ingress": [],
            "name": "pm4-example-tasks-sg",
            "name_prefix": "",
            "owner_id": "580741598336",
            "revoke_rules_on_delete": false,
            "tags": {
              "Name": "PM4-example-Tasks-SG"
            },
            "tags_all": {
              "Name": "PM4-example-Tasks-SG"
            },
            "timeouts": null,
            "vpc_id": "vpc-09dc4f72e538d074c"
          },
          "sensitive_attributes": [],
          "private": "eyJlMmJmYjczMC1lY2FhLTExZTYtOGY4OC0zNDM2M2JjN2M0YzAiOnsiY3JlYXRlIjo2MDAwMDAwMDAwMDAsImRlbGV0ZSI6OTAwMDAwMDAwMDAwfSwic2NoZW1hX3ZlcnNpb24iOiIxIn0=",
          "dependencies": [
            "module.compute.aws_vpc.pm4_client_vpc"
          ],
          "create_before_destroy": true
        }
      ]
    },
    {
      "module": "module.compute",
      "mode": "managed",
      "type": "aws_security_group",
      "name": "pm4_web_sg",
      "provider": "provider[\"registry.terraform.io/hashicorp/aws\"]",
      "instances": [
        {
          "schema_version": 1,
          "attributes": {
            "arn": "arn:aws:ec2:us-east-1:580741598336:security-group/sg-0ec5fe60ccbcef236",
            "description": "Allowing SSH for DMZ and HTTP/S ports for ALB as all traffic too",
            "egress": [
              {
                "cidr_blocks": [
                  "0.0.0.0/0"
                ],
                "description": "",
                "from_port": 0,
                "ipv6_cidr_blocks": [],
                "prefix_list_ids": [],
                "protocol": "-1",
                "security_groups": [],
                "self": false,
                "to_port": 0
              }
            ],
            "id": "sg-0ec5fe60ccbcef236",
            "ingress": [],
            "name": "pm4-example-web-sg",
            "name_prefix": "",
            "owner_id": "580741598336",
            "revoke_rules_on_delete": false,
            "tags": {
              "Name": "PM4-example-Web-SG"
            },
            "tags_all": {
              "Name": "PM4-example-Web-SG"
            },
            "timeouts": null,
            "vpc_id": "vpc-09dc4f72e538d074c"
          },
          "sensitive_attributes": [],
          "private": "eyJlMmJmYjczMC1lY2FhLTExZTYtOGY4OC0zNDM2M2JjN2M0YzAiOnsiY3JlYXRlIjo2MDAwMDAwMDAwMDAsImRlbGV0ZSI6OTAwMDAwMDAwMDAwfSwic2NoZW1hX3ZlcnNpb24iOiIxIn0=",
          "dependencies": [
            "module.compute.aws_vpc.pm4_client_vpc"
          ],
          "create_before_destroy": true
        }
      ]
    },
    {
      "module": "module.compute",
      "mode": "managed",
      "type": "aws_security_group_rule",
      "name": "dmz-sg-add-alb",
      "provider": "provider[\"registry.terraform.io/hashicorp/aws\"]",
      "instances": [
        {
          "schema_version": 2,
          "attributes": {
            "cidr_blocks": null,
            "description": null,
            "from_port": 0,
            "id": "sgrule-2185338825",
            "ipv6_cidr_blocks": null,
            "prefix_list_ids": null,
            "protocol": "-1",
            "security_group_id": "sg-0ec5fe60ccbcef236",
            "self": false,
            "source_security_group_id": "sg-04819a580906ebc5f",
            "to_port": 0,
            "type": "ingress"
          },
          "sensitive_attributes": [],
          "private": "eyJzY2hlbWFfdmVyc2lvbiI6IjIifQ==",
          "dependencies": [
            "module.compute.aws_security_group.pm4_alb_sg",
            "module.compute.aws_security_group.pm4_web_sg",
            "module.compute.aws_vpc.pm4_client_vpc"
          ]
        }
      ]
    },
    {
      "module": "module.compute",
      "mode": "managed",
      "type": "aws_security_group_rule",
      "name": "dmz-sg-add-tasks",
      "provider": "provider[\"registry.terraform.io/hashicorp/aws\"]",
      "instances": [
        {
          "schema_version": 2,
          "attributes": {
            "cidr_blocks": null,
            "description": null,
            "from_port": 22,
            "id": "sgrule-2032263374",
            "ipv6_cidr_blocks": null,
            "prefix_list_ids": null,
            "protocol": "tcp",
            "security_group_id": "sg-03f3e971e28f2408f",
            "self": false,
            "source_security_group_id": "sg-04a7eefe861c226ba",
            "to_port": 22,
            "type": "ingress"
          },
          "sensitive_attributes": [],
          "private": "eyJzY2hlbWFfdmVyc2lvbiI6IjIifQ==",
          "dependencies": [
            "module.compute.aws_security_group.pm4_dmz_sg",
            "module.compute.aws_security_group.pm4_tasks_sg",
            "module.compute.aws_security_group.pm4_web_sg",
            "module.compute.aws_vpc.pm4_client_vpc"
          ]
        }
      ]
    },
    {
      "module": "module.compute",
      "mode": "managed",
      "type": "aws_security_group_rule",
      "name": "dmz-sg-add-web",
      "provider": "provider[\"registry.terraform.io/hashicorp/aws\"]",
      "instances": [
        {
          "schema_version": 2,
          "attributes": {
            "cidr_blocks": null,
            "description": null,
            "from_port": 22,
            "id": "sgrule-1213433182",
            "ipv6_cidr_blocks": null,
            "prefix_list_ids": null,
            "protocol": "tcp",
            "security_group_id": "sg-0ec5fe60ccbcef236",
            "self": false,
            "source_security_group_id": "sg-04a7eefe861c226ba",
            "to_port": 22,
            "type": "ingress"
          },
          "sensitive_attributes": [],
          "private": "eyJzY2hlbWFfdmVyc2lvbiI6IjIifQ==",
          "dependencies": [
            "module.compute.aws_security_group.pm4_dmz_sg",
            "module.compute.aws_security_group.pm4_tasks_sg",
            "module.compute.aws_security_group.pm4_web_sg",
            "module.compute.aws_vpc.pm4_client_vpc"
          ]
        }
      ]
    },
    {
      "module": "module.compute",
      "mode": "managed",
      "type": "aws_subnet",
      "name": "pm4_alb_a",
      "provider": "provider[\"registry.terraform.io/hashicorp/aws\"]",
      "instances": [
        {
          "schema_version": 1,
          "attributes": {
            "arn": "arn:aws:ec2:us-east-1:580741598336:subnet/subnet-080dc98675d8cc66e",
            "assign_ipv6_address_on_creation": false,
            "availability_zone": "us-east-1a",
            "availability_zone_id": "use1-az2",
            "cidr_block": "10.0.13.0/24",
            "customer_owned_ipv4_pool": "",
            "id": "subnet-080dc98675d8cc66e",
            "ipv6_cidr_block": "",
            "ipv6_cidr_block_association_id": "",
            "map_customer_owned_ip_on_launch": false,
            "map_public_ip_on_launch": false,
            "outpost_arn": "",
            "owner_id": "580741598336",
            "tags": {
              "Name": "PM4-example-ALB-Subnet-A"
            },
            "tags_all": {
              "Name": "PM4-example-ALB-Subnet-A"
            },
            "timeouts": null,
            "vpc_id": "vpc-09dc4f72e538d074c"
          },
          "sensitive_attributes": [],
          "private": "eyJlMmJmYjczMC1lY2FhLTExZTYtOGY4OC0zNDM2M2JjN2M0YzAiOnsiY3JlYXRlIjo2MDAwMDAwMDAwMDAsImRlbGV0ZSI6MTIwMDAwMDAwMDAwMH0sInNjaGVtYV92ZXJzaW9uIjoiMSJ9",
          "dependencies": [
            "module.compute.aws_vpc.pm4_client_vpc",
            "module.compute.data.aws_availability_zones.pm4_client_azs"
          ]
        }
      ]
    },
    {
      "module": "module.compute",
      "mode": "managed",
      "type": "aws_subnet",
      "name": "pm4_alb_b",
      "provider": "provider[\"registry.terraform.io/hashicorp/aws\"]",
      "instances": [
        {
          "schema_version": 1,
          "attributes": {
            "arn": "arn:aws:ec2:us-east-1:580741598336:subnet/subnet-0fef3f2292d25f0f2",
            "assign_ipv6_address_on_creation": false,
            "availability_zone": "us-east-1b",
            "availability_zone_id": "use1-az4",
            "cidr_block": "10.0.14.0/24",
            "customer_owned_ipv4_pool": "",
            "id": "subnet-0fef3f2292d25f0f2",
            "ipv6_cidr_block": "",
            "ipv6_cidr_block_association_id": "",
            "map_customer_owned_ip_on_launch": false,
            "map_public_ip_on_launch": false,
            "outpost_arn": "",
            "owner_id": "580741598336",
            "tags": {
              "Name": "PM4-example-ALB-Subnet-B"
            },
            "tags_all": {
              "Name": "PM4-example-ALB-Subnet-B"
            },
            "timeouts": null,
            "vpc_id": "vpc-09dc4f72e538d074c"
          },
          "sensitive_attributes": [],
          "private": "eyJlMmJmYjczMC1lY2FhLTExZTYtOGY4OC0zNDM2M2JjN2M0YzAiOnsiY3JlYXRlIjo2MDAwMDAwMDAwMDAsImRlbGV0ZSI6MTIwMDAwMDAwMDAwMH0sInNjaGVtYV92ZXJzaW9uIjoiMSJ9",
          "dependencies": [
            "module.compute.aws_vpc.pm4_client_vpc",
            "module.compute.data.aws_availability_zones.pm4_client_azs"
          ]
        }
      ]
    },
    {
      "module": "module.compute",
      "mode": "managed",
      "type": "aws_subnet",
      "name": "pm4_backend_a",
      "provider": "provider[\"registry.terraform.io/hashicorp/aws\"]",
      "instances": [
        {
          "schema_version": 1,
          "attributes": {
            "arn": "arn:aws:ec2:us-east-1:580741598336:subnet/subnet-083d957ab4812e600",
            "assign_ipv6_address_on_creation": false,
            "availability_zone": "us-east-1a",
            "availability_zone_id": "use1-az2",
            "cidr_block": "10.0.15.0/24",
            "customer_owned_ipv4_pool": "",
            "id": "subnet-083d957ab4812e600",
            "ipv6_cidr_block": "",
            "ipv6_cidr_block_association_id": "",
            "map_customer_owned_ip_on_launch": false,
            "map_public_ip_on_launch": false,
            "outpost_arn": "",
            "owner_id": "580741598336",
            "tags": {
              "Name": "PM4-example-BackEnd-Subnet-A"
            },
            "tags_all": {
              "Name": "PM4-example-BackEnd-Subnet-A"
            },
            "timeouts": null,
            "vpc_id": "vpc-09dc4f72e538d074c"
          },
          "sensitive_attributes": [],
          "private": "eyJlMmJmYjczMC1lY2FhLTExZTYtOGY4OC0zNDM2M2JjN2M0YzAiOnsiY3JlYXRlIjo2MDAwMDAwMDAwMDAsImRlbGV0ZSI6MTIwMDAwMDAwMDAwMH0sInNjaGVtYV92ZXJzaW9uIjoiMSJ9",
          "dependencies": [
            "module.compute.aws_vpc.pm4_client_vpc",
            "module.compute.data.aws_availability_zones.pm4_client_azs"
          ]
        }
      ]
    },
    {
      "module": "module.compute",
      "mode": "managed",
      "type": "aws_subnet",
      "name": "pm4_backend_b",
      "provider": "provider[\"registry.terraform.io/hashicorp/aws\"]",
      "instances": [
        {
          "schema_version": 1,
          "attributes": {
            "arn": "arn:aws:ec2:us-east-1:580741598336:subnet/subnet-009d404e4af71156e",
            "assign_ipv6_address_on_creation": false,
            "availability_zone": "us-east-1b",
            "availability_zone_id": "use1-az4",
            "cidr_block": "10.0.16.0/24",
            "customer_owned_ipv4_pool": "",
            "id": "subnet-009d404e4af71156e",
            "ipv6_cidr_block": "",
            "ipv6_cidr_block_association_id": "",
            "map_customer_owned_ip_on_launch": false,
            "map_public_ip_on_launch": false,
            "outpost_arn": "",
            "owner_id": "580741598336",
            "tags": {
              "Name": "PM4-example-BackEnd-Subnet-B"
            },
            "tags_all": {
              "Name": "PM4-example-BackEnd-Subnet-B"
            },
            "timeouts": null,
            "vpc_id": "vpc-09dc4f72e538d074c"
          },
          "sensitive_attributes": [],
          "private": "eyJlMmJmYjczMC1lY2FhLTExZTYtOGY4OC0zNDM2M2JjN2M0YzAiOnsiY3JlYXRlIjo2MDAwMDAwMDAwMDAsImRlbGV0ZSI6MTIwMDAwMDAwMDAwMH0sInNjaGVtYV92ZXJzaW9uIjoiMSJ9",
          "dependencies": [
            "module.compute.aws_vpc.pm4_client_vpc",
            "module.compute.data.aws_availability_zones.pm4_client_azs"
          ]
        }
      ]
    },
    {
      "module": "module.compute",
      "mode": "managed",
      "type": "aws_subnet",
      "name": "pm4_dmz_a",
      "provider": "provider[\"registry.terraform.io/hashicorp/aws\"]",
      "instances": [
        {
          "schema_version": 1,
          "attributes": {
            "arn": "arn:aws:ec2:us-east-1:580741598336:subnet/subnet-01fbe0e5a09971b1a",
            "assign_ipv6_address_on_creation": false,
            "availability_zone": "us-east-1a",
            "availability_zone_id": "use1-az2",
            "cidr_block": "10.0.1.0/24",
            "customer_owned_ipv4_pool": "",
            "id": "subnet-01fbe0e5a09971b1a",
            "ipv6_cidr_block": "",
            "ipv6_cidr_block_association_id": "",
            "map_customer_owned_ip_on_launch": false,
            "map_public_ip_on_launch": false,
            "outpost_arn": "",
            "owner_id": "580741598336",
            "tags": {
              "Name": "PM4-example-DMZ-Subnet-A"
            },
            "tags_all": {
              "Name": "PM4-example-DMZ-Subnet-A"
            },
            "timeouts": null,
            "vpc_id": "vpc-09dc4f72e538d074c"
          },
          "sensitive_attributes": [],
          "private": "eyJlMmJmYjczMC1lY2FhLTExZTYtOGY4OC0zNDM2M2JjN2M0YzAiOnsiY3JlYXRlIjo2MDAwMDAwMDAwMDAsImRlbGV0ZSI6MTIwMDAwMDAwMDAwMH0sInNjaGVtYV92ZXJzaW9uIjoiMSJ9",
          "dependencies": [
            "module.compute.aws_vpc.pm4_client_vpc",
            "module.compute.data.aws_availability_zones.pm4_client_azs"
          ]
        }
      ]
    },
    {
      "module": "module.compute",
      "mode": "managed",
      "type": "aws_subnet",
      "name": "pm4_dmz_b",
      "provider": "provider[\"registry.terraform.io/hashicorp/aws\"]",
      "instances": [
        {
          "schema_version": 1,
          "attributes": {
            "arn": "arn:aws:ec2:us-east-1:580741598336:subnet/subnet-05873ead6d3fceeb7",
            "assign_ipv6_address_on_creation": false,
            "availability_zone": "us-east-1b",
            "availability_zone_id": "use1-az4",
            "cidr_block": "10.0.2.0/24",
            "customer_owned_ipv4_pool": "",
            "id": "subnet-05873ead6d3fceeb7",
            "ipv6_cidr_block": "",
            "ipv6_cidr_block_association_id": "",
            "map_customer_owned_ip_on_launch": false,
            "map_public_ip_on_launch": false,
            "outpost_arn": "",
            "owner_id": "580741598336",
            "tags": {
              "Name": "PM4-example-DMZ-Subnet-B"
            },
            "tags_all": {
              "Name": "PM4-example-DMZ-Subnet-B"
            },
            "timeouts": null,
            "vpc_id": "vpc-09dc4f72e538d074c"
          },
          "sensitive_attributes": [],
          "private": "eyJlMmJmYjczMC1lY2FhLTExZTYtOGY4OC0zNDM2M2JjN2M0YzAiOnsiY3JlYXRlIjo2MDAwMDAwMDAwMDAsImRlbGV0ZSI6MTIwMDAwMDAwMDAwMH0sInNjaGVtYV92ZXJzaW9uIjoiMSJ9",
          "dependencies": [
            "module.compute.aws_vpc.pm4_client_vpc",
            "module.compute.data.aws_availability_zones.pm4_client_azs"
          ]
        }
      ]
    },
    {
      "module": "module.compute",
      "mode": "managed",
      "type": "aws_subnet",
      "name": "pm4_efs_a",
      "provider": "provider[\"registry.terraform.io/hashicorp/aws\"]",
      "instances": [
        {
          "schema_version": 1,
          "attributes": {
            "arn": "arn:aws:ec2:us-east-1:580741598336:subnet/subnet-0af4a44dc5a4804e4",
            "assign_ipv6_address_on_creation": false,
            "availability_zone": "us-east-1a",
            "availability_zone_id": "use1-az2",
            "cidr_block": "10.0.5.0/24",
            "customer_owned_ipv4_pool": "",
            "id": "subnet-0af4a44dc5a4804e4",
            "ipv6_cidr_block": "",
            "ipv6_cidr_block_association_id": "",
            "map_customer_owned_ip_on_launch": false,
            "map_public_ip_on_launch": false,
            "outpost_arn": "",
            "owner_id": "580741598336",
            "tags": {
              "Name": "PM4-example-EFS-Subnet-A"
            },
            "tags_all": {
              "Name": "PM4-example-EFS-Subnet-A"
            },
            "timeouts": null,
            "vpc_id": "vpc-09dc4f72e538d074c"
          },
          "sensitive_attributes": [],
          "private": "eyJlMmJmYjczMC1lY2FhLTExZTYtOGY4OC0zNDM2M2JjN2M0YzAiOnsiY3JlYXRlIjo2MDAwMDAwMDAwMDAsImRlbGV0ZSI6MTIwMDAwMDAwMDAwMH0sInNjaGVtYV92ZXJzaW9uIjoiMSJ9",
          "dependencies": [
            "module.compute.aws_vpc.pm4_client_vpc",
            "module.compute.data.aws_availability_zones.pm4_client_azs"
          ]
        }
      ]
    },
    {
      "module": "module.compute",
      "mode": "managed",
      "type": "aws_subnet",
      "name": "pm4_efs_b",
      "provider": "provider[\"registry.terraform.io/hashicorp/aws\"]",
      "instances": [
        {
          "schema_version": 1,
          "attributes": {
            "arn": "arn:aws:ec2:us-east-1:580741598336:subnet/subnet-038b2a60929bb7ade",
            "assign_ipv6_address_on_creation": false,
            "availability_zone": "us-east-1b",
            "availability_zone_id": "use1-az4",
            "cidr_block": "10.0.6.0/24",
            "customer_owned_ipv4_pool": "",
            "id": "subnet-038b2a60929bb7ade",
            "ipv6_cidr_block": "",
            "ipv6_cidr_block_association_id": "",
            "map_customer_owned_ip_on_launch": false,
            "map_public_ip_on_launch": false,
            "outpost_arn": "",
            "owner_id": "580741598336",
            "tags": {
              "Name": "PM4-example-EFS-Subnet-B"
            },
            "tags_all": {
              "Name": "PM4-example-EFS-Subnet-B"
            },
            "timeouts": null,
            "vpc_id": "vpc-09dc4f72e538d074c"
          },
          "sensitive_attributes": [],
          "private": "eyJlMmJmYjczMC1lY2FhLTExZTYtOGY4OC0zNDM2M2JjN2M0YzAiOnsiY3JlYXRlIjo2MDAwMDAwMDAwMDAsImRlbGV0ZSI6MTIwMDAwMDAwMDAwMH0sInNjaGVtYV92ZXJzaW9uIjoiMSJ9",
          "dependencies": [
            "module.compute.aws_vpc.pm4_client_vpc",
            "module.compute.data.aws_availability_zones.pm4_client_azs"
          ]
        }
      ]
    },
    {
      "module": "module.compute",
      "mode": "managed",
      "type": "aws_subnet",
      "name": "pm4_redis_a",
      "provider": "provider[\"registry.terraform.io/hashicorp/aws\"]",
      "instances": [
        {
          "schema_version": 1,
          "attributes": {
            "arn": "arn:aws:ec2:us-east-1:580741598336:subnet/subnet-00ef35244376a8fd1",
            "assign_ipv6_address_on_creation": false,
            "availability_zone": "us-east-1a",
            "availability_zone_id": "use1-az2",
            "cidr_block": "10.0.7.0/24",
            "customer_owned_ipv4_pool": "",
            "id": "subnet-00ef35244376a8fd1",
            "ipv6_cidr_block": "",
            "ipv6_cidr_block_association_id": "",
            "map_customer_owned_ip_on_launch": false,
            "map_public_ip_on_launch": false,
            "outpost_arn": "",
            "owner_id": "580741598336",
            "tags": {
              "Name": "PM4-example-Redis-Subnet-A"
            },
            "tags_all": {
              "Name": "PM4-example-Redis-Subnet-A"
            },
            "timeouts": null,
            "vpc_id": "vpc-09dc4f72e538d074c"
          },
          "sensitive_attributes": [],
          "private": "eyJlMmJmYjczMC1lY2FhLTExZTYtOGY4OC0zNDM2M2JjN2M0YzAiOnsiY3JlYXRlIjo2MDAwMDAwMDAwMDAsImRlbGV0ZSI6MTIwMDAwMDAwMDAwMH0sInNjaGVtYV92ZXJzaW9uIjoiMSJ9",
          "dependencies": [
            "module.compute.aws_vpc.pm4_client_vpc",
            "module.compute.data.aws_availability_zones.pm4_client_azs"
          ]
        }
      ]
    },
    {
      "module": "module.compute",
      "mode": "managed",
      "type": "aws_subnet",
      "name": "pm4_redis_b",
      "provider": "provider[\"registry.terraform.io/hashicorp/aws\"]",
      "instances": [
        {
          "schema_version": 1,
          "attributes": {
            "arn": "arn:aws:ec2:us-east-1:580741598336:subnet/subnet-03e443b8a77799334",
            "assign_ipv6_address_on_creation": false,
            "availability_zone": "us-east-1b",
            "availability_zone_id": "use1-az4",
            "cidr_block": "10.0.8.0/24",
            "customer_owned_ipv4_pool": "",
            "id": "subnet-03e443b8a77799334",
            "ipv6_cidr_block": "",
            "ipv6_cidr_block_association_id": "",
            "map_customer_owned_ip_on_launch": false,
            "map_public_ip_on_launch": false,
            "outpost_arn": "",
            "owner_id": "580741598336",
            "tags": {
              "Name": "PM4-example-Redis-Subnet-B"
            },
            "tags_all": {
              "Name": "PM4-example-Redis-Subnet-B"
            },
            "timeouts": null,
            "vpc_id": "vpc-09dc4f72e538d074c"
          },
          "sensitive_attributes": [],
          "private": "eyJlMmJmYjczMC1lY2FhLTExZTYtOGY4OC0zNDM2M2JjN2M0YzAiOnsiY3JlYXRlIjo2MDAwMDAwMDAwMDAsImRlbGV0ZSI6MTIwMDAwMDAwMDAwMH0sInNjaGVtYV92ZXJzaW9uIjoiMSJ9",
          "dependencies": [
            "module.compute.aws_vpc.pm4_client_vpc",
            "module.compute.data.aws_availability_zones.pm4_client_azs"
          ]
        }
      ]
    },
    {
      "module": "module.compute",
      "mode": "managed",
      "type": "aws_subnet",
      "name": "pm4_tasks_a",
      "provider": "provider[\"registry.terraform.io/hashicorp/aws\"]",
      "instances": [
        {
          "schema_version": 1,
          "attributes": {
            "arn": "arn:aws:ec2:us-east-1:580741598336:subnet/subnet-0be149c20f8d825aa",
            "assign_ipv6_address_on_creation": false,
            "availability_zone": "us-east-1a",
            "availability_zone_id": "use1-az2",
            "cidr_block": "10.0.9.0/24",
            "customer_owned_ipv4_pool": "",
            "id": "subnet-0be149c20f8d825aa",
            "ipv6_cidr_block": "",
            "ipv6_cidr_block_association_id": "",
            "map_customer_owned_ip_on_launch": false,
            "map_public_ip_on_launch": false,
            "outpost_arn": "",
            "owner_id": "580741598336",
            "tags": {
              "Name": "PM4-example-Tasks-Subnet-A"
            },
            "tags_all": {
              "Name": "PM4-example-Tasks-Subnet-A"
            },
            "timeouts": null,
            "vpc_id": "vpc-09dc4f72e538d074c"
          },
          "sensitive_attributes": [],
          "private": "eyJlMmJmYjczMC1lY2FhLTExZTYtOGY4OC0zNDM2M2JjN2M0YzAiOnsiY3JlYXRlIjo2MDAwMDAwMDAwMDAsImRlbGV0ZSI6MTIwMDAwMDAwMDAwMH0sInNjaGVtYV92ZXJzaW9uIjoiMSJ9",
          "dependencies": [
            "module.compute.aws_vpc.pm4_client_vpc",
            "module.compute.data.aws_availability_zones.pm4_client_azs"
          ],
          "create_before_destroy": true
        }
      ]
    },
    {
      "module": "module.compute",
      "mode": "managed",
      "type": "aws_subnet",
      "name": "pm4_tasks_b",
      "provider": "provider[\"registry.terraform.io/hashicorp/aws\"]",
      "instances": [
        {
          "schema_version": 1,
          "attributes": {
            "arn": "arn:aws:ec2:us-east-1:580741598336:subnet/subnet-0d7c3a3880003d6e6",
            "assign_ipv6_address_on_creation": false,
            "availability_zone": "us-east-1b",
            "availability_zone_id": "use1-az4",
            "cidr_block": "10.0.10.0/24",
            "customer_owned_ipv4_pool": "",
            "id": "subnet-0d7c3a3880003d6e6",
            "ipv6_cidr_block": "",
            "ipv6_cidr_block_association_id": "",
            "map_customer_owned_ip_on_launch": false,
            "map_public_ip_on_launch": false,
            "outpost_arn": "",
            "owner_id": "580741598336",
            "tags": {
              "Name": "PM4-example-Tasks-Subnet-B"
            },
            "tags_all": {
              "Name": "PM4-example-Tasks-Subnet-B"
            },
            "timeouts": null,
            "vpc_id": "vpc-09dc4f72e538d074c"
          },
          "sensitive_attributes": [],
          "private": "eyJlMmJmYjczMC1lY2FhLTExZTYtOGY4OC0zNDM2M2JjN2M0YzAiOnsiY3JlYXRlIjo2MDAwMDAwMDAwMDAsImRlbGV0ZSI6MTIwMDAwMDAwMDAwMH0sInNjaGVtYV92ZXJzaW9uIjoiMSJ9",
          "dependencies": [
            "module.compute.aws_vpc.pm4_client_vpc",
            "module.compute.data.aws_availability_zones.pm4_client_azs"
          ],
          "create_before_destroy": true
        }
      ]
    },
    {
      "module": "module.compute",
      "mode": "managed",
      "type": "aws_subnet",
      "name": "pm4_web_a",
      "provider": "provider[\"registry.terraform.io/hashicorp/aws\"]",
      "instances": [
        {
          "schema_version": 1,
          "attributes": {
            "arn": "arn:aws:ec2:us-east-1:580741598336:subnet/subnet-08c42a7b9d1e1740a",
            "assign_ipv6_address_on_creation": false,
            "availability_zone": "us-east-1a",
            "availability_zone_id": "use1-az2",
            "cidr_block": "10.0.11.0/24",
            "customer_owned_ipv4_pool": "",
            "id": "subnet-08c42a7b9d1e1740a",
            "ipv6_cidr_block": "",
            "ipv6_cidr_block_association_id": "",
            "map_customer_owned_ip_on_launch": false,
            "map_public_ip_on_launch": false,
            "outpost_arn": "",
            "owner_id": "580741598336",
            "tags": {
              "Name": "PM4-example-Web-Subnet-A"
            },
            "tags_all": {
              "Name": "PM4-example-Web-Subnet-A"
            },
            "timeouts": null,
            "vpc_id": "vpc-09dc4f72e538d074c"
          },
          "sensitive_attributes": [],
          "private": "eyJlMmJmYjczMC1lY2FhLTExZTYtOGY4OC0zNDM2M2JjN2M0YzAiOnsiY3JlYXRlIjo2MDAwMDAwMDAwMDAsImRlbGV0ZSI6MTIwMDAwMDAwMDAwMH0sInNjaGVtYV92ZXJzaW9uIjoiMSJ9",
          "dependencies": [
            "module.compute.aws_vpc.pm4_client_vpc",
            "module.compute.data.aws_availability_zones.pm4_client_azs"
          ],
          "create_before_destroy": true
        }
      ]
    },
    {
      "module": "module.compute",
      "mode": "managed",
      "type": "aws_subnet",
      "name": "pm4_web_b",
      "provider": "provider[\"registry.terraform.io/hashicorp/aws\"]",
      "instances": [
        {
          "schema_version": 1,
          "attributes": {
            "arn": "arn:aws:ec2:us-east-1:580741598336:subnet/subnet-07e9a1a9fc8b6a349",
            "assign_ipv6_address_on_creation": false,
            "availability_zone": "us-east-1b",
            "availability_zone_id": "use1-az4",
            "cidr_block": "10.0.12.0/24",
            "customer_owned_ipv4_pool": "",
            "id": "subnet-07e9a1a9fc8b6a349",
            "ipv6_cidr_block": "",
            "ipv6_cidr_block_association_id": "",
            "map_customer_owned_ip_on_launch": false,
            "map_public_ip_on_launch": false,
            "outpost_arn": "",
            "owner_id": "580741598336",
            "tags": {
              "Name": "PM4-example-Web-Subnet-B"
            },
            "tags_all": {
              "Name": "PM4-example-Web-Subnet-B"
            },
            "timeouts": null,
            "vpc_id": "vpc-09dc4f72e538d074c"
          },
          "sensitive_attributes": [],
          "private": "eyJlMmJmYjczMC1lY2FhLTExZTYtOGY4OC0zNDM2M2JjN2M0YzAiOnsiY3JlYXRlIjo2MDAwMDAwMDAwMDAsImRlbGV0ZSI6MTIwMDAwMDAwMDAwMH0sInNjaGVtYV92ZXJzaW9uIjoiMSJ9",
          "dependencies": [
            "module.compute.aws_vpc.pm4_client_vpc",
            "module.compute.data.aws_availability_zones.pm4_client_azs"
          ],
          "create_before_destroy": true
        }
      ]
    },
    {
      "module": "module.compute",
      "mode": "managed",
      "type": "aws_vpc",
      "name": "pm4_client_vpc",
      "provider": "provider[\"registry.terraform.io/hashicorp/aws\"]",
      "instances": [
        {
          "schema_version": 1,
          "attributes": {
            "arn": "arn:aws:ec2:us-east-1:580741598336:vpc/vpc-09dc4f72e538d074c",
            "assign_generated_ipv6_cidr_block": false,
            "cidr_block": "10.0.0.0/16",
            "default_network_acl_id": "acl-06c619c652427e740",
            "default_route_table_id": "rtb-011b5bc99b09c68ed",
            "default_security_group_id": "sg-079007c7f095e7845",
            "dhcp_options_id": "dopt-0edd770d7b34e3be2",
            "enable_classiclink": false,
            "enable_classiclink_dns_support": false,
            "enable_dns_hostnames": true,
            "enable_dns_support": true,
            "id": "vpc-09dc4f72e538d074c",
            "instance_tenancy": "default",
            "ipv6_association_id": "",
            "ipv6_cidr_block": "",
            "main_route_table_id": "rtb-011b5bc99b09c68ed",
            "owner_id": "580741598336",
            "tags": {
              "Name": "PM4-example-VPC"
            },
            "tags_all": {
              "Name": "PM4-example-VPC"
            }
          },
          "sensitive_attributes": [],
          "private": "eyJzY2hlbWFfdmVyc2lvbiI6IjEifQ==",
          "create_before_destroy": true
        }
      ]
    }
  ]
}
