{
  "version": 4,
  "terraform_version": "0.15.3",
  "serial": 67,
  "lineage": "6a51a2ab-0575-e329-07c9-6d8e35c00542",
  "outputs": {},
  "resources": [
    {
      "module": "module.compute",
      "mode": "data",
      "type": "aws_availability_zones",
      "name": "pm4_client_azs",
      "provider": "provider[\"registry.terraform.io/hashicorp/aws\"]",
      "instances": [
        {
          "schema_version": 0,
          "attributes": {
            "all_availability_zones": null,
            "exclude_names": null,
            "exclude_zone_ids": null,
            "filter": null,
            "group_names": [
              "us-east-1"
            ],
            "id": "us-east-1",
            "names": [
              "us-east-1a",
              "us-east-1b",
              "us-east-1c",
              "us-east-1d",
              "us-east-1e",
              "us-east-1f"
            ],
            "state": "available",
            "zone_ids": [
              "use1-az2",
              "use1-az4",
              "use1-az6",
              "use1-az1",
              "use1-az3",
              "use1-az5"
            ]
          },
          "sensitive_attributes": []
        }
      ]
    },
    {
      "module": "module.compute",
      "mode": "data",
      "type": "template_file",
      "name": "userdata",
      "provider": "provider[\"registry.terraform.io/hashicorp/template\"]",
      "instances": [
        {
          "schema_version": 0,
          "attributes": {
            "filename": null,
            "id": "ed73650ef96a6c30c9a4004f336fd7186d5b419114d8a1e3d013819972258128",
            "rendered": "#!/bin/bash\nsleep 5m\necho \"ECS_CLUSTER=PM4-Client-ECS-Cluster\" \u003e\u003e /etc/ecs/ecs.config\nyum install -y amazon-efs-tools\nmkdir -p /mnt/efs\necho \"$efs_id:/ /mnt/efs efs _netdev 0 0\" \u003e\u003e /etc/fstab\nmount /mnt/efs\n",
            "template": "#!/bin/bash\nsleep 5m\necho \"ECS_CLUSTER=PM4-Client-ECS-Cluster\" \u003e\u003e /etc/ecs/ecs.config\nyum install -y amazon-efs-tools\nmkdir -p /mnt/efs\necho \"$efs_id:/ /mnt/efs efs _netdev 0 0\" \u003e\u003e /etc/fstab\nmount /mnt/efs\n",
            "vars": {
              "efs_id": "fs-49379efd.efs.us-east-1.amazonaws.com"
            }
          },
          "sensitive_attributes": []
        }
      ]
    },
    {
      "module": "module.compute",
      "mode": "managed",
      "type": "aws_autoscaling_group",
      "name": "ecs_asg",
      "provider": "provider[\"registry.terraform.io/hashicorp/aws\"]",
      "instances": [
        {
          "schema_version": 0,
          "attributes": {
            "arn": "arn:aws:autoscaling:us-east-1:897085551654:autoScalingGroup:d9494eef-3d0a-403e-a929-5e81d83eae4e:autoScalingGroupName/PM4-Client-ECS-WEB-ASG",
            "availability_zones": [
              "us-east-1a",
              "us-east-1b"
            ],
            "capacity_rebalance": false,
            "default_cooldown": 300,
            "desired_capacity": 2,
            "enabled_metrics": [],
            "force_delete": false,
            "force_delete_warm_pool": false,
            "health_check_grace_period": 300,
            "health_check_type": "EC2",
            "id": "PM4-Client-ECS-WEB-ASG",
            "initial_lifecycle_hook": [],
            "instance_refresh": [],
            "launch_configuration": "PM4-Client-ECS-Web",
            "launch_template": [],
            "load_balancers": [],
            "max_instance_lifetime": 0,
            "max_size": 4,
            "metrics_granularity": "1Minute",
            "min_elb_capacity": null,
            "min_size": 2,
            "mixed_instances_policy": [],
            "name": "PM4-Client-ECS-WEB-ASG",
            "name_prefix": null,
            "placement_group": "",
            "protect_from_scale_in": false,
            "service_linked_role_arn": "arn:aws:iam::897085551654:role/aws-service-role/autoscaling.amazonaws.com/AWSServiceRoleForAutoScaling",
            "suspended_processes": [],
            "tag": [
              {
                "key": "AmazonECSManaged",
                "propagate_at_launch": true,
                "value": ""
              }
            ],
            "tags": null,
            "target_group_arns": [],
            "termination_policies": [],
            "timeouts": null,
            "vpc_zone_identifier": [
              "subnet-0844dff72ab86652f",
              "subnet-0bb71d25827b3b151"
            ],
            "wait_for_capacity_timeout": "10m",
            "wait_for_elb_capacity": null,
            "warm_pool": []
          },
          "sensitive_attributes": [],
          "private": "eyJlMmJmYjczMC1lY2FhLTExZTYtOGY4OC0zNDM2M2JjN2M0YzAiOnsiZGVsZXRlIjo2MDAwMDAwMDAwMDB9fQ==",
          "dependencies": [
            "module.compute.aws_iam_role.ecs-ec2-role",
            "module.compute.aws_security_group.pm4_web_sg",
            "module.compute.aws_subnet.pm4_web_a",
            "module.compute.data.aws_availability_zones.pm4_client_azs",
            "module.compute.aws_vpc.pm4_client_vpc",
            "module.compute.aws_iam_instance_profile.ecs_ec2_role",
            "module.compute.aws_key_pair.pm4_nat_key",
            "module.compute.aws_launch_configuration.ecs_lc",
            "module.compute.aws_subnet.pm4_web_b"
          ],
          "create_before_destroy": true
        }
      ]
    },
    {
      "module": "module.compute",
      "mode": "managed",
      "type": "aws_autoscaling_group",
      "name": "workers_asg",
      "provider": "provider[\"registry.terraform.io/hashicorp/aws\"]",
      "instances": [
        {
          "schema_version": 0,
          "attributes": {
            "arn": "arn:aws:autoscaling:us-east-1:897085551654:autoScalingGroup:c410cdca-f898-4646-b4ab-6ce7691786f5:autoScalingGroupName/PM4-Client-Workers",
            "availability_zones": [
              "us-east-1a",
              "us-east-1b"
            ],
            "capacity_rebalance": false,
            "default_cooldown": 300,
            "desired_capacity": 2,
            "enabled_metrics": [],
            "force_delete": false,
            "force_delete_warm_pool": false,
            "health_check_grace_period": 300,
            "health_check_type": "EC2",
            "id": "PM4-Client-Workers",
            "initial_lifecycle_hook": [],
            "instance_refresh": [],
            "launch_configuration": "PM4-Client-Workers",
            "launch_template": [],
            "load_balancers": [],
            "max_instance_lifetime": 0,
            "max_size": 4,
            "metrics_granularity": "1Minute",
            "min_elb_capacity": null,
            "min_size": 2,
            "mixed_instances_policy": [],
            "name": "PM4-Client-Workers",
            "name_prefix": null,
            "placement_group": "",
            "protect_from_scale_in": false,
            "service_linked_role_arn": "arn:aws:iam::897085551654:role/aws-service-role/autoscaling.amazonaws.com/AWSServiceRoleForAutoScaling",
            "suspended_processes": [],
            "tag": [],
            "tags": null,
            "target_group_arns": [],
            "termination_policies": [],
            "timeouts": null,
            "vpc_zone_identifier": [
              "subnet-08de3d79b9eae9569",
              "subnet-09ca3069d71be23ce"
            ],
            "wait_for_capacity_timeout": "10m",
            "wait_for_elb_capacity": null,
            "warm_pool": []
          },
          "sensitive_attributes": [],
          "private": "eyJlMmJmYjczMC1lY2FhLTExZTYtOGY4OC0zNDM2M2JjN2M0YzAiOnsiZGVsZXRlIjo2MDAwMDAwMDAwMDB9fQ==",
          "dependencies": [
            "module.compute.data.aws_availability_zones.pm4_client_azs",
            "module.compute.aws_key_pair.pm4_nat_key",
            "module.compute.aws_launch_configuration.workers_lc",
            "module.compute.aws_security_group.pm4_tasks_sg",
            "module.compute.aws_subnet.pm4_tasks_a",
            "module.compute.aws_subnet.pm4_tasks_b",
            "module.compute.aws_vpc.pm4_client_vpc"
          ],
          "create_before_destroy": true
        }
      ]
    },
    {
      "module": "module.compute",
      "mode": "managed",
      "type": "aws_docdb_subnet_group",
      "name": "pm4_subnet_group",
      "provider": "provider[\"registry.terraform.io/hashicorp/aws\"]",
      "instances": [
        {
          "schema_version": 0,
          "attributes": {
            "arn": "arn:aws:rds:us-east-1:897085551654:subgrp:pm4_client_subnet_group",
            "description": "Managed by Terraform",
            "id": "pm4_client_subnet_group",
            "name": "pm4_client_subnet_group",
            "name_prefix": null,
            "subnet_ids": [
              "subnet-005f632098eaf05d2",
              "subnet-03727e82a1c1c8d8e"
            ],
            "tags": {
              "Name": "PM4-Client-Subnet-Group"
            },
            "tags_all": {
              "Name": "PM4-Client-Subnet-Group"
            }
          },
          "sensitive_attributes": [],
          "private": "bnVsbA==",
          "dependencies": [
            "module.compute.aws_subnet.pm4_backend_a",
            "module.compute.aws_subnet.pm4_backend_b"
          ]
        }
      ]
    },
    {
      "module": "module.compute",
      "mode": "managed",
      "type": "aws_ecs_cluster",
      "name": "pm4_ecs_cluster",
      "provider": "provider[\"registry.terraform.io/hashicorp/aws\"]",
      "instances": [
        {
          "schema_version": 0,
          "attributes": {
            "arn": "arn:aws:ecs:us-east-1:897085551654:cluster/PM4-Client-ECS",
            "capacity_providers": [],
            "default_capacity_provider_strategy": [],
            "id": "arn:aws:ecs:us-east-1:897085551654:cluster/PM4-Client-ECS",
            "name": "PM4-Client-ECS",
            "setting": [
              {
                "name": "containerInsights",
                "value": "disabled"
              }
            ],
            "tags": {},
            "tags_all": {}
          },
          "sensitive_attributes": [],
          "private": "bnVsbA=="
        }
      ]
    },
    {
      "module": "module.compute",
      "mode": "managed",
      "type": "aws_efs_file_system",
      "name": "fs_efs",
      "provider": "provider[\"registry.terraform.io/hashicorp/aws\"]",
      "instances": [
        {
          "schema_version": 0,
          "attributes": {
            "arn": "arn:aws:elasticfilesystem:us-east-1:897085551654:file-system/fs-49379efd",
            "availability_zone_id": "",
            "availability_zone_name": "",
            "creation_token": "efs-file-system",
            "dns_name": "fs-49379efd.efs.us-east-1.amazonaws.com",
            "encrypted": false,
            "id": "fs-49379efd",
            "kms_key_id": "",
            "lifecycle_policy": [],
            "number_of_mount_targets": 2,
            "owner_id": "897085551654",
            "performance_mode": "generalPurpose",
            "provisioned_throughput_in_mibps": 0,
            "size_in_bytes": [
              {
                "value": 6144,
                "value_in_ia": 0,
                "value_in_standard": 6144
              }
            ],
            "tags": {
              "Name": "PM4-Client-EFS"
            },
            "tags_all": {
              "Name": "PM4-Client-EFS"
            },
            "throughput_mode": "bursting"
          },
          "sensitive_attributes": [],
          "private": "bnVsbA=="
        }
      ]
    },
    {
      "module": "module.compute",
      "mode": "managed",
      "type": "aws_efs_mount_target",
      "name": "fs_efs_mount_a",
      "provider": "provider[\"registry.terraform.io/hashicorp/aws\"]",
      "instances": [
        {
          "schema_version": 0,
          "attributes": {
            "availability_zone_id": "use1-az2",
            "availability_zone_name": "us-east-1a",
            "dns_name": "fs-49379efd.efs.us-east-1.amazonaws.com",
            "file_system_arn": "arn:aws:elasticfilesystem:us-east-1:897085551654:file-system/fs-49379efd",
            "file_system_id": "fs-49379efd",
            "id": "fsmt-3962d58c",
            "ip_address": "10.0.5.9",
            "mount_target_dns_name": "us-east-1a.fs-49379efd.efs.us-east-1.amazonaws.com",
            "network_interface_id": "eni-0aa8aa080fc3176ba",
            "owner_id": "897085551654",
            "security_groups": [
              "sg-042e03f1c49470183"
            ],
            "subnet_id": "subnet-0a128baf47729f421"
          },
          "sensitive_attributes": [],
          "private": "bnVsbA==",
          "dependencies": [
            "module.compute.aws_subnet.pm4_efs_a",
            "module.compute.aws_vpc.pm4_client_vpc",
            "module.compute.data.aws_availability_zones.pm4_client_azs",
            "module.compute.aws_efs_file_system.fs_efs",
            "module.compute.aws_security_group.pm4_efs_sg",
            "module.compute.aws_security_group.pm4_tasks_sg",
            "module.compute.aws_security_group.pm4_web_sg"
          ]
        }
      ]
    },
    {
      "module": "module.compute",
      "mode": "managed",
      "type": "aws_efs_mount_target",
      "name": "fs_efs_mount_b",
      "provider": "provider[\"registry.terraform.io/hashicorp/aws\"]",
      "instances": [
        {
          "schema_version": 0,
          "attributes": {
            "availability_zone_id": "use1-az4",
            "availability_zone_name": "us-east-1b",
            "dns_name": "fs-49379efd.efs.us-east-1.amazonaws.com",
            "file_system_arn": "arn:aws:elasticfilesystem:us-east-1:897085551654:file-system/fs-49379efd",
            "file_system_id": "fs-49379efd",
            "id": "fsmt-3862d58d",
            "ip_address": "10.0.6.160",
            "mount_target_dns_name": "us-east-1b.fs-49379efd.efs.us-east-1.amazonaws.com",
            "network_interface_id": "eni-02b52a8be96d8d215",
            "owner_id": "897085551654",
            "security_groups": [
              "sg-042e03f1c49470183"
            ],
            "subnet_id": "subnet-0154be5e3e613e38f"
          },
          "sensitive_attributes": [],
          "private": "bnVsbA==",
          "dependencies": [
            "module.compute.aws_security_group.pm4_tasks_sg",
            "module.compute.aws_security_group.pm4_web_sg",
            "module.compute.aws_subnet.pm4_efs_b",
            "module.compute.aws_vpc.pm4_client_vpc",
            "module.compute.data.aws_availability_zones.pm4_client_azs",
            "module.compute.aws_efs_file_system.fs_efs",
            "module.compute.aws_security_group.pm4_efs_sg"
          ]
        }
      ]
    },
    {
      "module": "module.compute",
      "mode": "managed",
      "type": "aws_eip",
      "name": "nat_eip_a",
      "provider": "provider[\"registry.terraform.io/hashicorp/aws\"]",
      "instances": [
        {
          "schema_version": 0,
          "attributes": {
            "address": null,
            "allocation_id": null,
            "associate_with_private_ip": null,
            "association_id": "eipassoc-057363f3fe0f574b2",
            "carrier_ip": "",
            "customer_owned_ip": "",
            "customer_owned_ipv4_pool": "",
            "domain": "vpc",
            "id": "eipalloc-0bd934be19ad76bfa",
            "instance": "i-0079b6d6b6fae174c",
            "network_border_group": "us-east-1",
            "network_interface": "eni-0bc7dc598366aadde",
            "private_dns": "ip-10-0-1-219.ec2.internal",
            "private_ip": "10.0.1.219",
            "public_dns": "ec2-52-22-71-139.compute-1.amazonaws.com",
            "public_ip": "52.22.71.139",
            "public_ipv4_pool": "amazon",
            "tags": {},
            "tags_all": {},
            "timeouts": null,
            "vpc": true
          },
          "sensitive_attributes": [],
          "private": "eyJlMmJmYjczMC1lY2FhLTExZTYtOGY4OC0zNDM2M2JjN2M0YzAiOnsiZGVsZXRlIjoxODAwMDAwMDAwMDAsInJlYWQiOjkwMDAwMDAwMDAwMCwidXBkYXRlIjozMDAwMDAwMDAwMDB9fQ==",
          "dependencies": [
            "module.compute.aws_subnet.pm4_dmz_a",
            "module.compute.aws_vpc.pm4_client_vpc",
            "module.compute.data.aws_availability_zones.pm4_client_azs",
            "module.compute.aws_network_interface.pm4_nat_interface_a"
          ]
        }
      ]
    },
    {
      "module": "module.compute",
      "mode": "managed",
      "type": "aws_eip",
      "name": "nat_eip_b",
      "provider": "provider[\"registry.terraform.io/hashicorp/aws\"]",
      "instances": [
        {
          "schema_version": 0,
          "attributes": {
            "address": null,
            "allocation_id": null,
            "associate_with_private_ip": null,
            "association_id": "eipassoc-0769440ecd134ca22",
            "carrier_ip": "",
            "customer_owned_ip": "",
            "customer_owned_ipv4_pool": "",
            "domain": "vpc",
            "id": "eipalloc-019e48139c0e07259",
            "instance": "i-02c21d0cd24d4f70e",
            "network_border_group": "us-east-1",
            "network_interface": "eni-011ccf6283dfb7620",
            "private_dns": "ip-10-0-2-7.ec2.internal",
            "private_ip": "10.0.2.7",
            "public_dns": "ec2-35-168-128-108.compute-1.amazonaws.com",
            "public_ip": "35.168.128.108",
            "public_ipv4_pool": "amazon",
            "tags": {},
            "tags_all": {},
            "timeouts": null,
            "vpc": true
          },
          "sensitive_attributes": [],
          "private": "eyJlMmJmYjczMC1lY2FhLTExZTYtOGY4OC0zNDM2M2JjN2M0YzAiOnsiZGVsZXRlIjoxODAwMDAwMDAwMDAsInJlYWQiOjkwMDAwMDAwMDAwMCwidXBkYXRlIjozMDAwMDAwMDAwMDB9fQ==",
          "dependencies": [
            "module.compute.aws_network_interface.pm4_nat_interface_b",
            "module.compute.aws_subnet.pm4_dmz_b",
            "module.compute.aws_vpc.pm4_client_vpc",
            "module.compute.data.aws_availability_zones.pm4_client_azs"
          ]
        }
      ]
    },
    {
      "module": "module.compute",
      "mode": "managed",
      "type": "aws_iam_instance_profile",
      "name": "ecs_ec2_role",
      "provider": "provider[\"registry.terraform.io/hashicorp/aws\"]",
      "instances": [
        {
          "schema_version": 0,
          "attributes": {
            "arn": "arn:aws:iam::897085551654:instance-profile/ecs-role",
            "create_date": "2021-05-17T10:27:24Z",
            "id": "ecs-role",
            "name": "ecs-role",
            "name_prefix": null,
            "path": "/",
            "role": "ecsInstanceRole",
            "tags": {},
            "tags_all": {},
            "unique_id": "AIPA5BXTXGQTBRUBWINBU"
          },
          "sensitive_attributes": [],
          "private": "bnVsbA==",
          "dependencies": [
            "module.compute.aws_iam_role.ecs-ec2-role"
          ],
          "create_before_destroy": true
        }
      ]
    },
    {
      "module": "module.compute",
      "mode": "managed",
      "type": "aws_iam_role",
      "name": "ecs-ec2-role",
      "provider": "provider[\"registry.terraform.io/hashicorp/aws\"]",
      "instances": [
        {
          "schema_version": 0,
          "attributes": {
            "arn": "arn:aws:iam::897085551654:role/ecsInstanceRole",
            "assume_role_policy": "{\"Version\":\"2012-10-17\",\"Statement\":[{\"Sid\":\"\",\"Effect\":\"Allow\",\"Principal\":{\"Service\":\"ec2.amazonaws.com\"},\"Action\":\"sts:AssumeRole\"}]}",
            "create_date": "2021-05-17T10:27:17Z",
            "description": "",
            "force_detach_policies": false,
            "id": "ecsInstanceRole",
            "inline_policy": [
              {
                "name": "ecsInstanceRole-Policy",
                "policy": "{\n    \"Version\": \"2012-10-17\",\n    \"Statement\": [\n        {\n            \"Effect\": \"Allow\",\n            \"Action\": [\n              \"ecs:CreateCluster\",\n              \"ecs:DeregisterContainerInstance\",\n              \"ecs:DiscoverPollEndpoint\",\n              \"ecs:Poll\",\n              \"ecs:RegisterContainerInstance\",\n              \"ecs:StartTelemetrySession\",\n              \"ecs:Submit*\",\n              \"ecs:StartTask\",\n              \"ecr:GetAuthorizationToken\",\n              \"ecr:BatchCheckLayerAvailability\",\n              \"ecr:GetDownloadUrlForLayer\",\n              \"ecr:BatchGetImage\",\n              \"logs:CreateLogStream\",\n              \"logs:PutLogEvents\"\n            ],\n            \"Resource\": \"*\"\n        },\n        {\n            \"Effect\": \"Allow\",\n            \"Action\": [\n                \"logs:CreateLogGroup\",\n                \"logs:CreateLogStream\",\n                \"logs:PutLogEvents\",\n                \"logs:DescribeLogStreams\"\n            ],\n            \"Resource\": [\n                \"arn:aws:logs:*:*:*\"\n            ]\n        }\n    ]\n}\n"
              }
            ],
            "managed_policy_arns": [],
            "max_session_duration": 3600,
            "name": "ecsInstanceRole",
            "name_prefix": null,
            "path": "/",
            "permissions_boundary": null,
            "tags": {
              "Name": "ecsInstanceRole"
            },
            "tags_all": {
              "Name": "ecsInstanceRole"
            },
            "unique_id": "AROA5BXTXGQTOMQK3URL5"
          },
          "sensitive_attributes": [],
          "private": "bnVsbA==",
          "create_before_destroy": true
        }
      ]
    },
    {
      "module": "module.compute",
      "mode": "managed",
      "type": "aws_iam_role_policy",
      "name": "ecs-ec2-role-policy",
      "provider": "provider[\"registry.terraform.io/hashicorp/aws\"]",
      "instances": [
        {
          "schema_version": 0,
          "attributes": {
            "id": "ecsInstanceRole:ecsInstanceRole-Policy",
            "name": "ecsInstanceRole-Policy",
            "name_prefix": null,
            "policy": "{\n    \"Version\": \"2012-10-17\",\n    \"Statement\": [\n        {\n            \"Effect\": \"Allow\",\n            \"Action\": [\n              \"ecs:CreateCluster\",\n              \"ecs:DeregisterContainerInstance\",\n              \"ecs:DiscoverPollEndpoint\",\n              \"ecs:Poll\",\n              \"ecs:RegisterContainerInstance\",\n              \"ecs:StartTelemetrySession\",\n              \"ecs:Submit*\",\n              \"ecs:StartTask\",\n              \"ecr:GetAuthorizationToken\",\n              \"ecr:BatchCheckLayerAvailability\",\n              \"ecr:GetDownloadUrlForLayer\",\n              \"ecr:BatchGetImage\",\n              \"logs:CreateLogStream\",\n              \"logs:PutLogEvents\"\n            ],\n            \"Resource\": \"*\"\n        },\n        {\n            \"Effect\": \"Allow\",\n            \"Action\": [\n                \"logs:CreateLogGroup\",\n                \"logs:CreateLogStream\",\n                \"logs:PutLogEvents\",\n                \"logs:DescribeLogStreams\"\n            ],\n            \"Resource\": [\n                \"arn:aws:logs:*:*:*\"\n            ]\n        }\n    ]\n}\n",
            "role": "ecsInstanceRole"
          },
          "sensitive_attributes": [],
          "private": "bnVsbA==",
          "dependencies": [
            "module.compute.aws_iam_role.ecs-ec2-role"
          ]
        }
      ]
    },
    {
      "module": "module.compute",
      "mode": "managed",
      "type": "aws_instance",
      "name": "pm4_nat_instance_a",
      "provider": "provider[\"registry.terraform.io/hashicorp/aws\"]",
      "instances": [
        {
          "schema_version": 1,
          "attributes": {
            "ami": "ami-00a9d4a05375b2763",
            "arn": "arn:aws:ec2:us-east-1:897085551654:instance/i-0079b6d6b6fae174c",
            "associate_public_ip_address": true,
            "availability_zone": "us-east-1a",
            "cpu_core_count": 1,
            "cpu_threads_per_core": 2,
            "credit_specification": [
              {
                "cpu_credits": "unlimited"
              }
            ],
            "disable_api_termination": false,
            "ebs_block_device": [],
            "ebs_optimized": false,
            "enclave_options": [
              {
                "enabled": false
              }
            ],
            "ephemeral_block_device": [],
            "get_password_data": false,
            "hibernation": false,
            "host_id": null,
            "iam_instance_profile": "",
            "id": "i-0079b6d6b6fae174c",
            "instance_initiated_shutdown_behavior": "stop",
            "instance_state": "running",
            "instance_type": "t3.medium",
            "ipv6_address_count": 0,
            "ipv6_addresses": [],
            "key_name": "pm4_nat_key",
            "metadata_options": [
              {
                "http_endpoint": "enabled",
                "http_put_response_hop_limit": 1,
                "http_tokens": "optional"
              }
            ],
            "monitoring": false,
            "network_interface": [
              {
                "delete_on_termination": false,
                "device_index": 0,
                "network_interface_id": "eni-0bc7dc598366aadde"
              }
            ],
            "outpost_arn": "",
            "password_data": "",
            "placement_group": "",
            "primary_network_interface_id": "eni-0bc7dc598366aadde",
            "private_dns": "ip-10-0-1-219.ec2.internal",
            "private_ip": "10.0.1.219",
            "public_dns": "ec2-52-22-71-139.compute-1.amazonaws.com",
            "public_ip": "52.22.71.139",
            "root_block_device": [
              {
                "delete_on_termination": true,
                "device_name": "/dev/xvda",
                "encrypted": false,
                "iops": 0,
                "kms_key_id": "",
                "tags": {},
                "throughput": 0,
                "volume_id": "vol-035b9c6a8e5cdbcd3",
                "volume_size": 8,
                "volume_type": "standard"
              }
            ],
            "secondary_private_ips": [],
            "security_groups": [],
            "source_dest_check": false,
            "subnet_id": "subnet-0c9f99ab8858412d7",
            "tags": {
              "Name": "PM4-NAT-Instance-A"
            },
            "tags_all": {
              "Name": "PM4-NAT-Instance-A"
            },
            "tenancy": "default",
            "timeouts": null,
            "user_data": null,
            "user_data_base64": null,
            "volume_tags": null,
            "vpc_security_group_ids": [
              "sg-066b67455e873e790",
              "sg-07dc4d1003f330546"
            ]
          },
          "sensitive_attributes": [],
          "private": "eyJlMmJmYjczMC1lY2FhLTExZTYtOGY4OC0zNDM2M2JjN2M0YzAiOnsiY3JlYXRlIjo2MDAwMDAwMDAwMDAsImRlbGV0ZSI6MTIwMDAwMDAwMDAwMCwidXBkYXRlIjo2MDAwMDAwMDAwMDB9LCJzY2hlbWFfdmVyc2lvbiI6IjEifQ==",
          "dependencies": [
            "module.compute.aws_key_pair.pm4_nat_key",
            "module.compute.aws_network_interface.pm4_nat_interface_a",
            "module.compute.aws_subnet.pm4_dmz_a",
            "module.compute.aws_vpc.pm4_client_vpc",
            "module.compute.data.aws_availability_zones.pm4_client_azs"
          ]
        }
      ]
    },
    {
      "module": "module.compute",
      "mode": "managed",
      "type": "aws_instance",
      "name": "pm4_nat_instance_b",
      "provider": "provider[\"registry.terraform.io/hashicorp/aws\"]",
      "instances": [
        {
          "schema_version": 1,
          "attributes": {
            "ami": "ami-00a9d4a05375b2763",
            "arn": "arn:aws:ec2:us-east-1:897085551654:instance/i-02c21d0cd24d4f70e",
            "associate_public_ip_address": true,
            "availability_zone": "us-east-1b",
            "cpu_core_count": 1,
            "cpu_threads_per_core": 2,
            "credit_specification": [
              {
                "cpu_credits": "unlimited"
              }
            ],
            "disable_api_termination": false,
            "ebs_block_device": [],
            "ebs_optimized": false,
            "enclave_options": [
              {
                "enabled": false
              }
            ],
            "ephemeral_block_device": [],
            "get_password_data": false,
            "hibernation": false,
            "host_id": null,
            "iam_instance_profile": "",
            "id": "i-02c21d0cd24d4f70e",
            "instance_initiated_shutdown_behavior": "stop",
            "instance_state": "running",
            "instance_type": "t3.medium",
            "ipv6_address_count": 0,
            "ipv6_addresses": [],
            "key_name": "pm4_nat_key",
            "metadata_options": [
              {
                "http_endpoint": "enabled",
                "http_put_response_hop_limit": 1,
                "http_tokens": "optional"
              }
            ],
            "monitoring": false,
            "network_interface": [
              {
                "delete_on_termination": false,
                "device_index": 0,
                "network_interface_id": "eni-011ccf6283dfb7620"
              }
            ],
            "outpost_arn": "",
            "password_data": "",
            "placement_group": "",
            "primary_network_interface_id": "eni-011ccf6283dfb7620",
            "private_dns": "ip-10-0-2-7.ec2.internal",
            "private_ip": "10.0.2.7",
            "public_dns": "ec2-35-168-128-108.compute-1.amazonaws.com",
            "public_ip": "35.168.128.108",
            "root_block_device": [
              {
                "delete_on_termination": true,
                "device_name": "/dev/xvda",
                "encrypted": false,
                "iops": 0,
                "kms_key_id": "",
                "tags": {},
                "throughput": 0,
                "volume_id": "vol-014435bec651c38b1",
                "volume_size": 8,
                "volume_type": "standard"
              }
            ],
            "secondary_private_ips": [],
            "security_groups": [],
            "source_dest_check": false,
            "subnet_id": "subnet-0d9ac215e8814e399",
            "tags": {
              "Name": "PM4-NAT-Instance-B"
            },
            "tags_all": {
              "Name": "PM4-NAT-Instance-B"
            },
            "tenancy": "default",
            "timeouts": null,
            "user_data": null,
            "user_data_base64": null,
            "volume_tags": null,
            "vpc_security_group_ids": [
              "sg-066b67455e873e790",
              "sg-07dc4d1003f330546"
            ]
          },
          "sensitive_attributes": [],
          "private": "eyJlMmJmYjczMC1lY2FhLTExZTYtOGY4OC0zNDM2M2JjN2M0YzAiOnsiY3JlYXRlIjo2MDAwMDAwMDAwMDAsImRlbGV0ZSI6MTIwMDAwMDAwMDAwMCwidXBkYXRlIjo2MDAwMDAwMDAwMDB9LCJzY2hlbWFfdmVyc2lvbiI6IjEifQ==",
          "dependencies": [
            "module.compute.aws_network_interface.pm4_nat_interface_b",
            "module.compute.aws_subnet.pm4_dmz_b",
            "module.compute.aws_vpc.pm4_client_vpc",
            "module.compute.data.aws_availability_zones.pm4_client_azs"
          ]
        }
      ]
    },
    {
      "module": "module.compute",
      "mode": "managed",
      "type": "aws_internet_gateway",
      "name": "pm4_client_igw",
      "provider": "provider[\"registry.terraform.io/hashicorp/aws\"]",
      "instances": [
        {
          "schema_version": 0,
          "attributes": {
            "arn": "arn:aws:ec2:us-east-1:897085551654:internet-gateway/igw-03ebe2ef34a5a2f53",
            "id": "igw-03ebe2ef34a5a2f53",
            "owner_id": "897085551654",
            "tags": {
              "Name": "PM4-Client-IGW"
            },
            "tags_all": {
              "Name": "PM4-Client-IGW"
            },
            "vpc_id": "vpc-0500b63b6f9ea3103"
          },
          "sensitive_attributes": [],
          "private": "bnVsbA==",
          "dependencies": [
            "module.compute.aws_vpc.pm4_client_vpc"
          ]
        }
      ]
    },
    {
      "module": "module.compute",
      "mode": "managed",
      "type": "aws_key_pair",
      "name": "pm4_nat_key",
      "provider": "provider[\"registry.terraform.io/hashicorp/aws\"]",
      "instances": [
        {
          "schema_version": 1,
          "attributes": {
            "arn": "arn:aws:ec2:us-east-1:897085551654:key-pair/pm4_nat_key",
            "fingerprint": "c5:f7:a1:58:bd:a9:ad:72:66:9d:98:6b:8a:ea:de:05",
            "id": "pm4_nat_key",
            "key_name": "pm4_nat_key",
            "key_name_prefix": null,
            "key_pair_id": "key-0dfeec01c29be6345",
            "public_key": "ssh-rsa AAAAB3NzaC1yc2EAAAADAQABAAABgQDJ43kXcr+Wn9IbUoIAJgmgIDCC+xb69nM4w/Zz4PkRDFlBwGRzS5ZnOdvh1JznqVAGrwGsGQ4ydMpvsmvnuot2G6qRSvK3mz7KSGyEkomXI3lz8AKlmSS8U5GOgP0DYHKtfOVfqGYRUSW5hrWogBY+aJb1d8SGtJOe8Qpaw2rAGT4ZjqZKZqSY3dCa/nwxN6C2ymwbHj5ieSTRGD9PUHsD3gGRHDV7Dgwxyh/AlQZFgcBg/FQf8l/gj1QqiPRC3k+kWNmcKwiM48fuSwj7v2bUNCo5nSE5maQuNymqEl02BauPLFlY3OE24QWoFyxI4ehzdgNmzWJRvs/UwoXUJlxzjLX7UVw6YuH3QKQv7ksSAXHxabpen+NU61JIQVfptFIuaH17xuHuSXkdPuxvCNwDvrzosIONK3VtTwzJe2f4A28W8GaYlIxweV919mgK1U3/0StdYystKUbuVoRkisSSPNuVz9NWjMlQYQdwjEdPFYXzahGmOw6pF86mNvkaM/E= root@linuxws",
            "tags": {
              "Name": "PM4-Client-NAT-Key"
            },
            "tags_all": {
              "Name": "PM4-Client-NAT-Key"
            }
          },
          "sensitive_attributes": [],
          "private": "eyJzY2hlbWFfdmVyc2lvbiI6IjEifQ==",
          "create_before_destroy": true
        }
      ]
    },
    {
      "module": "module.compute",
      "mode": "managed",
      "type": "aws_launch_configuration",
      "name": "ecs_lc",
      "provider": "provider[\"registry.terraform.io/hashicorp/aws\"]",
      "instances": [
        {
          "schema_version": 0,
          "attributes": {
            "arn": "arn:aws:autoscaling:us-east-1:897085551654:launchConfiguration:6d55fa55-6a3f-4e3a-be1d-8f9a4da5a1da:launchConfigurationName/PM4-Client-ECS-Web",
            "associate_public_ip_address": false,
            "ebs_block_device": [],
            "ebs_optimized": false,
            "enable_monitoring": true,
            "ephemeral_block_device": [],
            "iam_instance_profile": "ecs-role",
            "id": "PM4-Client-ECS-Web",
            "image_id": "ami-0ae3143bc8c29507d",
            "instance_type": "t3.medium",
            "key_name": "pm4_nat_key",
            "metadata_options": [],
            "name": "PM4-Client-ECS-Web",
            "name_prefix": null,
            "placement_tenancy": null,
            "root_block_device": [],
            "security_groups": [
              "sg-0b8a308821c735b5d"
            ],
            "spot_price": "",
            "user_data": "e16954b56687f6f41926ce572aa71fd252959128",
            "user_data_base64": null,
            "vpc_classic_link_id": "",
            "vpc_classic_link_security_groups": []
          },
          "sensitive_attributes": [],
          "private": "bnVsbA==",
          "dependencies": [
            "module.compute.aws_vpc.pm4_client_vpc",
            "module.compute.aws_iam_instance_profile.ecs_ec2_role",
            "module.compute.aws_iam_role.ecs-ec2-role",
            "module.compute.aws_key_pair.pm4_nat_key",
            "module.compute.aws_security_group.pm4_web_sg"
          ],
          "create_before_destroy": true
        }
      ]
    },
    {
      "module": "module.compute",
      "mode": "managed",
      "type": "aws_launch_configuration",
      "name": "workers_lc",
      "provider": "provider[\"registry.terraform.io/hashicorp/aws\"]",
      "instances": [
        {
          "schema_version": 0,
          "attributes": {
            "arn": "arn:aws:autoscaling:us-east-1:897085551654:launchConfiguration:9187bf20-80a6-46a9-b4ec-1d50a0cecbd6:launchConfigurationName/PM4-Client-Workers",
            "associate_public_ip_address": false,
            "ebs_block_device": [],
            "ebs_optimized": false,
            "enable_monitoring": true,
            "ephemeral_block_device": [],
            "iam_instance_profile": "",
            "id": "PM4-Client-Workers",
            "image_id": "ami-0742b4e673072066f",
            "instance_type": "t3.medium",
            "key_name": "pm4_nat_key",
            "metadata_options": [],
            "name": "PM4-Client-Workers",
            "name_prefix": null,
            "placement_tenancy": null,
            "root_block_device": [],
            "security_groups": [
              "sg-0e56101cd8693440d"
            ],
            "spot_price": "",
            "user_data": null,
            "user_data_base64": null,
            "vpc_classic_link_id": "",
            "vpc_classic_link_security_groups": []
          },
          "sensitive_attributes": [],
          "private": "bnVsbA==",
          "dependencies": [
            "module.compute.aws_key_pair.pm4_nat_key",
            "module.compute.aws_security_group.pm4_tasks_sg",
            "module.compute.aws_vpc.pm4_client_vpc"
          ],
          "create_before_destroy": true
        }
      ]
    },
    {
      "module": "module.compute",
      "mode": "managed",
      "type": "aws_network_interface",
      "name": "pm4_nat_interface_a",
      "provider": "provider[\"registry.terraform.io/hashicorp/aws\"]",
      "instances": [
        {
          "schema_version": 0,
          "attributes": {
            "attachment": [
              {
                "attachment_id": "eni-attach-00af8327ffacf553d",
                "device_index": 0,
                "instance": "i-0079b6d6b6fae174c"
              }
            ],
            "description": "",
            "id": "eni-0bc7dc598366aadde",
            "ipv6_address_count": 0,
            "ipv6_addresses": [],
            "mac_address": "12:d5:35:02:d3:d5",
            "outpost_arn": "",
            "private_dns_name": "ip-10-0-1-219.ec2.internal",
            "private_ip": "10.0.1.219",
            "private_ips": [
              "10.0.1.219"
            ],
            "private_ips_count": 0,
            "security_groups": [
              "sg-066b67455e873e790",
              "sg-07dc4d1003f330546"
            ],
            "source_dest_check": false,
            "subnet_id": "subnet-0c9f99ab8858412d7",
            "tags": {
              "Name": "PM4-NAT-Network-Interface-A"
            },
            "tags_all": {
              "Name": "PM4-NAT-Network-Interface-A"
            }
          },
          "sensitive_attributes": [],
          "private": "bnVsbA==",
          "dependencies": [
            "module.compute.aws_subnet.pm4_dmz_a",
            "module.compute.aws_vpc.pm4_client_vpc",
            "module.compute.data.aws_availability_zones.pm4_client_azs"
          ]
        }
      ]
    },
    {
      "module": "module.compute",
      "mode": "managed",
      "type": "aws_network_interface",
      "name": "pm4_nat_interface_b",
      "provider": "provider[\"registry.terraform.io/hashicorp/aws\"]",
      "instances": [
        {
          "schema_version": 0,
          "attributes": {
            "attachment": [
              {
                "attachment_id": "eni-attach-03eb7337c1a98def9",
                "device_index": 0,
                "instance": "i-02c21d0cd24d4f70e"
              }
            ],
            "description": "",
            "id": "eni-011ccf6283dfb7620",
            "ipv6_address_count": 0,
            "ipv6_addresses": [],
            "mac_address": "0a:47:37:d9:80:8d",
            "outpost_arn": "",
            "private_dns_name": "ip-10-0-2-7.ec2.internal",
            "private_ip": "10.0.2.7",
            "private_ips": [
              "10.0.2.7"
            ],
            "private_ips_count": 0,
            "security_groups": [
              "sg-066b67455e873e790",
              "sg-07dc4d1003f330546"
            ],
            "source_dest_check": false,
            "subnet_id": "subnet-0d9ac215e8814e399",
            "tags": {
              "Name": "PM4-NAT-Network-Interface-B"
            },
            "tags_all": {
              "Name": "PM4-NAT-Network-Interface-B"
            }
          },
          "sensitive_attributes": [],
          "private": "bnVsbA==",
          "dependencies": [
            "module.compute.aws_subnet.pm4_dmz_b",
            "module.compute.aws_vpc.pm4_client_vpc",
            "module.compute.data.aws_availability_zones.pm4_client_azs"
          ]
        }
      ]
    },
    {
      "module": "module.compute",
      "mode": "managed",
      "type": "aws_network_interface_sg_attachment",
      "name": "sg_attachment",
      "provider": "provider[\"registry.terraform.io/hashicorp/aws\"]",
      "instances": [
        {
          "schema_version": 0,
          "attributes": {
            "id": "sg-066b67455e873e790_eni-0bc7dc598366aadde",
            "network_interface_id": "eni-0bc7dc598366aadde",
            "security_group_id": "sg-066b67455e873e790"
          },
          "sensitive_attributes": [],
          "private": "bnVsbA==",
          "dependencies": [
            "module.compute.aws_network_interface.pm4_nat_interface_a",
            "module.compute.aws_security_group.pm4_dmz_sg",
            "module.compute.aws_security_group.pm4_tasks_sg",
            "module.compute.aws_instance.pm4_nat_instance_a",
            "module.compute.aws_key_pair.pm4_nat_key",
            "module.compute.aws_vpc.pm4_client_vpc",
            "module.compute.data.aws_availability_zones.pm4_client_azs",
            "module.compute.aws_security_group.pm4_web_sg",
            "module.compute.aws_subnet.pm4_dmz_a"
          ]
        }
      ]
    },
    {
      "module": "module.compute",
      "mode": "managed",
      "type": "aws_network_interface_sg_attachment",
      "name": "sg_attachment_b",
      "provider": "provider[\"registry.terraform.io/hashicorp/aws\"]",
      "instances": [
        {
          "schema_version": 0,
          "attributes": {
            "id": "sg-066b67455e873e790_eni-011ccf6283dfb7620",
            "network_interface_id": "eni-011ccf6283dfb7620",
            "security_group_id": "sg-066b67455e873e790"
          },
          "sensitive_attributes": [],
          "private": "bnVsbA==",
          "dependencies": [
            "module.compute.aws_network_interface.pm4_nat_interface_b",
            "module.compute.aws_security_group.pm4_dmz_sg",
            "module.compute.aws_security_group.pm4_tasks_sg",
            "module.compute.aws_security_group.pm4_web_sg",
            "module.compute.aws_subnet.pm4_dmz_b",
            "module.compute.aws_vpc.pm4_client_vpc",
            "module.compute.data.aws_availability_zones.pm4_client_azs",
            "module.compute.aws_instance.pm4_nat_instance_b"
          ]
        }
      ]
    },
    {
      "module": "module.compute",
      "mode": "managed",
      "type": "aws_route_table",
      "name": "pm4_backend",
      "provider": "provider[\"registry.terraform.io/hashicorp/aws\"]",
      "instances": [
        {
          "schema_version": 0,
          "attributes": {
            "arn": "arn:aws:ec2:us-east-1:897085551654:route-table/rtb-0f9e32c95e3587e1d",
            "id": "rtb-0f9e32c95e3587e1d",
            "owner_id": "897085551654",
            "propagating_vgws": [],
            "route": [],
            "tags": {
              "Name": "PM4-BackEnd-Route"
            },
            "tags_all": {
              "Name": "PM4-BackEnd-Route"
            },
            "vpc_id": "vpc-0500b63b6f9ea3103"
          },
          "sensitive_attributes": [],
          "private": "bnVsbA==",
          "dependencies": [
            "module.compute.aws_vpc.pm4_client_vpc"
          ]
        }
      ]
    },
    {
      "module": "module.compute",
      "mode": "managed",
      "type": "aws_route_table",
      "name": "pm4_dmz_rt",
      "provider": "provider[\"registry.terraform.io/hashicorp/aws\"]",
      "instances": [
        {
          "schema_version": 0,
          "attributes": {
            "arn": "arn:aws:ec2:us-east-1:897085551654:route-table/rtb-0d0ab32055513218c",
            "id": "rtb-0d0ab32055513218c",
            "owner_id": "897085551654",
            "propagating_vgws": [],
            "route": [
              {
                "carrier_gateway_id": "",
                "cidr_block": "0.0.0.0/0",
                "destination_prefix_list_id": "",
                "egress_only_gateway_id": "",
                "gateway_id": "igw-03ebe2ef34a5a2f53",
                "instance_id": "",
                "ipv6_cidr_block": "",
                "local_gateway_id": "",
                "nat_gateway_id": "",
                "network_interface_id": "",
                "transit_gateway_id": "",
                "vpc_endpoint_id": "",
                "vpc_peering_connection_id": ""
              }
            ],
            "tags": {
              "Name": "PM4-DMZ-Route-RT"
            },
            "tags_all": {
              "Name": "PM4-DMZ-Route-RT"
            },
            "vpc_id": "vpc-0500b63b6f9ea3103"
          },
          "sensitive_attributes": [],
          "private": "bnVsbA==",
          "dependencies": [
            "module.compute.aws_internet_gateway.pm4_client_igw",
            "module.compute.aws_vpc.pm4_client_vpc"
          ]
        }
      ]
    },
    {
      "module": "module.compute",
      "mode": "managed",
      "type": "aws_route_table",
      "name": "pm4_web_a",
      "provider": "provider[\"registry.terraform.io/hashicorp/aws\"]",
      "instances": [
        {
          "schema_version": 0,
          "attributes": {
            "arn": "arn:aws:ec2:us-east-1:897085551654:route-table/rtb-0e05095a74b234f77",
            "id": "rtb-0e05095a74b234f77",
            "owner_id": "897085551654",
            "propagating_vgws": [],
            "route": [
              {
                "carrier_gateway_id": "",
                "cidr_block": "0.0.0.0/0",
                "destination_prefix_list_id": "",
                "egress_only_gateway_id": "",
                "gateway_id": "",
                "instance_id": "",
                "ipv6_cidr_block": "",
                "local_gateway_id": "",
                "nat_gateway_id": "",
                "network_interface_id": "eni-0bc7dc598366aadde",
                "transit_gateway_id": "",
                "vpc_endpoint_id": "",
                "vpc_peering_connection_id": ""
              }
            ],
            "tags": {
              "Name": "PM4-NAT-Route-A"
            },
            "tags_all": {
              "Name": "PM4-NAT-Route-A"
            },
            "vpc_id": "vpc-0500b63b6f9ea3103"
          },
          "sensitive_attributes": [],
          "private": "bnVsbA==",
          "dependencies": [
            "module.compute.aws_network_interface.pm4_nat_interface_a",
            "module.compute.aws_vpc.pm4_client_vpc"
          ]
        }
      ]
    },
    {
      "module": "module.compute",
      "mode": "managed",
      "type": "aws_route_table",
      "name": "pm4_web_b",
      "provider": "provider[\"registry.terraform.io/hashicorp/aws\"]",
      "instances": [
        {
          "schema_version": 0,
          "attributes": {
            "arn": "arn:aws:ec2:us-east-1:897085551654:route-table/rtb-07b4f1db293bee3b0",
            "id": "rtb-07b4f1db293bee3b0",
            "owner_id": "897085551654",
            "propagating_vgws": [],
            "route": [
              {
                "carrier_gateway_id": "",
                "cidr_block": "0.0.0.0/0",
                "destination_prefix_list_id": "",
                "egress_only_gateway_id": "",
                "gateway_id": "",
                "instance_id": "",
                "ipv6_cidr_block": "",
                "local_gateway_id": "",
                "nat_gateway_id": "",
                "network_interface_id": "eni-011ccf6283dfb7620",
                "transit_gateway_id": "",
                "vpc_endpoint_id": "",
                "vpc_peering_connection_id": ""
              }
            ],
            "tags": {
              "Name": "PM4-NAT-Route-B"
            },
            "tags_all": {
              "Name": "PM4-NAT-Route-B"
            },
            "vpc_id": "vpc-0500b63b6f9ea3103"
          },
          "sensitive_attributes": [],
          "private": "bnVsbA==",
          "dependencies": [
            "module.compute.aws_network_interface.pm4_nat_interface_b",
            "module.compute.aws_vpc.pm4_client_vpc"
          ]
        }
      ]
    },
    {
      "module": "module.compute",
      "mode": "managed",
      "type": "aws_route_table_association",
      "name": "pm4_alb_rt_association_a",
      "provider": "provider[\"registry.terraform.io/hashicorp/aws\"]",
      "instances": [
        {
          "schema_version": 0,
          "attributes": {
            "gateway_id": null,
            "id": "rtbassoc-01df96eaf57636347",
            "route_table_id": "rtb-0d0ab32055513218c",
            "subnet_id": "subnet-0e19dfea96e723fa4"
          },
          "sensitive_attributes": [],
          "private": "bnVsbA==",
          "dependencies": [
            "module.compute.aws_route_table.pm4_dmz_rt",
            "module.compute.aws_subnet.pm4_alb_a",
            "module.compute.aws_vpc.pm4_client_vpc",
            "module.compute.data.aws_availability_zones.pm4_client_azs",
            "module.compute.aws_internet_gateway.pm4_client_igw"
          ]
        }
      ]
    },
    {
      "module": "module.compute",
      "mode": "managed",
      "type": "aws_route_table_association",
      "name": "pm4_alb_rt_association_b",
      "provider": "provider[\"registry.terraform.io/hashicorp/aws\"]",
      "instances": [
        {
          "schema_version": 0,
          "attributes": {
            "gateway_id": null,
            "id": "rtbassoc-0b9387218eb356dfc",
            "route_table_id": "rtb-0d0ab32055513218c",
            "subnet_id": "subnet-0152a145ec8a9242f"
          },
          "sensitive_attributes": [],
          "private": "bnVsbA==",
          "dependencies": [
            "module.compute.aws_subnet.pm4_alb_b",
            "module.compute.aws_vpc.pm4_client_vpc",
            "module.compute.data.aws_availability_zones.pm4_client_azs",
            "module.compute.aws_internet_gateway.pm4_client_igw",
            "module.compute.aws_route_table.pm4_dmz_rt"
          ]
        }
      ]
    },
    {
      "module": "module.compute",
      "mode": "managed",
      "type": "aws_route_table_association",
      "name": "pm4_backend_rt_association_a",
      "provider": "provider[\"registry.terraform.io/hashicorp/aws\"]",
      "instances": [
        {
          "schema_version": 0,
          "attributes": {
            "gateway_id": null,
            "id": "rtbassoc-0ff0d9c9c64e7d7e7",
            "route_table_id": "rtb-0f9e32c95e3587e1d",
            "subnet_id": "subnet-03727e82a1c1c8d8e"
          },
          "sensitive_attributes": [],
          "private": "bnVsbA==",
          "dependencies": [
            "module.compute.aws_route_table.pm4_backend",
            "module.compute.aws_subnet.pm4_backend_a",
            "module.compute.aws_vpc.pm4_client_vpc",
            "module.compute.data.aws_availability_zones.pm4_client_azs"
          ]
        }
      ]
    },
    {
      "module": "module.compute",
      "mode": "managed",
      "type": "aws_route_table_association",
      "name": "pm4_backend_rt_association_b",
      "provider": "provider[\"registry.terraform.io/hashicorp/aws\"]",
      "instances": [
        {
          "schema_version": 0,
          "attributes": {
            "gateway_id": null,
            "id": "rtbassoc-03bae8cae6b3f465f",
            "route_table_id": "rtb-0f9e32c95e3587e1d",
            "subnet_id": "subnet-005f632098eaf05d2"
          },
          "sensitive_attributes": [],
          "private": "bnVsbA==",
          "dependencies": [
            "module.compute.aws_subnet.pm4_backend_b",
            "module.compute.aws_vpc.pm4_client_vpc",
            "module.compute.data.aws_availability_zones.pm4_client_azs",
            "module.compute.aws_route_table.pm4_backend"
          ]
        }
      ]
    },
    {
      "module": "module.compute",
      "mode": "managed",
      "type": "aws_route_table_association",
      "name": "pm4_dmz_rt_association_a",
      "provider": "provider[\"registry.terraform.io/hashicorp/aws\"]",
      "instances": [
        {
          "schema_version": 0,
          "attributes": {
            "gateway_id": null,
            "id": "rtbassoc-03e430242817eb445",
            "route_table_id": "rtb-0d0ab32055513218c",
            "subnet_id": "subnet-0c9f99ab8858412d7"
          },
          "sensitive_attributes": [],
          "private": "bnVsbA==",
          "dependencies": [
            "module.compute.aws_subnet.pm4_dmz_a",
            "module.compute.aws_vpc.pm4_client_vpc",
            "module.compute.data.aws_availability_zones.pm4_client_azs",
            "module.compute.aws_internet_gateway.pm4_client_igw",
            "module.compute.aws_route_table.pm4_dmz_rt"
          ]
        }
      ]
    },
    {
      "module": "module.compute",
      "mode": "managed",
      "type": "aws_route_table_association",
      "name": "pm4_dmz_rt_association_b",
      "provider": "provider[\"registry.terraform.io/hashicorp/aws\"]",
      "instances": [
        {
          "schema_version": 0,
          "attributes": {
            "gateway_id": null,
            "id": "rtbassoc-0546c75907393c590",
            "route_table_id": "rtb-0d0ab32055513218c",
            "subnet_id": "subnet-0d9ac215e8814e399"
          },
          "sensitive_attributes": [],
          "private": "bnVsbA==",
          "dependencies": [
            "module.compute.aws_internet_gateway.pm4_client_igw",
            "module.compute.aws_route_table.pm4_dmz_rt",
            "module.compute.aws_subnet.pm4_dmz_b",
            "module.compute.aws_vpc.pm4_client_vpc",
            "module.compute.data.aws_availability_zones.pm4_client_azs"
          ]
        }
      ]
    },
    {
      "module": "module.compute",
      "mode": "managed",
      "type": "aws_route_table_association",
      "name": "pm4_tasks_rt_association_a",
      "provider": "provider[\"registry.terraform.io/hashicorp/aws\"]",
      "instances": [
        {
          "schema_version": 0,
          "attributes": {
            "gateway_id": null,
            "id": "rtbassoc-0586b15e086a47dd6",
            "route_table_id": "rtb-0e05095a74b234f77",
            "subnet_id": "subnet-08de3d79b9eae9569"
          },
          "sensitive_attributes": [],
          "private": "bnVsbA==",
          "dependencies": [
            "module.compute.aws_network_interface.pm4_nat_interface_a",
            "module.compute.aws_route_table.pm4_web_a",
            "module.compute.aws_subnet.pm4_dmz_a",
            "module.compute.aws_subnet.pm4_tasks_a",
            "module.compute.aws_vpc.pm4_client_vpc",
            "module.compute.data.aws_availability_zones.pm4_client_azs"
          ]
        }
      ]
    },
    {
      "module": "module.compute",
      "mode": "managed",
      "type": "aws_route_table_association",
      "name": "pm4_tasks_rt_association_b",
      "provider": "provider[\"registry.terraform.io/hashicorp/aws\"]",
      "instances": [
        {
          "schema_version": 0,
          "attributes": {
            "gateway_id": null,
            "id": "rtbassoc-0d010e1983e67437b",
            "route_table_id": "rtb-07b4f1db293bee3b0",
            "subnet_id": "subnet-09ca3069d71be23ce"
          },
          "sensitive_attributes": [],
          "private": "bnVsbA==",
          "dependencies": [
            "module.compute.aws_vpc.pm4_client_vpc",
            "module.compute.data.aws_availability_zones.pm4_client_azs",
            "module.compute.aws_network_interface.pm4_nat_interface_b",
            "module.compute.aws_route_table.pm4_web_b",
            "module.compute.aws_subnet.pm4_dmz_b",
            "module.compute.aws_subnet.pm4_tasks_b"
          ]
        }
      ]
    },
    {
      "module": "module.compute",
      "mode": "managed",
      "type": "aws_route_table_association",
      "name": "pm4_web_rt_association_a",
      "provider": "provider[\"registry.terraform.io/hashicorp/aws\"]",
      "instances": [
        {
          "schema_version": 0,
          "attributes": {
            "gateway_id": null,
            "id": "rtbassoc-0d175f548ed1c7305",
            "route_table_id": "rtb-0e05095a74b234f77",
            "subnet_id": "subnet-0bb71d25827b3b151"
          },
          "sensitive_attributes": [],
          "private": "bnVsbA==",
          "dependencies": [
            "module.compute.aws_subnet.pm4_web_a",
            "module.compute.aws_vpc.pm4_client_vpc",
            "module.compute.data.aws_availability_zones.pm4_client_azs",
            "module.compute.aws_network_interface.pm4_nat_interface_a",
            "module.compute.aws_route_table.pm4_web_a",
            "module.compute.aws_subnet.pm4_dmz_a"
          ]
        }
      ]
    },
    {
      "module": "module.compute",
      "mode": "managed",
      "type": "aws_route_table_association",
      "name": "pm4_web_rt_association_b",
      "provider": "provider[\"registry.terraform.io/hashicorp/aws\"]",
      "instances": [
        {
          "schema_version": 0,
          "attributes": {
            "gateway_id": null,
            "id": "rtbassoc-0f8d8c4d1e7c97431",
            "route_table_id": "rtb-07b4f1db293bee3b0",
            "subnet_id": "subnet-0844dff72ab86652f"
          },
          "sensitive_attributes": [],
          "private": "bnVsbA==",
          "dependencies": [
            "module.compute.aws_route_table.pm4_web_b",
            "module.compute.aws_subnet.pm4_dmz_b",
            "module.compute.aws_subnet.pm4_web_b",
            "module.compute.aws_vpc.pm4_client_vpc",
            "module.compute.data.aws_availability_zones.pm4_client_azs",
            "module.compute.aws_network_interface.pm4_nat_interface_b"
          ]
        }
      ]
    },
    {
      "module": "module.compute",
      "mode": "managed",
      "type": "aws_security_group",
      "name": "pm4_alb_sg",
      "provider": "provider[\"registry.terraform.io/hashicorp/aws\"]",
      "instances": [
        {
          "schema_version": 1,
          "attributes": {
            "arn": "arn:aws:ec2:us-east-1:897085551654:security-group/sg-019da031238a316cb",
            "description": "Allow HTTP/S on ALB",
            "egress": [],
            "id": "sg-019da031238a316cb",
            "ingress": [
              {
                "cidr_blocks": [
                  "0.0.0.0/0"
                ],
                "description": "",
                "from_port": 443,
                "ipv6_cidr_blocks": [],
                "prefix_list_ids": [],
                "protocol": "tcp",
                "security_groups": [],
                "self": false,
                "to_port": 443
              },
              {
                "cidr_blocks": [
                  "0.0.0.0/0"
                ],
                "description": "",
                "from_port": 80,
                "ipv6_cidr_blocks": [],
                "prefix_list_ids": [],
                "protocol": "tcp",
                "security_groups": [],
                "self": false,
                "to_port": 80
              }
            ],
            "name": "pm4_alb_sg",
            "name_prefix": "",
            "owner_id": "897085551654",
            "revoke_rules_on_delete": false,
            "tags": {
              "Name": "PM4-ALB-SG"
            },
            "tags_all": {
              "Name": "PM4-ALB-SG"
            },
            "timeouts": null,
            "vpc_id": "vpc-0500b63b6f9ea3103"
          },
          "sensitive_attributes": [],
          "private": "eyJlMmJmYjczMC1lY2FhLTExZTYtOGY4OC0zNDM2M2JjN2M0YzAiOnsiY3JlYXRlIjo2MDAwMDAwMDAwMDAsImRlbGV0ZSI6OTAwMDAwMDAwMDAwfSwic2NoZW1hX3ZlcnNpb24iOiIxIn0=",
          "dependencies": [
            "module.compute.aws_vpc.pm4_client_vpc"
          ]
        }
      ]
    },
    {
      "module": "module.compute",
      "mode": "managed",
      "type": "aws_security_group",
      "name": "pm4_backend_sg",
      "provider": "provider[\"registry.terraform.io/hashicorp/aws\"]",
      "instances": [
        {
          "schema_version": 1,
          "attributes": {
            "arn": "arn:aws:ec2:us-east-1:897085551654:security-group/sg-0b69abd80c949a3e1",
            "description": "Allowing MySQL port for Tasks and Web",
            "egress": [],
            "id": "sg-0b69abd80c949a3e1",
            "ingress": [
              {
                "cidr_blocks": [],
                "description": "",
                "from_port": 3306,
                "ipv6_cidr_blocks": [],
                "prefix_list_ids": [],
                "protocol": "tcp",
                "security_groups": [
                  "sg-0b8a308821c735b5d",
                  "sg-0e56101cd8693440d"
                ],
                "self": false,
                "to_port": 3306
              }
            ],
            "name": "pm4_backend_sg",
            "name_prefix": "",
            "owner_id": "897085551654",
            "revoke_rules_on_delete": false,
            "tags": {
              "Name": "PM4-BackEnd-SG"
            },
            "tags_all": {
              "Name": "PM4-BackEnd-SG"
            },
            "timeouts": null,
            "vpc_id": "vpc-0500b63b6f9ea3103"
          },
          "sensitive_attributes": [],
          "private": "eyJlMmJmYjczMC1lY2FhLTExZTYtOGY4OC0zNDM2M2JjN2M0YzAiOnsiY3JlYXRlIjo2MDAwMDAwMDAwMDAsImRlbGV0ZSI6OTAwMDAwMDAwMDAwfSwic2NoZW1hX3ZlcnNpb24iOiIxIn0=",
          "dependencies": [
            "module.compute.aws_security_group.pm4_tasks_sg",
            "module.compute.aws_security_group.pm4_web_sg",
            "module.compute.aws_vpc.pm4_client_vpc"
          ]
        }
      ]
    },
    {
      "module": "module.compute",
      "mode": "managed",
      "type": "aws_security_group",
      "name": "pm4_dmz_sg",
      "provider": "provider[\"registry.terraform.io/hashicorp/aws\"]",
      "instances": [
        {
          "schema_version": 1,
          "attributes": {
            "arn": "arn:aws:ec2:us-east-1:897085551654:security-group/sg-066b67455e873e790",
            "description": "Allowing all traffic from Tasks and Web",
            "egress": [
              {
                "cidr_blocks": [
                  "0.0.0.0/0"
                ],
                "description": "",
                "from_port": 0,
                "ipv6_cidr_blocks": [],
                "prefix_list_ids": [],
                "protocol": "-1",
                "security_groups": [],
                "self": false,
                "to_port": 0
              }
            ],
            "id": "sg-066b67455e873e790",
            "ingress": [
              {
                "cidr_blocks": [
                  "0.0.0.0/0"
                ],
                "description": "",
                "from_port": 22,
                "ipv6_cidr_blocks": [],
                "prefix_list_ids": [],
                "protocol": "tcp",
                "security_groups": [],
                "self": false,
                "to_port": 22
              },
              {
                "cidr_blocks": [],
                "description": "",
                "from_port": 0,
                "ipv6_cidr_blocks": [],
                "prefix_list_ids": [],
                "protocol": "-1",
                "security_groups": [
                  "sg-0b8a308821c735b5d",
                  "sg-0e56101cd8693440d"
                ],
                "self": false,
                "to_port": 0
              }
            ],
            "name": "pm4_dmz_sg",
            "name_prefix": "",
            "owner_id": "897085551654",
            "revoke_rules_on_delete": false,
            "tags": {
              "Name": "PM4-DMZ-SG"
            },
            "tags_all": {
              "Name": "PM4-DMZ-SG"
            },
            "timeouts": null,
            "vpc_id": "vpc-0500b63b6f9ea3103"
          },
          "sensitive_attributes": [],
          "private": "eyJlMmJmYjczMC1lY2FhLTExZTYtOGY4OC0zNDM2M2JjN2M0YzAiOnsiY3JlYXRlIjo2MDAwMDAwMDAwMDAsImRlbGV0ZSI6OTAwMDAwMDAwMDAwfSwic2NoZW1hX3ZlcnNpb24iOiIxIn0=",
          "dependencies": [
            "module.compute.aws_security_group.pm4_tasks_sg",
            "module.compute.aws_security_group.pm4_web_sg",
            "module.compute.aws_vpc.pm4_client_vpc"
          ]
        }
      ]
    },
    {
      "module": "module.compute",
      "mode": "managed",
      "type": "aws_security_group",
      "name": "pm4_efs_sg",
      "provider": "provider[\"registry.terraform.io/hashicorp/aws\"]",
      "instances": [
        {
          "schema_version": 1,
          "attributes": {
            "arn": "arn:aws:ec2:us-east-1:897085551654:security-group/sg-042e03f1c49470183",
            "description": "Allowing NFS port for EFS for Tasks and Web",
            "egress": [],
            "id": "sg-042e03f1c49470183",
            "ingress": [
              {
                "cidr_blocks": [],
                "description": "",
                "from_port": 2049,
                "ipv6_cidr_blocks": [],
                "prefix_list_ids": [],
                "protocol": "tcp",
                "security_groups": [
                  "sg-0b8a308821c735b5d",
                  "sg-0e56101cd8693440d"
                ],
                "self": false,
                "to_port": 2049
              }
            ],
            "name": "pm4_efs_sg",
            "name_prefix": "",
            "owner_id": "897085551654",
            "revoke_rules_on_delete": false,
            "tags": {
              "Name": "PM4-EFS-SG"
            },
            "tags_all": {
              "Name": "PM4-EFS-SG"
            },
            "timeouts": null,
            "vpc_id": "vpc-0500b63b6f9ea3103"
          },
          "sensitive_attributes": [],
          "private": "eyJlMmJmYjczMC1lY2FhLTExZTYtOGY4OC0zNDM2M2JjN2M0YzAiOnsiY3JlYXRlIjo2MDAwMDAwMDAwMDAsImRlbGV0ZSI6OTAwMDAwMDAwMDAwfSwic2NoZW1hX3ZlcnNpb24iOiIxIn0=",
          "dependencies": [
            "module.compute.aws_security_group.pm4_tasks_sg",
            "module.compute.aws_security_group.pm4_web_sg",
            "module.compute.aws_vpc.pm4_client_vpc"
          ]
        }
      ]
    },
    {
      "module": "module.compute",
      "mode": "managed",
      "type": "aws_security_group",
      "name": "pm4_redis_sg",
      "provider": "provider[\"registry.terraform.io/hashicorp/aws\"]",
      "instances": [
        {
          "schema_version": 1,
          "attributes": {
            "arn": "arn:aws:ec2:us-east-1:897085551654:security-group/sg-0785f75c86b56b004",
            "description": "Allowing connection from Tasks and Web",
            "egress": [],
            "id": "sg-0785f75c86b56b004",
            "ingress": [
              {
                "cidr_blocks": [],
                "description": "",
                "from_port": 6379,
                "ipv6_cidr_blocks": [],
                "prefix_list_ids": [],
                "protocol": "tcp",
                "security_groups": [
                  "sg-0b8a308821c735b5d",
                  "sg-0e56101cd8693440d"
                ],
                "self": false,
                "to_port": 6379
              }
            ],
            "name": "pm4_redis_sg",
            "name_prefix": "",
            "owner_id": "897085551654",
            "revoke_rules_on_delete": false,
            "tags": {
              "Name": "PM4-Redis-SG"
            },
            "tags_all": {
              "Name": "PM4-Redis-SG"
            },
            "timeouts": null,
            "vpc_id": "vpc-0500b63b6f9ea3103"
          },
          "sensitive_attributes": [],
          "private": "eyJlMmJmYjczMC1lY2FhLTExZTYtOGY4OC0zNDM2M2JjN2M0YzAiOnsiY3JlYXRlIjo2MDAwMDAwMDAwMDAsImRlbGV0ZSI6OTAwMDAwMDAwMDAwfSwic2NoZW1hX3ZlcnNpb24iOiIxIn0=",
          "dependencies": [
            "module.compute.aws_security_group.pm4_tasks_sg",
            "module.compute.aws_security_group.pm4_web_sg",
            "module.compute.aws_vpc.pm4_client_vpc"
          ]
        }
      ]
    },
    {
      "module": "module.compute",
      "mode": "managed",
      "type": "aws_security_group",
      "name": "pm4_tasks_sg",
      "provider": "provider[\"registry.terraform.io/hashicorp/aws\"]",
      "instances": [
        {
          "schema_version": 1,
          "attributes": {
            "arn": "arn:aws:ec2:us-east-1:897085551654:security-group/sg-0e56101cd8693440d",
            "description": "Allowing SSH",
            "egress": [
              {
                "cidr_blocks": [
                  "0.0.0.0/0"
                ],
                "description": "",
                "from_port": 0,
                "ipv6_cidr_blocks": [],
                "prefix_list_ids": [],
                "protocol": "-1",
                "security_groups": [],
                "self": false,
                "to_port": 0
              }
            ],
            "id": "sg-0e56101cd8693440d",
            "ingress": [
              {
                "cidr_blocks": [],
                "description": "",
                "from_port": 22,
                "ipv6_cidr_blocks": [],
                "prefix_list_ids": [],
                "protocol": "tcp",
                "security_groups": [
                  "sg-066b67455e873e790"
                ],
                "self": false,
                "to_port": 22
              }
            ],
            "name": "pm4_tasks_sg",
            "name_prefix": "",
            "owner_id": "897085551654",
            "revoke_rules_on_delete": false,
            "tags": {
              "Name": "PM4-Tasks-SG"
            },
            "tags_all": {
              "Name": "PM4-Tasks-SG"
            },
            "timeouts": null,
            "vpc_id": "vpc-0500b63b6f9ea3103"
          },
          "sensitive_attributes": [],
          "private": "eyJlMmJmYjczMC1lY2FhLTExZTYtOGY4OC0zNDM2M2JjN2M0YzAiOnsiY3JlYXRlIjo2MDAwMDAwMDAwMDAsImRlbGV0ZSI6OTAwMDAwMDAwMDAwfSwic2NoZW1hX3ZlcnNpb24iOiIxIn0=",
          "dependencies": [
            "module.compute.aws_vpc.pm4_client_vpc"
          ],
          "create_before_destroy": true
        }
      ]
    },
    {
      "module": "module.compute",
      "mode": "managed",
      "type": "aws_security_group",
      "name": "pm4_web_sg",
      "provider": "provider[\"registry.terraform.io/hashicorp/aws\"]",
      "instances": [
        {
          "schema_version": 1,
          "attributes": {
            "arn": "arn:aws:ec2:us-east-1:897085551654:security-group/sg-0b8a308821c735b5d",
            "description": "Allowing SSH for DMZ and HTTP/S ports for ALB as all traffic too",
            "egress": [
              {
                "cidr_blocks": [
                  "0.0.0.0/0"
                ],
                "description": "",
                "from_port": 0,
                "ipv6_cidr_blocks": [],
                "prefix_list_ids": [],
                "protocol": "-1",
                "security_groups": [],
                "self": false,
                "to_port": 0
              }
            ],
            "id": "sg-0b8a308821c735b5d",
            "ingress": [
              {
                "cidr_blocks": [],
                "description": "",
                "from_port": 0,
                "ipv6_cidr_blocks": [],
                "prefix_list_ids": [],
                "protocol": "-1",
                "security_groups": [
                  "sg-019da031238a316cb"
                ],
                "self": false,
                "to_port": 0
              },
              {
                "cidr_blocks": [],
                "description": "",
                "from_port": 22,
                "ipv6_cidr_blocks": [],
                "prefix_list_ids": [],
                "protocol": "tcp",
                "security_groups": [
                  "sg-066b67455e873e790"
                ],
                "self": false,
                "to_port": 22
              }
            ],
            "name": "pm4_web_sg",
            "name_prefix": "",
            "owner_id": "897085551654",
            "revoke_rules_on_delete": false,
            "tags": {
              "Name": "PM4-Web-SG"
            },
            "tags_all": {
              "Name": "PM4-Web-SG"
            },
            "timeouts": null,
            "vpc_id": "vpc-0500b63b6f9ea3103"
          },
          "sensitive_attributes": [],
          "private": "eyJlMmJmYjczMC1lY2FhLTExZTYtOGY4OC0zNDM2M2JjN2M0YzAiOnsiY3JlYXRlIjo2MDAwMDAwMDAwMDAsImRlbGV0ZSI6OTAwMDAwMDAwMDAwfSwic2NoZW1hX3ZlcnNpb24iOiIxIn0=",
          "dependencies": [
            "module.compute.aws_vpc.pm4_client_vpc"
          ],
          "create_before_destroy": true
        }
      ]
    },
    {
      "module": "module.compute",
      "mode": "managed",
      "type": "aws_security_group_rule",
      "name": "dmz-sg-add-alb",
      "provider": "provider[\"registry.terraform.io/hashicorp/aws\"]",
      "instances": [
        {
          "schema_version": 2,
          "attributes": {
            "cidr_blocks": [],
            "description": "",
            "from_port": 0,
            "id": "sgrule-1737456501",
            "ipv6_cidr_blocks": [],
            "prefix_list_ids": [],
            "protocol": "-1",
            "security_group_id": "sg-0b8a308821c735b5d",
            "self": false,
            "source_security_group_id": "sg-019da031238a316cb",
            "to_port": 0,
            "type": "ingress"
          },
          "sensitive_attributes": [],
          "private": "eyJzY2hlbWFfdmVyc2lvbiI6IjIifQ==",
          "dependencies": [
            "module.compute.aws_security_group.pm4_alb_sg",
            "module.compute.aws_security_group.pm4_web_sg",
            "module.compute.aws_vpc.pm4_client_vpc"
          ]
        }
      ]
    },
    {
      "module": "module.compute",
      "mode": "managed",
      "type": "aws_security_group_rule",
      "name": "dmz-sg-add-tasks",
      "provider": "provider[\"registry.terraform.io/hashicorp/aws\"]",
      "instances": [
        {
          "schema_version": 2,
          "attributes": {
            "cidr_blocks": [],
            "description": "",
            "from_port": 22,
            "id": "sgrule-2617014325",
            "ipv6_cidr_blocks": [],
            "prefix_list_ids": [],
            "protocol": "tcp",
            "security_group_id": "sg-0e56101cd8693440d",
            "self": false,
            "source_security_group_id": "sg-066b67455e873e790",
            "to_port": 22,
            "type": "ingress"
          },
          "sensitive_attributes": [],
          "private": "eyJzY2hlbWFfdmVyc2lvbiI6IjIifQ==",
          "dependencies": [
            "module.compute.aws_security_group.pm4_dmz_sg",
            "module.compute.aws_security_group.pm4_tasks_sg",
            "module.compute.aws_security_group.pm4_web_sg",
            "module.compute.aws_vpc.pm4_client_vpc"
          ]
        }
      ]
    },
    {
      "module": "module.compute",
      "mode": "managed",
      "type": "aws_security_group_rule",
      "name": "dmz-sg-add-web",
      "provider": "provider[\"registry.terraform.io/hashicorp/aws\"]",
      "instances": [
        {
          "schema_version": 2,
          "attributes": {
            "cidr_blocks": [],
            "description": "",
            "from_port": 22,
            "id": "sgrule-3158256984",
            "ipv6_cidr_blocks": [],
            "prefix_list_ids": [],
            "protocol": "tcp",
            "security_group_id": "sg-0b8a308821c735b5d",
            "self": false,
            "source_security_group_id": "sg-066b67455e873e790",
            "to_port": 22,
            "type": "ingress"
          },
          "sensitive_attributes": [],
          "private": "eyJzY2hlbWFfdmVyc2lvbiI6IjIifQ==",
          "dependencies": [
            "module.compute.aws_security_group.pm4_dmz_sg",
            "module.compute.aws_security_group.pm4_tasks_sg",
            "module.compute.aws_security_group.pm4_web_sg",
            "module.compute.aws_vpc.pm4_client_vpc"
          ]
        }
      ]
    },
    {
      "module": "module.compute",
      "mode": "managed",
      "type": "aws_subnet",
      "name": "pm4_alb_a",
      "provider": "provider[\"registry.terraform.io/hashicorp/aws\"]",
      "instances": [
        {
          "schema_version": 1,
          "attributes": {
            "arn": "arn:aws:ec2:us-east-1:897085551654:subnet/subnet-0e19dfea96e723fa4",
            "assign_ipv6_address_on_creation": false,
            "availability_zone": "us-east-1a",
            "availability_zone_id": "use1-az2",
            "cidr_block": "10.0.13.0/24",
            "customer_owned_ipv4_pool": "",
            "id": "subnet-0e19dfea96e723fa4",
            "ipv6_cidr_block": "",
            "ipv6_cidr_block_association_id": "",
            "map_customer_owned_ip_on_launch": false,
            "map_public_ip_on_launch": false,
            "outpost_arn": "",
            "owner_id": "897085551654",
            "tags": {
              "Name": "PM4-Client-ALB-Subnet-A"
            },
            "tags_all": {
              "Name": "PM4-Client-ALB-Subnet-A"
            },
            "timeouts": null,
            "vpc_id": "vpc-0500b63b6f9ea3103"
          },
          "sensitive_attributes": [],
          "private": "eyJlMmJmYjczMC1lY2FhLTExZTYtOGY4OC0zNDM2M2JjN2M0YzAiOnsiY3JlYXRlIjo2MDAwMDAwMDAwMDAsImRlbGV0ZSI6MTIwMDAwMDAwMDAwMH0sInNjaGVtYV92ZXJzaW9uIjoiMSJ9",
          "dependencies": [
            "module.compute.aws_vpc.pm4_client_vpc",
            "module.compute.data.aws_availability_zones.pm4_client_azs"
          ]
        }
      ]
    },
    {
      "module": "module.compute",
      "mode": "managed",
      "type": "aws_subnet",
      "name": "pm4_alb_b",
      "provider": "provider[\"registry.terraform.io/hashicorp/aws\"]",
      "instances": [
        {
          "schema_version": 1,
          "attributes": {
            "arn": "arn:aws:ec2:us-east-1:897085551654:subnet/subnet-0152a145ec8a9242f",
            "assign_ipv6_address_on_creation": false,
            "availability_zone": "us-east-1b",
            "availability_zone_id": "use1-az4",
            "cidr_block": "10.0.14.0/24",
            "customer_owned_ipv4_pool": "",
            "id": "subnet-0152a145ec8a9242f",
            "ipv6_cidr_block": "",
            "ipv6_cidr_block_association_id": "",
            "map_customer_owned_ip_on_launch": false,
            "map_public_ip_on_launch": false,
            "outpost_arn": "",
            "owner_id": "897085551654",
            "tags": {
              "Name": "PM4-Client-ALB-Subnet-B"
            },
            "tags_all": {
              "Name": "PM4-Client-ALB-Subnet-B"
            },
            "timeouts": null,
            "vpc_id": "vpc-0500b63b6f9ea3103"
          },
          "sensitive_attributes": [],
          "private": "eyJlMmJmYjczMC1lY2FhLTExZTYtOGY4OC0zNDM2M2JjN2M0YzAiOnsiY3JlYXRlIjo2MDAwMDAwMDAwMDAsImRlbGV0ZSI6MTIwMDAwMDAwMDAwMH0sInNjaGVtYV92ZXJzaW9uIjoiMSJ9",
          "dependencies": [
            "module.compute.aws_vpc.pm4_client_vpc",
            "module.compute.data.aws_availability_zones.pm4_client_azs"
          ]
        }
      ]
    },
    {
      "module": "module.compute",
      "mode": "managed",
      "type": "aws_subnet",
      "name": "pm4_backend_a",
      "provider": "provider[\"registry.terraform.io/hashicorp/aws\"]",
      "instances": [
        {
          "schema_version": 1,
          "attributes": {
            "arn": "arn:aws:ec2:us-east-1:897085551654:subnet/subnet-03727e82a1c1c8d8e",
            "assign_ipv6_address_on_creation": false,
            "availability_zone": "us-east-1a",
            "availability_zone_id": "use1-az2",
            "cidr_block": "10.0.15.0/24",
            "customer_owned_ipv4_pool": "",
            "id": "subnet-03727e82a1c1c8d8e",
            "ipv6_cidr_block": "",
            "ipv6_cidr_block_association_id": "",
            "map_customer_owned_ip_on_launch": false,
            "map_public_ip_on_launch": false,
            "outpost_arn": "",
            "owner_id": "897085551654",
            "tags": {
              "Name": "PM4-Client-BackEnd-Subnet-A"
            },
            "tags_all": {
              "Name": "PM4-Client-BackEnd-Subnet-A"
            },
            "timeouts": null,
            "vpc_id": "vpc-0500b63b6f9ea3103"
          },
          "sensitive_attributes": [],
          "private": "eyJlMmJmYjczMC1lY2FhLTExZTYtOGY4OC0zNDM2M2JjN2M0YzAiOnsiY3JlYXRlIjo2MDAwMDAwMDAwMDAsImRlbGV0ZSI6MTIwMDAwMDAwMDAwMH0sInNjaGVtYV92ZXJzaW9uIjoiMSJ9",
          "dependencies": [
            "module.compute.aws_vpc.pm4_client_vpc",
            "module.compute.data.aws_availability_zones.pm4_client_azs"
          ]
        }
      ]
    },
    {
      "module": "module.compute",
      "mode": "managed",
      "type": "aws_subnet",
      "name": "pm4_backend_b",
      "provider": "provider[\"registry.terraform.io/hashicorp/aws\"]",
      "instances": [
        {
          "schema_version": 1,
          "attributes": {
            "arn": "arn:aws:ec2:us-east-1:897085551654:subnet/subnet-005f632098eaf05d2",
            "assign_ipv6_address_on_creation": false,
            "availability_zone": "us-east-1b",
            "availability_zone_id": "use1-az4",
            "cidr_block": "10.0.16.0/24",
            "customer_owned_ipv4_pool": "",
            "id": "subnet-005f632098eaf05d2",
            "ipv6_cidr_block": "",
            "ipv6_cidr_block_association_id": "",
            "map_customer_owned_ip_on_launch": false,
            "map_public_ip_on_launch": false,
            "outpost_arn": "",
            "owner_id": "897085551654",
            "tags": {
              "Name": "PM4-Client-BackEnd-Subnet-B"
            },
            "tags_all": {
              "Name": "PM4-Client-BackEnd-Subnet-B"
            },
            "timeouts": null,
            "vpc_id": "vpc-0500b63b6f9ea3103"
          },
          "sensitive_attributes": [],
          "private": "eyJlMmJmYjczMC1lY2FhLTExZTYtOGY4OC0zNDM2M2JjN2M0YzAiOnsiY3JlYXRlIjo2MDAwMDAwMDAwMDAsImRlbGV0ZSI6MTIwMDAwMDAwMDAwMH0sInNjaGVtYV92ZXJzaW9uIjoiMSJ9",
          "dependencies": [
            "module.compute.aws_vpc.pm4_client_vpc",
            "module.compute.data.aws_availability_zones.pm4_client_azs"
          ]
        }
      ]
    },
    {
      "module": "module.compute",
      "mode": "managed",
      "type": "aws_subnet",
      "name": "pm4_dmz_a",
      "provider": "provider[\"registry.terraform.io/hashicorp/aws\"]",
      "instances": [
        {
          "schema_version": 1,
          "attributes": {
            "arn": "arn:aws:ec2:us-east-1:897085551654:subnet/subnet-0c9f99ab8858412d7",
            "assign_ipv6_address_on_creation": false,
            "availability_zone": "us-east-1a",
            "availability_zone_id": "use1-az2",
            "cidr_block": "10.0.1.0/24",
            "customer_owned_ipv4_pool": "",
            "id": "subnet-0c9f99ab8858412d7",
            "ipv6_cidr_block": "",
            "ipv6_cidr_block_association_id": "",
            "map_customer_owned_ip_on_launch": false,
            "map_public_ip_on_launch": false,
            "outpost_arn": "",
            "owner_id": "897085551654",
            "tags": {
              "Name": "PM4-Client-DMZ-Subnet-A"
            },
            "tags_all": {
              "Name": "PM4-Client-DMZ-Subnet-A"
            },
            "timeouts": null,
            "vpc_id": "vpc-0500b63b6f9ea3103"
          },
          "sensitive_attributes": [],
          "private": "eyJlMmJmYjczMC1lY2FhLTExZTYtOGY4OC0zNDM2M2JjN2M0YzAiOnsiY3JlYXRlIjo2MDAwMDAwMDAwMDAsImRlbGV0ZSI6MTIwMDAwMDAwMDAwMH0sInNjaGVtYV92ZXJzaW9uIjoiMSJ9",
          "dependencies": [
            "module.compute.aws_vpc.pm4_client_vpc",
            "module.compute.data.aws_availability_zones.pm4_client_azs"
          ]
        }
      ]
    },
    {
      "module": "module.compute",
      "mode": "managed",
      "type": "aws_subnet",
      "name": "pm4_dmz_b",
      "provider": "provider[\"registry.terraform.io/hashicorp/aws\"]",
      "instances": [
        {
          "schema_version": 1,
          "attributes": {
            "arn": "arn:aws:ec2:us-east-1:897085551654:subnet/subnet-0d9ac215e8814e399",
            "assign_ipv6_address_on_creation": false,
            "availability_zone": "us-east-1b",
            "availability_zone_id": "use1-az4",
            "cidr_block": "10.0.2.0/24",
            "customer_owned_ipv4_pool": "",
            "id": "subnet-0d9ac215e8814e399",
            "ipv6_cidr_block": "",
            "ipv6_cidr_block_association_id": "",
            "map_customer_owned_ip_on_launch": false,
            "map_public_ip_on_launch": false,
            "outpost_arn": "",
            "owner_id": "897085551654",
            "tags": {
              "Name": "PM4-Client-DMZ-Subnet-B"
            },
            "tags_all": {
              "Name": "PM4-Client-DMZ-Subnet-B"
            },
            "timeouts": null,
            "vpc_id": "vpc-0500b63b6f9ea3103"
          },
          "sensitive_attributes": [],
          "private": "eyJlMmJmYjczMC1lY2FhLTExZTYtOGY4OC0zNDM2M2JjN2M0YzAiOnsiY3JlYXRlIjo2MDAwMDAwMDAwMDAsImRlbGV0ZSI6MTIwMDAwMDAwMDAwMH0sInNjaGVtYV92ZXJzaW9uIjoiMSJ9",
          "dependencies": [
            "module.compute.data.aws_availability_zones.pm4_client_azs",
            "module.compute.aws_vpc.pm4_client_vpc"
          ]
        }
      ]
    },
    {
      "module": "module.compute",
      "mode": "managed",
      "type": "aws_subnet",
      "name": "pm4_efs_a",
      "provider": "provider[\"registry.terraform.io/hashicorp/aws\"]",
      "instances": [
        {
          "schema_version": 1,
          "attributes": {
            "arn": "arn:aws:ec2:us-east-1:897085551654:subnet/subnet-0a128baf47729f421",
            "assign_ipv6_address_on_creation": false,
            "availability_zone": "us-east-1a",
            "availability_zone_id": "use1-az2",
            "cidr_block": "10.0.5.0/24",
            "customer_owned_ipv4_pool": "",
            "id": "subnet-0a128baf47729f421",
            "ipv6_cidr_block": "",
            "ipv6_cidr_block_association_id": "",
            "map_customer_owned_ip_on_launch": false,
            "map_public_ip_on_launch": false,
            "outpost_arn": "",
            "owner_id": "897085551654",
            "tags": {
              "Name": "PM4-Client-EFS-Subnet-A"
            },
            "tags_all": {
              "Name": "PM4-Client-EFS-Subnet-A"
            },
            "timeouts": null,
            "vpc_id": "vpc-0500b63b6f9ea3103"
          },
          "sensitive_attributes": [],
          "private": "eyJlMmJmYjczMC1lY2FhLTExZTYtOGY4OC0zNDM2M2JjN2M0YzAiOnsiY3JlYXRlIjo2MDAwMDAwMDAwMDAsImRlbGV0ZSI6MTIwMDAwMDAwMDAwMH0sInNjaGVtYV92ZXJzaW9uIjoiMSJ9",
          "dependencies": [
            "module.compute.aws_vpc.pm4_client_vpc",
            "module.compute.data.aws_availability_zones.pm4_client_azs"
          ]
        }
      ]
    },
    {
      "module": "module.compute",
      "mode": "managed",
      "type": "aws_subnet",
      "name": "pm4_efs_b",
      "provider": "provider[\"registry.terraform.io/hashicorp/aws\"]",
      "instances": [
        {
          "schema_version": 1,
          "attributes": {
            "arn": "arn:aws:ec2:us-east-1:897085551654:subnet/subnet-0154be5e3e613e38f",
            "assign_ipv6_address_on_creation": false,
            "availability_zone": "us-east-1b",
            "availability_zone_id": "use1-az4",
            "cidr_block": "10.0.6.0/24",
            "customer_owned_ipv4_pool": "",
            "id": "subnet-0154be5e3e613e38f",
            "ipv6_cidr_block": "",
            "ipv6_cidr_block_association_id": "",
            "map_customer_owned_ip_on_launch": false,
            "map_public_ip_on_launch": false,
            "outpost_arn": "",
            "owner_id": "897085551654",
            "tags": {
              "Name": "PM4-Client-EFS-Subnet-B"
            },
            "tags_all": {
              "Name": "PM4-Client-EFS-Subnet-B"
            },
            "timeouts": null,
            "vpc_id": "vpc-0500b63b6f9ea3103"
          },
          "sensitive_attributes": [],
          "private": "eyJlMmJmYjczMC1lY2FhLTExZTYtOGY4OC0zNDM2M2JjN2M0YzAiOnsiY3JlYXRlIjo2MDAwMDAwMDAwMDAsImRlbGV0ZSI6MTIwMDAwMDAwMDAwMH0sInNjaGVtYV92ZXJzaW9uIjoiMSJ9",
          "dependencies": [
            "module.compute.aws_vpc.pm4_client_vpc",
            "module.compute.data.aws_availability_zones.pm4_client_azs"
          ]
        }
      ]
    },
    {
      "module": "module.compute",
      "mode": "managed",
      "type": "aws_subnet",
      "name": "pm4_redis_a",
      "provider": "provider[\"registry.terraform.io/hashicorp/aws\"]",
      "instances": [
        {
          "schema_version": 1,
          "attributes": {
            "arn": "arn:aws:ec2:us-east-1:897085551654:subnet/subnet-099dd93298ad4395c",
            "assign_ipv6_address_on_creation": false,
            "availability_zone": "us-east-1a",
            "availability_zone_id": "use1-az2",
            "cidr_block": "10.0.7.0/24",
            "customer_owned_ipv4_pool": "",
            "id": "subnet-099dd93298ad4395c",
            "ipv6_cidr_block": "",
            "ipv6_cidr_block_association_id": "",
            "map_customer_owned_ip_on_launch": false,
            "map_public_ip_on_launch": false,
            "outpost_arn": "",
            "owner_id": "897085551654",
            "tags": {
              "Name": "PM4-Client-Redis-Subnet-A"
            },
            "tags_all": {
              "Name": "PM4-Client-Redis-Subnet-A"
            },
            "timeouts": null,
            "vpc_id": "vpc-0500b63b6f9ea3103"
          },
          "sensitive_attributes": [],
          "private": "eyJlMmJmYjczMC1lY2FhLTExZTYtOGY4OC0zNDM2M2JjN2M0YzAiOnsiY3JlYXRlIjo2MDAwMDAwMDAwMDAsImRlbGV0ZSI6MTIwMDAwMDAwMDAwMH0sInNjaGVtYV92ZXJzaW9uIjoiMSJ9",
          "dependencies": [
            "module.compute.aws_vpc.pm4_client_vpc",
            "module.compute.data.aws_availability_zones.pm4_client_azs"
          ]
        }
      ]
    },
    {
      "module": "module.compute",
      "mode": "managed",
      "type": "aws_subnet",
      "name": "pm4_redis_b",
      "provider": "provider[\"registry.terraform.io/hashicorp/aws\"]",
      "instances": [
        {
          "schema_version": 1,
          "attributes": {
            "arn": "arn:aws:ec2:us-east-1:897085551654:subnet/subnet-0b4bf353b51feb1f7",
            "assign_ipv6_address_on_creation": false,
            "availability_zone": "us-east-1b",
            "availability_zone_id": "use1-az4",
            "cidr_block": "10.0.8.0/24",
            "customer_owned_ipv4_pool": "",
            "id": "subnet-0b4bf353b51feb1f7",
            "ipv6_cidr_block": "",
            "ipv6_cidr_block_association_id": "",
            "map_customer_owned_ip_on_launch": false,
            "map_public_ip_on_launch": false,
            "outpost_arn": "",
            "owner_id": "897085551654",
            "tags": {
              "Name": "PM4-Client-Redis-Subnet-B"
            },
            "tags_all": {
              "Name": "PM4-Client-Redis-Subnet-B"
            },
            "timeouts": null,
            "vpc_id": "vpc-0500b63b6f9ea3103"
          },
          "sensitive_attributes": [],
          "private": "eyJlMmJmYjczMC1lY2FhLTExZTYtOGY4OC0zNDM2M2JjN2M0YzAiOnsiY3JlYXRlIjo2MDAwMDAwMDAwMDAsImRlbGV0ZSI6MTIwMDAwMDAwMDAwMH0sInNjaGVtYV92ZXJzaW9uIjoiMSJ9",
          "dependencies": [
            "module.compute.aws_vpc.pm4_client_vpc",
            "module.compute.data.aws_availability_zones.pm4_client_azs"
          ]
        }
      ]
    },
    {
      "module": "module.compute",
      "mode": "managed",
      "type": "aws_subnet",
      "name": "pm4_tasks_a",
      "provider": "provider[\"registry.terraform.io/hashicorp/aws\"]",
      "instances": [
        {
          "schema_version": 1,
          "attributes": {
            "arn": "arn:aws:ec2:us-east-1:897085551654:subnet/subnet-08de3d79b9eae9569",
            "assign_ipv6_address_on_creation": false,
            "availability_zone": "us-east-1a",
            "availability_zone_id": "use1-az2",
            "cidr_block": "10.0.9.0/24",
            "customer_owned_ipv4_pool": "",
            "id": "subnet-08de3d79b9eae9569",
            "ipv6_cidr_block": "",
            "ipv6_cidr_block_association_id": "",
            "map_customer_owned_ip_on_launch": false,
            "map_public_ip_on_launch": false,
            "outpost_arn": "",
            "owner_id": "897085551654",
            "tags": {
              "Name": "PM4-Client-Tasks-Subnet-A"
            },
            "tags_all": {
              "Name": "PM4-Client-Tasks-Subnet-A"
            },
            "timeouts": null,
            "vpc_id": "vpc-0500b63b6f9ea3103"
          },
          "sensitive_attributes": [],
          "private": "eyJlMmJmYjczMC1lY2FhLTExZTYtOGY4OC0zNDM2M2JjN2M0YzAiOnsiY3JlYXRlIjo2MDAwMDAwMDAwMDAsImRlbGV0ZSI6MTIwMDAwMDAwMDAwMH0sInNjaGVtYV92ZXJzaW9uIjoiMSJ9",
          "dependencies": [
            "module.compute.aws_vpc.pm4_client_vpc",
            "module.compute.data.aws_availability_zones.pm4_client_azs"
          ],
          "create_before_destroy": true
        }
      ]
    },
    {
      "module": "module.compute",
      "mode": "managed",
      "type": "aws_subnet",
      "name": "pm4_tasks_b",
      "provider": "provider[\"registry.terraform.io/hashicorp/aws\"]",
      "instances": [
        {
          "schema_version": 1,
          "attributes": {
            "arn": "arn:aws:ec2:us-east-1:897085551654:subnet/subnet-09ca3069d71be23ce",
            "assign_ipv6_address_on_creation": false,
            "availability_zone": "us-east-1b",
            "availability_zone_id": "use1-az4",
            "cidr_block": "10.0.10.0/24",
            "customer_owned_ipv4_pool": "",
            "id": "subnet-09ca3069d71be23ce",
            "ipv6_cidr_block": "",
            "ipv6_cidr_block_association_id": "",
            "map_customer_owned_ip_on_launch": false,
            "map_public_ip_on_launch": false,
            "outpost_arn": "",
            "owner_id": "897085551654",
            "tags": {
              "Name": "PM4-Client-Tasks-Subnet-B"
            },
            "tags_all": {
              "Name": "PM4-Client-Tasks-Subnet-B"
            },
            "timeouts": null,
            "vpc_id": "vpc-0500b63b6f9ea3103"
          },
          "sensitive_attributes": [],
          "private": "eyJlMmJmYjczMC1lY2FhLTExZTYtOGY4OC0zNDM2M2JjN2M0YzAiOnsiY3JlYXRlIjo2MDAwMDAwMDAwMDAsImRlbGV0ZSI6MTIwMDAwMDAwMDAwMH0sInNjaGVtYV92ZXJzaW9uIjoiMSJ9",
          "dependencies": [
            "module.compute.aws_vpc.pm4_client_vpc",
            "module.compute.data.aws_availability_zones.pm4_client_azs"
          ],
          "create_before_destroy": true
        }
      ]
    },
    {
      "module": "module.compute",
      "mode": "managed",
      "type": "aws_subnet",
      "name": "pm4_web_a",
      "provider": "provider[\"registry.terraform.io/hashicorp/aws\"]",
      "instances": [
        {
          "schema_version": 1,
          "attributes": {
            "arn": "arn:aws:ec2:us-east-1:897085551654:subnet/subnet-0bb71d25827b3b151",
            "assign_ipv6_address_on_creation": false,
            "availability_zone": "us-east-1a",
            "availability_zone_id": "use1-az2",
            "cidr_block": "10.0.11.0/24",
            "customer_owned_ipv4_pool": "",
            "id": "subnet-0bb71d25827b3b151",
            "ipv6_cidr_block": "",
            "ipv6_cidr_block_association_id": "",
            "map_customer_owned_ip_on_launch": false,
            "map_public_ip_on_launch": false,
            "outpost_arn": "",
            "owner_id": "897085551654",
            "tags": {
              "Name": "PM4-Client-Web-Subnet-A"
            },
            "tags_all": {
              "Name": "PM4-Client-Web-Subnet-A"
            },
            "timeouts": null,
            "vpc_id": "vpc-0500b63b6f9ea3103"
          },
          "sensitive_attributes": [],
          "private": "eyJlMmJmYjczMC1lY2FhLTExZTYtOGY4OC0zNDM2M2JjN2M0YzAiOnsiY3JlYXRlIjo2MDAwMDAwMDAwMDAsImRlbGV0ZSI6MTIwMDAwMDAwMDAwMH0sInNjaGVtYV92ZXJzaW9uIjoiMSJ9",
          "dependencies": [
            "module.compute.aws_vpc.pm4_client_vpc",
            "module.compute.data.aws_availability_zones.pm4_client_azs"
          ],
          "create_before_destroy": true
        }
      ]
    },
    {
      "module": "module.compute",
      "mode": "managed",
      "type": "aws_subnet",
      "name": "pm4_web_b",
      "provider": "provider[\"registry.terraform.io/hashicorp/aws\"]",
      "instances": [
        {
          "schema_version": 1,
          "attributes": {
            "arn": "arn:aws:ec2:us-east-1:897085551654:subnet/subnet-0844dff72ab86652f",
            "assign_ipv6_address_on_creation": false,
            "availability_zone": "us-east-1b",
            "availability_zone_id": "use1-az4",
            "cidr_block": "10.0.12.0/24",
            "customer_owned_ipv4_pool": "",
            "id": "subnet-0844dff72ab86652f",
            "ipv6_cidr_block": "",
            "ipv6_cidr_block_association_id": "",
            "map_customer_owned_ip_on_launch": false,
            "map_public_ip_on_launch": false,
            "outpost_arn": "",
            "owner_id": "897085551654",
            "tags": {
              "Name": "PM4-Client-Web-Subnet-B"
            },
            "tags_all": {
              "Name": "PM4-Client-Web-Subnet-B"
            },
            "timeouts": null,
            "vpc_id": "vpc-0500b63b6f9ea3103"
          },
          "sensitive_attributes": [],
          "private": "eyJlMmJmYjczMC1lY2FhLTExZTYtOGY4OC0zNDM2M2JjN2M0YzAiOnsiY3JlYXRlIjo2MDAwMDAwMDAwMDAsImRlbGV0ZSI6MTIwMDAwMDAwMDAwMH0sInNjaGVtYV92ZXJzaW9uIjoiMSJ9",
          "dependencies": [
            "module.compute.aws_vpc.pm4_client_vpc",
            "module.compute.data.aws_availability_zones.pm4_client_azs"
          ],
          "create_before_destroy": true
        }
      ]
    },
    {
      "module": "module.compute",
      "mode": "managed",
      "type": "aws_vpc",
      "name": "pm4_client_vpc",
      "provider": "provider[\"registry.terraform.io/hashicorp/aws\"]",
      "instances": [
        {
          "schema_version": 1,
          "attributes": {
            "arn": "arn:aws:ec2:us-east-1:897085551654:vpc/vpc-0500b63b6f9ea3103",
            "assign_generated_ipv6_cidr_block": false,
            "cidr_block": "10.0.0.0/16",
            "default_network_acl_id": "acl-0bb29c30e9d3ef9bb",
            "default_route_table_id": "rtb-0d855d9a2a0938ac6",
            "default_security_group_id": "sg-07dc4d1003f330546",
            "dhcp_options_id": "dopt-0db6cfaab37da2394",
            "enable_classiclink": false,
            "enable_classiclink_dns_support": false,
            "enable_dns_hostnames": true,
            "enable_dns_support": true,
            "id": "vpc-0500b63b6f9ea3103",
            "instance_tenancy": "default",
            "ipv6_association_id": "",
            "ipv6_cidr_block": "",
            "main_route_table_id": "rtb-0d855d9a2a0938ac6",
            "owner_id": "897085551654",
            "tags": {
              "Name": "PM4-Client-VPC"
            },
            "tags_all": {
              "Name": "PM4-Client-VPC"
            }
          },
          "sensitive_attributes": [],
          "private": "eyJzY2hlbWFfdmVyc2lvbiI6IjEifQ==",
          "create_before_destroy": true
        }
      ]
    }
  ]
}
