{
  "version": 4,
  "terraform_version": "0.15.3",
  "serial": 71,
  "lineage": "f7b94440-9734-9ef6-85a6-0cc1ce29e07b",
  "outputs": {},
  "resources": [
    {
      "module": "module.compute",
      "mode": "data",
      "type": "aws_availability_zones",
      "name": "pm4_client_azs",
      "provider": "provider[\"registry.terraform.io/hashicorp/aws\"]",
      "instances": [
        {
          "schema_version": 0,
          "attributes": {
            "all_availability_zones": null,
            "exclude_names": null,
            "exclude_zone_ids": null,
            "filter": null,
            "group_names": [
              "us-east-1"
            ],
            "id": "us-east-1",
            "names": [
              "us-east-1a",
              "us-east-1b",
              "us-east-1c",
              "us-east-1d",
              "us-east-1e",
              "us-east-1f"
            ],
            "state": "available",
            "zone_ids": [
              "use1-az4",
              "use1-az6",
              "use1-az1",
              "use1-az2",
              "use1-az3",
              "use1-az5"
            ]
          },
          "sensitive_attributes": []
        }
      ]
    },
    {
      "module": "module.compute",
      "mode": "data",
      "type": "template_file",
      "name": "userdata",
      "provider": "provider[\"registry.terraform.io/hashicorp/template\"]",
      "instances": [
        {
          "schema_version": 0,
          "attributes": {
            "filename": null,
            "id": "ed73650ef96a6c30c9a4004f336fd7186d5b419114d8a1e3d013819972258128",
            "rendered": "#!/bin/bash\nsleep 5m\necho \"ECS_CLUSTER=PM4-Client-ECS-Cluster\" \u003e\u003e /etc/ecs/ecs.config\nyum install -y amazon-efs-tools\nmkdir -p /mnt/efs\necho \"$efs_id:/ /mnt/efs efs _netdev 0 0\" \u003e\u003e /etc/fstab\nmount /mnt/efs\n",
            "template": "#!/bin/bash\nsleep 5m\necho \"ECS_CLUSTER=PM4-Client-ECS-Cluster\" \u003e\u003e /etc/ecs/ecs.config\nyum install -y amazon-efs-tools\nmkdir -p /mnt/efs\necho \"$efs_id:/ /mnt/efs efs _netdev 0 0\" \u003e\u003e /etc/fstab\nmount /mnt/efs\n",
            "vars": {
              "efs_id": "fs-80af0534.efs.us-east-1.amazonaws.com"
            }
          },
          "sensitive_attributes": []
        }
      ]
    },
    {
      "module": "module.compute",
      "mode": "managed",
      "type": "aws_acm_certificate",
      "name": "pm4_cert",
      "provider": "provider[\"registry.terraform.io/hashicorp/aws\"]",
      "instances": [
        {
          "schema_version": 0,
          "attributes": {
            "arn": "arn:aws:acm:us-east-1:583246145048:certificate/95d1066a-4f68-4022-b580-f409628abed8",
            "certificate_authority_arn": "",
            "certificate_body": "-----BEGIN CERTIFICATE-----\nMIIDwzCCAqsCFEePc0POU/hbl67CvVbul7p9kksBMA0GCSqGSIb3DQEBCwUAMIGd\nMQswCQYDVQQGEwJSUzEPMA0GA1UECAwGU2VyYmlhMREwDwYDVQQHDAhCZWxncmFk\nZTETMBEGA1UECgwKUFJPSkVDVEJaWjETMBEGA1UECwwKUFJPSkVDVEJaWjEXMBUG\nA1UEAwwOcHJvamVjdGJ6ei5jb20xJzAlBgkqhkiG9w0BCQEWGHN0cmFoaW5qYXRh\nc2ljQGdtYWlsLmNvbTAeFw0yMTA1MTkwODMxNTJaFw0yMjA1MTkwODMxNTJaMIGd\nMQswCQYDVQQGEwJSUzEPMA0GA1UECAwGU2VyYmlhMREwDwYDVQQHDAhCZWxncmFk\nZTETMBEGA1UECgwKUFJPSkVDVEJaWjETMBEGA1UECwwKUFJPSkVDVEJaWjEXMBUG\nA1UEAwwOcHJvamVjdGJ6ei5jb20xJzAlBgkqhkiG9w0BCQEWGHN0cmFoaW5qYXRh\nc2ljQGdtYWlsLmNvbTCCASIwDQYJKoZIhvcNAQEBBQADggEPADCCAQoCggEBALxU\n1iSzX81WqyBMcwPvX3PxXgKV85GN2RxRxPp4wr/59n0RgDJLPT90NWFPkbUn2FDb\ntUE5FgWeedJlt+iA0LkWjnGXaK43+q0VI/wSOobLtoF53hu6ee6aJH+JZ0OT9f0W\nmcZevE/U+QHZKCZ3K0YVSAMJ4KbRA0gQqQa/tV0GDLpWoTPlIJrUDJ9BY8XVfksx\nW+69ztOolkQSx3E+ytAmqLYbcC/iCcA2bBUQA1XlithKCfdJEsB0Qvo9LukbU8gw\nFesiStsho/w2iTUUxKMT6B5SGFQP5Rh8ylbsf/rBxWBs9xFPR+htcowkVz/yRU4j\ndx3iFKPpxQHbstz3he8CAwEAATANBgkqhkiG9w0BAQsFAAOCAQEAjbxH8koyULWI\nmf3Ww7JqxtDi5JSxBtDSRNZt8NQn4WH/RA+uHGY4e1dMjKpXkV9UDLbhzc800HGX\nRF4VCmND46oNtztXigDfGs8ecDz1mrlwM9nFtnGj0g+mRQAtgefTBSK1fTQIZ+4/\nls0b2vbzOIVEEJajhPUP4v68LcHyPjfvuvPerbOjfuzyYV+prTtAi4+9T1/6bRKg\n1TDb0tdU/UxvsRzDFCeuUbwBXBDrSUCfUZu7GX40cpM4pbCUxnQBIT24QVb7lXBq\nBsn4VEMuAip5DPfUMVnQgWUnZuHwu+asbLLn1M/LQvLJcJGGdsv/vVgPu3PSAxjt\nLeTZ3/pIQg==\n-----END CERTIFICATE-----\n",
            "certificate_chain": null,
            "domain_name": "projectbzz.com",
            "domain_validation_options": [],
            "id": "arn:aws:acm:us-east-1:583246145048:certificate/95d1066a-4f68-4022-b580-f409628abed8",
            "options": [
              {
                "certificate_transparency_logging_preference": "DISABLED"
              }
            ],
            "private_key": "-----BEGIN RSA PRIVATE KEY-----\nMIIEpAIBAAKCAQEAvFTWJLNfzVarIExzA+9fc/FeApXzkY3ZHFHE+njCv/n2fRGA\nMks9P3Q1YU+RtSfYUNu1QTkWBZ550mW36IDQuRaOcZdorjf6rRUj/BI6hsu2gXne\nG7p57pokf4lnQ5P1/RaZxl68T9T5AdkoJncrRhVIAwngptEDSBCpBr+1XQYMulah\nM+UgmtQMn0FjxdV+SzFb7r3O06iWRBLHcT7K0CaothtwL+IJwDZsFRADVeWK2EoJ\n90kSwHRC+j0u6RtTyDAV6yJK2yGj/DaJNRTEoxPoHlIYVA/lGHzKVux/+sHFYGz3\nEU9H6G1yjCRXP/JFTiN3HeIUo+nFAduy3PeF7wIDAQABAoIBAQCqIqX2L8mbUfF0\nUzwQUP5VWraH9Xk9g/ygFcqyT8f38FPZ9qZuSQRCv7O9fkluc1l66pDbJDwdxWXe\nSaATvdNRcewq+BJMWSvvksqYXMtcnMn6O+MH/7VJdR0FzlZoeVFfWzx+NXU/VXHC\nVrBr13pTbMRKYnD9opKpVsur2iJ4roD2ZQIrMhZfQnZs6UK0ftajhYe6kPf0K5cz\nOse75X0BOhs43AWaCDom0PSTNKkEnUBfIADMJpmqyvBPlxTppn/toK4dntXuEqmd\nntKfHnz3CvTCBdQZDtV6X1zvU6J0SIhndjvCpGgLvmmY7Q4kiwF5/OuW2CAzuri5\nYaWXHpvBAoGBAPEqJ8gbeFAoOA6fmJS031G3iaAOMencXU05dZnl/AMn4bJSNAsU\ngsHUlKDZkFMOABH0PpabMzacEf9RX/nOv6fXQeF2pEwNOMba0f+BfQmttNhnEVSE\nnehUkF4GasvkUnTVoMcSbT3ZZwUE+jVI/T1Jb+jnvwOI14XRI23vsdSPAoGBAMfq\nqpJEoLZXqt9OOz7m9e1VPyzXFAuDc+7p4+07FuESCG8JmezGdYJ2W2yQHh4T9LA0\noPTHiu6RsxZYuN3gfARFOk7E9PmvZsqzVCqVVUm5g94nmq1Ast21ssmoOW8LAs9/\neqL7tEIxEepF0omhBsbaHO2K9hjyGiLXjKzaraihAoGAP9lAVQtozBgJ111LoTtN\n0K2+AyEe9+J+1T48M3WfRhqd938qBjD0+WpVu0w+mK6hOB+pHmiSo4eogCdEOLgT\nJ9WmvJGTqArsGEHAzVu0Bgb2VUDcZrsBr4wL+MjMJ5UYe5Q/j9UCFRjk3IBX2hmr\n6jjyJwCMItxs6yHWtnl6ZGMCgYBB4iZAefl03kNjwEZqHndhtbxSLLdga/vi+pWw\n8s5Bck3xOfrOO0Eys4rBpmUmiHEVOOLqiHBS2xVoAek6xeZZCe+DUglh19pKZvsP\n5ZLr7wV0Sx0Ah9fqlRzMtHHpFHnipCJoYAcx4TYEPOp7jOPM2Mi7yBX+dpsCbILh\n3FdqwQKBgQCsQfnpJwMKIsCeF+tPSpfh8ruCe7xhWuTUrfe1w9Y99OIHYMC3NGAY\nOQADuQTFy0x0ZEYvfunXiuGwLqCG5WNcaVUkxsRMejHU/xSZCrv5j56nw4TjQCvB\nPcNN5f5B/HIto2jJDY0PmftZr24ZNJ8GDAceMrs8x/5BNBnK5wS3hg==\n-----END RSA PRIVATE KEY-----\n",
            "status": "ISSUED",
            "subject_alternative_names": [],
            "tags": {},
            "tags_all": {},
            "validation_emails": [],
            "validation_method": "NONE"
          },
          "sensitive_attributes": [],
          "private": "bnVsbA=="
        }
      ]
    },
    {
      "module": "module.compute",
      "mode": "managed",
      "type": "aws_autoscaling_group",
      "name": "ecs_asg",
      "provider": "provider[\"registry.terraform.io/hashicorp/aws\"]",
      "instances": [
        {
          "schema_version": 0,
          "attributes": {
            "arn": "arn:aws:autoscaling:us-east-1:583246145048:autoScalingGroup:d84cbd91-6ca0-4610-8505-c8a694e207ac:autoScalingGroupName/PM4-Client-ECS-WEB-ASG",
            "availability_zones": [
              "us-east-1a",
              "us-east-1b"
            ],
            "capacity_rebalance": false,
            "default_cooldown": 300,
            "desired_capacity": 2,
            "enabled_metrics": [],
            "force_delete": false,
            "force_delete_warm_pool": false,
            "health_check_grace_period": 300,
            "health_check_type": "EC2",
            "id": "PM4-Client-ECS-WEB-ASG",
            "initial_lifecycle_hook": [],
            "instance_refresh": [],
            "launch_configuration": "PM4-Client-ECS-Web",
            "launch_template": [],
            "load_balancers": [],
            "max_instance_lifetime": 0,
            "max_size": 4,
            "metrics_granularity": "1Minute",
            "min_elb_capacity": null,
            "min_size": 2,
            "mixed_instances_policy": [],
            "name": "PM4-Client-ECS-WEB-ASG",
            "name_prefix": null,
            "placement_group": "",
            "protect_from_scale_in": false,
            "service_linked_role_arn": "arn:aws:iam::583246145048:role/aws-service-role/autoscaling.amazonaws.com/AWSServiceRoleForAutoScaling",
            "suspended_processes": [],
            "tag": [
              {
                "key": "AmazonECSManaged",
                "propagate_at_launch": true,
                "value": ""
              }
            ],
            "tags": null,
            "target_group_arns": [],
            "termination_policies": [],
            "timeouts": null,
            "vpc_zone_identifier": [
              "subnet-046110931f25c8e7c",
              "subnet-0e691d0d3b98db581"
            ],
            "wait_for_capacity_timeout": "10m",
            "wait_for_elb_capacity": null,
            "warm_pool": []
          },
          "sensitive_attributes": [],
          "private": "eyJlMmJmYjczMC1lY2FhLTExZTYtOGY4OC0zNDM2M2JjN2M0YzAiOnsiZGVsZXRlIjo2MDAwMDAwMDAwMDB9fQ==",
          "dependencies": [
            "module.compute.aws_iam_role.ecs-ec2-role",
            "module.compute.aws_vpc.pm4_client_vpc",
            "module.compute.aws_subnet.pm4_web_b",
            "module.compute.data.aws_availability_zones.pm4_client_azs",
            "module.compute.aws_iam_instance_profile.ecs_ec2_role",
            "module.compute.aws_key_pair.pm4_nat_key",
            "module.compute.aws_launch_configuration.ecs_lc",
            "module.compute.aws_security_group.pm4_web_sg",
            "module.compute.aws_subnet.pm4_web_a"
          ],
          "create_before_destroy": true
        }
      ]
    },
    {
      "module": "module.compute",
      "mode": "managed",
      "type": "aws_autoscaling_group",
      "name": "workers_asg",
      "provider": "provider[\"registry.terraform.io/hashicorp/aws\"]",
      "instances": [
        {
          "schema_version": 0,
          "attributes": {
            "arn": "arn:aws:autoscaling:us-east-1:583246145048:autoScalingGroup:bd321d9d-773b-4615-a9a3-0c0b2e5be392:autoScalingGroupName/PM4-Client-Workers",
            "availability_zones": [
              "us-east-1a",
              "us-east-1b"
            ],
            "capacity_rebalance": false,
            "default_cooldown": 300,
            "desired_capacity": 2,
            "enabled_metrics": [],
            "force_delete": false,
            "force_delete_warm_pool": false,
            "health_check_grace_period": 300,
            "health_check_type": "EC2",
            "id": "PM4-Client-Workers",
            "initial_lifecycle_hook": [],
            "instance_refresh": [],
            "launch_configuration": "PM4-Client-Workers",
            "launch_template": [],
            "load_balancers": [],
            "max_instance_lifetime": 0,
            "max_size": 4,
            "metrics_granularity": "1Minute",
            "min_elb_capacity": null,
            "min_size": 2,
            "mixed_instances_policy": [],
            "name": "PM4-Client-Workers",
            "name_prefix": null,
            "placement_group": "",
            "protect_from_scale_in": false,
            "service_linked_role_arn": "arn:aws:iam::583246145048:role/aws-service-role/autoscaling.amazonaws.com/AWSServiceRoleForAutoScaling",
            "suspended_processes": [],
            "tag": [],
            "tags": null,
            "target_group_arns": [],
            "termination_policies": [],
            "timeouts": null,
            "vpc_zone_identifier": [
              "subnet-08ce5083c998f3b0c",
              "subnet-0e6bd7dfada98317e"
            ],
            "wait_for_capacity_timeout": "10m",
            "wait_for_elb_capacity": null,
            "warm_pool": []
          },
          "sensitive_attributes": [],
          "private": "eyJlMmJmYjczMC1lY2FhLTExZTYtOGY4OC0zNDM2M2JjN2M0YzAiOnsiZGVsZXRlIjo2MDAwMDAwMDAwMDB9fQ==",
          "dependencies": [
            "module.compute.aws_security_group.pm4_tasks_sg",
            "module.compute.aws_subnet.pm4_tasks_a",
            "module.compute.aws_subnet.pm4_tasks_b",
            "module.compute.aws_vpc.pm4_client_vpc",
            "module.compute.data.aws_availability_zones.pm4_client_azs",
            "module.compute.aws_key_pair.pm4_nat_key",
            "module.compute.aws_launch_configuration.workers_lc"
          ],
          "create_before_destroy": true
        }
      ]
    },
    {
      "module": "module.compute",
      "mode": "managed",
      "type": "aws_ecs_cluster",
      "name": "pm4_ecs_cluster",
      "provider": "provider[\"registry.terraform.io/hashicorp/aws\"]",
      "instances": [
        {
          "schema_version": 0,
          "attributes": {
            "arn": "arn:aws:ecs:us-east-1:583246145048:cluster/PM4-Client-ECS",
            "capacity_providers": [],
            "default_capacity_provider_strategy": [],
            "id": "arn:aws:ecs:us-east-1:583246145048:cluster/PM4-Client-ECS",
            "name": "PM4-Client-ECS",
            "setting": [
              {
                "name": "containerInsights",
                "value": "disabled"
              }
            ],
            "tags": {},
            "tags_all": {}
          },
          "sensitive_attributes": [],
          "private": "bnVsbA=="
        }
      ]
    },
    {
      "module": "module.compute",
      "mode": "managed",
      "type": "aws_efs_file_system",
      "name": "fs_efs",
      "provider": "provider[\"registry.terraform.io/hashicorp/aws\"]",
      "instances": [
        {
          "schema_version": 0,
          "attributes": {
            "arn": "arn:aws:elasticfilesystem:us-east-1:583246145048:file-system/fs-80af0534",
            "availability_zone_id": "",
            "availability_zone_name": "",
            "creation_token": "efs-file-system",
            "dns_name": "fs-80af0534.efs.us-east-1.amazonaws.com",
            "encrypted": false,
            "id": "fs-80af0534",
            "kms_key_id": "",
            "lifecycle_policy": [],
            "number_of_mount_targets": 2,
            "owner_id": "583246145048",
            "performance_mode": "generalPurpose",
            "provisioned_throughput_in_mibps": 0,
            "size_in_bytes": [
              {
                "value": 6144,
                "value_in_ia": 0,
                "value_in_standard": 6144
              }
            ],
            "tags": {
              "Name": "PM4-Client-EFS"
            },
            "tags_all": {
              "Name": "PM4-Client-EFS"
            },
            "throughput_mode": "bursting"
          },
          "sensitive_attributes": [],
          "private": "bnVsbA=="
        }
      ]
    },
    {
      "module": "module.compute",
      "mode": "managed",
      "type": "aws_efs_mount_target",
      "name": "fs_efs_mount_a",
      "provider": "provider[\"registry.terraform.io/hashicorp/aws\"]",
      "instances": [
        {
          "schema_version": 0,
          "attributes": {
            "availability_zone_id": "use1-az4",
            "availability_zone_name": "us-east-1a",
            "dns_name": "fs-80af0534.efs.us-east-1.amazonaws.com",
            "file_system_arn": "arn:aws:elasticfilesystem:us-east-1:583246145048:file-system/fs-80af0534",
            "file_system_id": "fs-80af0534",
            "id": "fsmt-d20eb867",
            "ip_address": "10.0.5.219",
            "mount_target_dns_name": "us-east-1a.fs-80af0534.efs.us-east-1.amazonaws.com",
            "network_interface_id": "eni-010ac8cb0ba35a022",
            "owner_id": "583246145048",
            "security_groups": [
              "sg-037dc570289d86b26"
            ],
            "subnet_id": "subnet-0dd10b48f9c10e106"
          },
          "sensitive_attributes": [],
          "private": "bnVsbA==",
          "dependencies": [
            "module.compute.aws_efs_file_system.fs_efs",
            "module.compute.aws_security_group.pm4_efs_sg",
            "module.compute.aws_security_group.pm4_tasks_sg",
            "module.compute.aws_security_group.pm4_web_sg",
            "module.compute.aws_subnet.pm4_efs_a",
            "module.compute.aws_vpc.pm4_client_vpc",
            "module.compute.data.aws_availability_zones.pm4_client_azs"
          ]
        }
      ]
    },
    {
      "module": "module.compute",
      "mode": "managed",
      "type": "aws_efs_mount_target",
      "name": "fs_efs_mount_b",
      "provider": "provider[\"registry.terraform.io/hashicorp/aws\"]",
      "instances": [
        {
          "schema_version": 0,
          "attributes": {
            "availability_zone_id": "use1-az6",
            "availability_zone_name": "us-east-1b",
            "dns_name": "fs-80af0534.efs.us-east-1.amazonaws.com",
            "file_system_arn": "arn:aws:elasticfilesystem:us-east-1:583246145048:file-system/fs-80af0534",
            "file_system_id": "fs-80af0534",
            "id": "fsmt-dd0eb868",
            "ip_address": "10.0.6.213",
            "mount_target_dns_name": "us-east-1b.fs-80af0534.efs.us-east-1.amazonaws.com",
            "network_interface_id": "eni-03cd56bc5c8aadf53",
            "owner_id": "583246145048",
            "security_groups": [
              "sg-037dc570289d86b26"
            ],
            "subnet_id": "subnet-0cc85eaf92d157f5b"
          },
          "sensitive_attributes": [],
          "private": "bnVsbA==",
          "dependencies": [
            "module.compute.aws_security_group.pm4_tasks_sg",
            "module.compute.aws_security_group.pm4_web_sg",
            "module.compute.aws_subnet.pm4_efs_b",
            "module.compute.aws_vpc.pm4_client_vpc",
            "module.compute.data.aws_availability_zones.pm4_client_azs",
            "module.compute.aws_efs_file_system.fs_efs",
            "module.compute.aws_security_group.pm4_efs_sg"
          ]
        }
      ]
    },
    {
      "module": "module.compute",
      "mode": "managed",
      "type": "aws_eip",
      "name": "nat_eip_a",
      "provider": "provider[\"registry.terraform.io/hashicorp/aws\"]",
      "instances": [
        {
          "schema_version": 0,
          "attributes": {
            "address": null,
            "allocation_id": null,
            "associate_with_private_ip": null,
            "association_id": "eipassoc-02d7a1cbd86a86c31",
            "carrier_ip": "",
            "customer_owned_ip": "",
            "customer_owned_ipv4_pool": "",
            "domain": "vpc",
            "id": "eipalloc-035a74b79908d2b43",
            "instance": "i-00fcd67e24b4f9982",
            "network_border_group": "us-east-1",
            "network_interface": "eni-0ad7e1b2e4805fdf6",
            "private_dns": "ip-10-0-1-82.ec2.internal",
            "private_ip": "10.0.1.82",
            "public_dns": "ec2-52-7-52-169.compute-1.amazonaws.com",
            "public_ip": "52.7.52.169",
            "public_ipv4_pool": "amazon",
            "tags": null,
            "tags_all": {},
            "timeouts": null,
            "vpc": true
          },
          "sensitive_attributes": [],
          "private": "eyJlMmJmYjczMC1lY2FhLTExZTYtOGY4OC0zNDM2M2JjN2M0YzAiOnsiZGVsZXRlIjoxODAwMDAwMDAwMDAsInJlYWQiOjkwMDAwMDAwMDAwMCwidXBkYXRlIjozMDAwMDAwMDAwMDB9fQ==",
          "dependencies": [
            "module.compute.aws_network_interface.pm4_nat_interface_a"
          ]
        }
      ]
    },
    {
      "module": "module.compute",
      "mode": "managed",
      "type": "aws_eip",
      "name": "nat_eip_b",
      "provider": "provider[\"registry.terraform.io/hashicorp/aws\"]",
      "instances": [
        {
          "schema_version": 0,
          "attributes": {
            "address": null,
            "allocation_id": null,
            "associate_with_private_ip": null,
            "association_id": "eipassoc-02ac66bc43b79f657",
            "carrier_ip": "",
            "customer_owned_ip": "",
            "customer_owned_ipv4_pool": "",
            "domain": "vpc",
            "id": "eipalloc-0e602499fef7bf9a3",
            "instance": "i-012443daf9a38f01c",
            "network_border_group": "us-east-1",
            "network_interface": "eni-05db55380cbc09eda",
            "private_dns": "ip-10-0-2-238.ec2.internal",
            "private_ip": "10.0.2.238",
            "public_dns": "ec2-3-94-226-175.compute-1.amazonaws.com",
            "public_ip": "3.94.226.175",
            "public_ipv4_pool": "amazon",
            "tags": {},
            "tags_all": {},
            "timeouts": null,
            "vpc": true
          },
          "sensitive_attributes": [],
          "private": "eyJlMmJmYjczMC1lY2FhLTExZTYtOGY4OC0zNDM2M2JjN2M0YzAiOnsiZGVsZXRlIjoxODAwMDAwMDAwMDAsInJlYWQiOjkwMDAwMDAwMDAwMCwidXBkYXRlIjozMDAwMDAwMDAwMDB9fQ==",
          "dependencies": [
            "module.compute.data.aws_availability_zones.pm4_client_azs",
            "module.compute.aws_network_interface.pm4_nat_interface_b",
            "module.compute.aws_subnet.pm4_dmz_b",
            "module.compute.aws_vpc.pm4_client_vpc"
          ]
        }
      ]
    },
    {
      "module": "module.compute",
      "mode": "managed",
      "type": "aws_iam_instance_profile",
      "name": "ecs_ec2_role",
      "provider": "provider[\"registry.terraform.io/hashicorp/aws\"]",
      "instances": [
        {
          "schema_version": 0,
          "attributes": {
            "arn": "arn:aws:iam::583246145048:instance-profile/ecs-role",
            "create_date": "2021-05-19T08:59:48Z",
            "id": "ecs-role",
            "name": "ecs-role",
            "name_prefix": null,
            "path": "/",
            "role": "ecsInstanceRole",
            "tags": {},
            "tags_all": {},
            "unique_id": "AIPAYPTBN4YMKWMLFRAGX"
          },
          "sensitive_attributes": [],
          "private": "bnVsbA==",
          "dependencies": [
            "module.compute.aws_iam_role.ecs-ec2-role"
          ],
          "create_before_destroy": true
        }
      ]
    },
    {
      "module": "module.compute",
      "mode": "managed",
      "type": "aws_iam_role",
      "name": "ecs-ec2-role",
      "provider": "provider[\"registry.terraform.io/hashicorp/aws\"]",
      "instances": [
        {
          "schema_version": 0,
          "attributes": {
            "arn": "arn:aws:iam::583246145048:role/ecsInstanceRole",
            "assume_role_policy": "{\"Version\":\"2012-10-17\",\"Statement\":[{\"Sid\":\"\",\"Effect\":\"Allow\",\"Principal\":{\"Service\":\"ec2.amazonaws.com\"},\"Action\":\"sts:AssumeRole\"}]}",
            "create_date": "2021-05-19T08:59:46Z",
            "description": "",
            "force_detach_policies": false,
            "id": "ecsInstanceRole",
            "inline_policy": [
              {
                "name": "ecsInstanceRole-Policy",
                "policy": "{\n    \"Version\": \"2012-10-17\",\n    \"Statement\": [\n        {\n            \"Effect\": \"Allow\",\n            \"Action\": [\n              \"ecs:CreateCluster\",\n              \"ecs:DeregisterContainerInstance\",\n              \"ecs:DiscoverPollEndpoint\",\n              \"ecs:Poll\",\n              \"ecs:RegisterContainerInstance\",\n              \"ecs:StartTelemetrySession\",\n              \"ecs:Submit*\",\n              \"ecs:StartTask\",\n              \"ecr:GetAuthorizationToken\",\n              \"ecr:BatchCheckLayerAvailability\",\n              \"ecr:GetDownloadUrlForLayer\",\n              \"ecr:BatchGetImage\",\n              \"logs:CreateLogStream\",\n              \"logs:PutLogEvents\"\n            ],\n            \"Resource\": \"*\"\n        },\n        {\n            \"Effect\": \"Allow\",\n            \"Action\": [\n                \"logs:CreateLogGroup\",\n                \"logs:CreateLogStream\",\n                \"logs:PutLogEvents\",\n                \"logs:DescribeLogStreams\"\n            ],\n            \"Resource\": [\n                \"arn:aws:logs:*:*:*\"\n            ]\n        }\n    ]\n}\n"
              }
            ],
            "managed_policy_arns": [],
            "max_session_duration": 3600,
            "name": "ecsInstanceRole",
            "name_prefix": null,
            "path": "/",
            "permissions_boundary": null,
            "tags": {
              "Name": "ecsInstanceRole"
            },
            "tags_all": {
              "Name": "ecsInstanceRole"
            },
            "unique_id": "AROAYPTBN4YMCI5FE2HJU"
          },
          "sensitive_attributes": [],
          "private": "bnVsbA==",
          "create_before_destroy": true
        }
      ]
    },
    {
      "module": "module.compute",
      "mode": "managed",
      "type": "aws_iam_role_policy",
      "name": "ecs-ec2-role-policy",
      "provider": "provider[\"registry.terraform.io/hashicorp/aws\"]",
      "instances": [
        {
          "schema_version": 0,
          "attributes": {
            "id": "ecsInstanceRole:ecsInstanceRole-Policy",
            "name": "ecsInstanceRole-Policy",
            "name_prefix": null,
            "policy": "{\n    \"Version\": \"2012-10-17\",\n    \"Statement\": [\n        {\n            \"Effect\": \"Allow\",\n            \"Action\": [\n              \"ecs:CreateCluster\",\n              \"ecs:DeregisterContainerInstance\",\n              \"ecs:DiscoverPollEndpoint\",\n              \"ecs:Poll\",\n              \"ecs:RegisterContainerInstance\",\n              \"ecs:StartTelemetrySession\",\n              \"ecs:Submit*\",\n              \"ecs:StartTask\",\n              \"ecr:GetAuthorizationToken\",\n              \"ecr:BatchCheckLayerAvailability\",\n              \"ecr:GetDownloadUrlForLayer\",\n              \"ecr:BatchGetImage\",\n              \"logs:CreateLogStream\",\n              \"logs:PutLogEvents\"\n            ],\n            \"Resource\": \"*\"\n        },\n        {\n            \"Effect\": \"Allow\",\n            \"Action\": [\n                \"logs:CreateLogGroup\",\n                \"logs:CreateLogStream\",\n                \"logs:PutLogEvents\",\n                \"logs:DescribeLogStreams\"\n            ],\n            \"Resource\": [\n                \"arn:aws:logs:*:*:*\"\n            ]\n        }\n    ]\n}\n",
            "role": "ecsInstanceRole"
          },
          "sensitive_attributes": [],
          "private": "bnVsbA==",
          "dependencies": [
            "module.compute.aws_iam_role.ecs-ec2-role"
          ]
        }
      ]
    },
    {
      "module": "module.compute",
      "mode": "managed",
      "type": "aws_instance",
      "name": "pm4_nat_instance_a",
      "provider": "provider[\"registry.terraform.io/hashicorp/aws\"]",
      "instances": [
        {
          "schema_version": 1,
          "attributes": {
            "ami": "ami-00a9d4a05375b2763",
            "arn": "arn:aws:ec2:us-east-1:583246145048:instance/i-00fcd67e24b4f9982",
            "associate_public_ip_address": false,
            "availability_zone": "us-east-1a",
            "cpu_core_count": 1,
            "cpu_threads_per_core": 2,
            "credit_specification": [
              {
                "cpu_credits": "unlimited"
              }
            ],
            "disable_api_termination": false,
            "ebs_block_device": [],
            "ebs_optimized": false,
            "enclave_options": [
              {
                "enabled": false
              }
            ],
            "ephemeral_block_device": [],
            "get_password_data": false,
            "hibernation": false,
            "host_id": null,
            "iam_instance_profile": "",
            "id": "i-00fcd67e24b4f9982",
            "instance_initiated_shutdown_behavior": "stop",
            "instance_state": "running",
            "instance_type": "t3.medium",
            "ipv6_address_count": 0,
            "ipv6_addresses": [],
            "key_name": "pm4_nat_key",
            "metadata_options": [
              {
                "http_endpoint": "enabled",
                "http_put_response_hop_limit": 1,
                "http_tokens": "optional"
              }
            ],
            "monitoring": false,
            "network_interface": [
              {
                "delete_on_termination": false,
                "device_index": 0,
                "network_interface_id": "eni-0ad7e1b2e4805fdf6"
              }
            ],
            "outpost_arn": "",
            "password_data": "",
            "placement_group": "",
            "primary_network_interface_id": "eni-0ad7e1b2e4805fdf6",
            "private_dns": "ip-10-0-1-82.ec2.internal",
            "private_ip": "10.0.1.82",
            "public_dns": "",
            "public_ip": "",
            "root_block_device": [
              {
                "delete_on_termination": true,
                "device_name": "/dev/xvda",
                "encrypted": false,
                "iops": 0,
                "kms_key_id": "",
                "tags": {},
                "throughput": 0,
                "volume_id": "vol-08a40baa7b07919a0",
                "volume_size": 8,
                "volume_type": "standard"
              }
            ],
            "secondary_private_ips": [],
            "security_groups": [],
            "source_dest_check": false,
            "subnet_id": "subnet-0bed6623362466561",
            "tags": {
              "Name": "PM4-NAT-Instance-A"
            },
            "tags_all": {
              "Name": "PM4-NAT-Instance-A"
            },
            "tenancy": "default",
            "timeouts": null,
            "user_data": null,
            "user_data_base64": null,
            "volume_tags": null,
            "vpc_security_group_ids": [
              "sg-0b0fc2248399999ed",
              "sg-0d57965077bd677b2"
            ]
          },
          "sensitive_attributes": [],
          "private": "eyJlMmJmYjczMC1lY2FhLTExZTYtOGY4OC0zNDM2M2JjN2M0YzAiOnsiY3JlYXRlIjo2MDAwMDAwMDAwMDAsImRlbGV0ZSI6MTIwMDAwMDAwMDAwMCwidXBkYXRlIjo2MDAwMDAwMDAwMDB9LCJzY2hlbWFfdmVyc2lvbiI6IjEifQ==",
          "dependencies": [
            "module.compute.aws_vpc.pm4_client_vpc",
            "module.compute.data.aws_availability_zones.pm4_client_azs",
            "module.compute.aws_key_pair.pm4_nat_key",
            "module.compute.aws_network_interface.pm4_nat_interface_a",
            "module.compute.aws_subnet.pm4_dmz_a"
          ]
        }
      ]
    },
    {
      "module": "module.compute",
      "mode": "managed",
      "type": "aws_instance",
      "name": "pm4_nat_instance_b",
      "provider": "provider[\"registry.terraform.io/hashicorp/aws\"]",
      "instances": [
        {
          "schema_version": 1,
          "attributes": {
            "ami": "ami-00a9d4a05375b2763",
            "arn": "arn:aws:ec2:us-east-1:583246145048:instance/i-012443daf9a38f01c",
            "associate_public_ip_address": true,
            "availability_zone": "us-east-1b",
            "cpu_core_count": 1,
            "cpu_threads_per_core": 2,
            "credit_specification": [
              {
                "cpu_credits": "unlimited"
              }
            ],
            "disable_api_termination": false,
            "ebs_block_device": [],
            "ebs_optimized": false,
            "enclave_options": [
              {
                "enabled": false
              }
            ],
            "ephemeral_block_device": [],
            "get_password_data": false,
            "hibernation": false,
            "host_id": null,
            "iam_instance_profile": "",
            "id": "i-012443daf9a38f01c",
            "instance_initiated_shutdown_behavior": "stop",
            "instance_state": "running",
            "instance_type": "t3.medium",
            "ipv6_address_count": 0,
            "ipv6_addresses": [],
            "key_name": "pm4_nat_key",
            "metadata_options": [
              {
                "http_endpoint": "enabled",
                "http_put_response_hop_limit": 1,
                "http_tokens": "optional"
              }
            ],
            "monitoring": false,
            "network_interface": [
              {
                "delete_on_termination": false,
                "device_index": 0,
                "network_interface_id": "eni-05db55380cbc09eda"
              }
            ],
            "outpost_arn": "",
            "password_data": "",
            "placement_group": "",
            "primary_network_interface_id": "eni-05db55380cbc09eda",
            "private_dns": "ip-10-0-2-238.ec2.internal",
            "private_ip": "10.0.2.238",
            "public_dns": "ec2-3-94-226-175.compute-1.amazonaws.com",
            "public_ip": "3.94.226.175",
            "root_block_device": [
              {
                "delete_on_termination": true,
                "device_name": "/dev/xvda",
                "encrypted": false,
                "iops": 0,
                "kms_key_id": "",
                "tags": {},
                "throughput": 0,
                "volume_id": "vol-050e73bab5426a96b",
                "volume_size": 8,
                "volume_type": "standard"
              }
            ],
            "secondary_private_ips": [],
            "security_groups": [],
            "source_dest_check": false,
            "subnet_id": "subnet-0d1fc2f03804666df",
            "tags": {
              "Name": "PM4-NAT-Instance-B"
            },
            "tags_all": {
              "Name": "PM4-NAT-Instance-B"
            },
            "tenancy": "default",
            "timeouts": null,
            "user_data": null,
            "user_data_base64": null,
            "volume_tags": null,
            "vpc_security_group_ids": [
              "sg-0b0fc2248399999ed",
              "sg-0d57965077bd677b2"
            ]
          },
          "sensitive_attributes": [],
          "private": "eyJlMmJmYjczMC1lY2FhLTExZTYtOGY4OC0zNDM2M2JjN2M0YzAiOnsiY3JlYXRlIjo2MDAwMDAwMDAwMDAsImRlbGV0ZSI6MTIwMDAwMDAwMDAwMCwidXBkYXRlIjo2MDAwMDAwMDAwMDB9LCJzY2hlbWFfdmVyc2lvbiI6IjEifQ==",
          "dependencies": [
            "module.compute.aws_network_interface.pm4_nat_interface_b",
            "module.compute.aws_subnet.pm4_dmz_b",
            "module.compute.aws_vpc.pm4_client_vpc",
            "module.compute.data.aws_availability_zones.pm4_client_azs"
          ]
        }
      ]
    },
    {
      "module": "module.compute",
      "mode": "managed",
      "type": "aws_internet_gateway",
      "name": "pm4_client_igw",
      "provider": "provider[\"registry.terraform.io/hashicorp/aws\"]",
      "instances": [
        {
          "schema_version": 0,
          "attributes": {
            "arn": "arn:aws:ec2:us-east-1:583246145048:internet-gateway/igw-08f96af78d5a43b89",
            "id": "igw-08f96af78d5a43b89",
            "owner_id": "583246145048",
            "tags": {
              "Name": "PM4-Client-IGW"
            },
            "tags_all": {
              "Name": "PM4-Client-IGW"
            },
            "vpc_id": "vpc-0ca4378875e42c1c7"
          },
          "sensitive_attributes": [],
          "private": "bnVsbA==",
          "dependencies": [
            "module.compute.aws_vpc.pm4_client_vpc"
          ]
        }
      ]
    },
    {
      "module": "module.compute",
      "mode": "managed",
      "type": "aws_key_pair",
      "name": "pm4_nat_key",
      "provider": "provider[\"registry.terraform.io/hashicorp/aws\"]",
      "instances": [
        {
          "schema_version": 1,
          "attributes": {
            "arn": "arn:aws:ec2:us-east-1:583246145048:key-pair/pm4_nat_key",
            "fingerprint": "c5:f7:a1:58:bd:a9:ad:72:66:9d:98:6b:8a:ea:de:05",
            "id": "pm4_nat_key",
            "key_name": "pm4_nat_key",
            "key_name_prefix": null,
            "key_pair_id": "key-060fbe8bdf2b7ee8e",
            "public_key": "ssh-rsa AAAAB3NzaC1yc2EAAAADAQABAAABgQDJ43kXcr+Wn9IbUoIAJgmgIDCC+xb69nM4w/Zz4PkRDFlBwGRzS5ZnOdvh1JznqVAGrwGsGQ4ydMpvsmvnuot2G6qRSvK3mz7KSGyEkomXI3lz8AKlmSS8U5GOgP0DYHKtfOVfqGYRUSW5hrWogBY+aJb1d8SGtJOe8Qpaw2rAGT4ZjqZKZqSY3dCa/nwxN6C2ymwbHj5ieSTRGD9PUHsD3gGRHDV7Dgwxyh/AlQZFgcBg/FQf8l/gj1QqiPRC3k+kWNmcKwiM48fuSwj7v2bUNCo5nSE5maQuNymqEl02BauPLFlY3OE24QWoFyxI4ehzdgNmzWJRvs/UwoXUJlxzjLX7UVw6YuH3QKQv7ksSAXHxabpen+NU61JIQVfptFIuaH17xuHuSXkdPuxvCNwDvrzosIONK3VtTwzJe2f4A28W8GaYlIxweV919mgK1U3/0StdYystKUbuVoRkisSSPNuVz9NWjMlQYQdwjEdPFYXzahGmOw6pF86mNvkaM/E= root@linuxws",
            "tags": {
              "Name": "PM4-Client-NAT-Key"
            },
            "tags_all": {
              "Name": "PM4-Client-NAT-Key"
            }
          },
          "sensitive_attributes": [],
          "private": "eyJzY2hlbWFfdmVyc2lvbiI6IjEifQ==",
          "create_before_destroy": true
        }
      ]
    },
    {
      "module": "module.compute",
      "mode": "managed",
      "type": "aws_launch_configuration",
      "name": "ecs_lc",
      "provider": "provider[\"registry.terraform.io/hashicorp/aws\"]",
      "instances": [
        {
          "schema_version": 0,
          "attributes": {
            "arn": "arn:aws:autoscaling:us-east-1:583246145048:launchConfiguration:df744a30-748f-4b2b-9720-a424052e0817:launchConfigurationName/PM4-Client-ECS-Web",
            "associate_public_ip_address": false,
            "ebs_block_device": [],
            "ebs_optimized": false,
            "enable_monitoring": true,
            "ephemeral_block_device": [],
            "iam_instance_profile": "ecs-role",
            "id": "PM4-Client-ECS-Web",
            "image_id": "ami-0ae3143bc8c29507d",
            "instance_type": "t3.medium",
            "key_name": "pm4_nat_key",
            "metadata_options": [],
            "name": "PM4-Client-ECS-Web",
            "name_prefix": null,
            "placement_tenancy": null,
            "root_block_device": [],
            "security_groups": [
              "sg-08e3a527c12ef6801"
            ],
            "spot_price": "",
            "user_data": "e16954b56687f6f41926ce572aa71fd252959128",
            "user_data_base64": null,
            "vpc_classic_link_id": "",
            "vpc_classic_link_security_groups": []
          },
          "sensitive_attributes": [],
          "private": "bnVsbA==",
          "dependencies": [
            "module.compute.aws_iam_instance_profile.ecs_ec2_role",
            "module.compute.aws_iam_role.ecs-ec2-role",
            "module.compute.aws_key_pair.pm4_nat_key",
            "module.compute.aws_security_group.pm4_web_sg",
            "module.compute.aws_vpc.pm4_client_vpc"
          ],
          "create_before_destroy": true
        }
      ]
    },
    {
      "module": "module.compute",
      "mode": "managed",
      "type": "aws_launch_configuration",
      "name": "workers_lc",
      "provider": "provider[\"registry.terraform.io/hashicorp/aws\"]",
      "instances": [
        {
          "schema_version": 0,
          "attributes": {
            "arn": "arn:aws:autoscaling:us-east-1:583246145048:launchConfiguration:b7e6ee87-9e1e-49d9-a0a2-8a5b4318476d:launchConfigurationName/PM4-Client-Workers",
            "associate_public_ip_address": false,
            "ebs_block_device": [],
            "ebs_optimized": false,
            "enable_monitoring": true,
            "ephemeral_block_device": [],
            "iam_instance_profile": "",
            "id": "PM4-Client-Workers",
            "image_id": "ami-0742b4e673072066f",
            "instance_type": "t3.medium",
            "key_name": "pm4_nat_key",
            "metadata_options": [],
            "name": "PM4-Client-Workers",
            "name_prefix": null,
            "placement_tenancy": null,
            "root_block_device": [],
            "security_groups": [
              "sg-0120ab83e1e36a6c1"
            ],
            "spot_price": "",
            "user_data": null,
            "user_data_base64": null,
            "vpc_classic_link_id": "",
            "vpc_classic_link_security_groups": []
          },
          "sensitive_attributes": [],
          "private": "bnVsbA==",
          "dependencies": [
            "module.compute.aws_vpc.pm4_client_vpc",
            "module.compute.aws_key_pair.pm4_nat_key",
            "module.compute.aws_security_group.pm4_tasks_sg"
          ],
          "create_before_destroy": true
        }
      ]
    },
    {
      "module": "module.compute",
      "mode": "managed",
      "type": "aws_lb",
      "name": "pm4_alb",
      "provider": "provider[\"registry.terraform.io/hashicorp/aws\"]",
      "instances": [
        {
          "schema_version": 0,
          "attributes": {
            "access_logs": [
              {
                "bucket": "",
                "enabled": false,
                "prefix": ""
              }
            ],
            "arn": "arn:aws:elasticloadbalancing:us-east-1:583246145048:loadbalancer/app/test-lb-tf/43d6085ccaa6a40f",
            "arn_suffix": "app/test-lb-tf/43d6085ccaa6a40f",
            "customer_owned_ipv4_pool": "",
            "dns_name": "test-lb-tf-424960038.us-east-1.elb.amazonaws.com",
            "drop_invalid_header_fields": false,
            "enable_cross_zone_load_balancing": null,
            "enable_deletion_protection": true,
            "enable_http2": true,
            "id": "arn:aws:elasticloadbalancing:us-east-1:583246145048:loadbalancer/app/test-lb-tf/43d6085ccaa6a40f",
            "idle_timeout": 60,
            "internal": false,
            "ip_address_type": "ipv4",
            "load_balancer_type": "application",
            "name": "test-lb-tf",
            "name_prefix": null,
            "security_groups": [
              "sg-012157ac8c11aa44e"
            ],
            "subnet_mapping": [
              {
                "allocation_id": "",
                "ipv6_address": "",
                "outpost_id": "",
                "private_ipv4_address": "",
                "subnet_id": "subnet-0ab04d6c8cd4a83d3"
              },
              {
                "allocation_id": "",
                "ipv6_address": "",
                "outpost_id": "",
                "private_ipv4_address": "",
                "subnet_id": "subnet-0e3687da7c545b13b"
              }
            ],
            "subnets": [
              "subnet-0ab04d6c8cd4a83d3",
              "subnet-0e3687da7c545b13b"
            ],
            "tags": {
              "Name": "PM4-Client-ALB"
            },
            "tags_all": {
              "Name": "PM4-Client-ALB"
            },
            "timeouts": null,
            "vpc_id": "vpc-0ca4378875e42c1c7",
            "zone_id": "Z35SXDOTRQ7X7K"
          },
          "sensitive_attributes": [],
          "private": "eyJlMmJmYjczMC1lY2FhLTExZTYtOGY4OC0zNDM2M2JjN2M0YzAiOnsiY3JlYXRlIjo2MDAwMDAwMDAwMDAsImRlbGV0ZSI6NjAwMDAwMDAwMDAwLCJ1cGRhdGUiOjYwMDAwMDAwMDAwMH19",
          "dependencies": [
            "module.compute.aws_security_group.pm4_alb_sg",
            "module.compute.aws_subnet.pm4_alb_a",
            "module.compute.aws_subnet.pm4_alb_b",
            "module.compute.aws_vpc.pm4_client_vpc",
            "module.compute.data.aws_availability_zones.pm4_client_azs"
          ]
        }
      ]
    },
    {
      "module": "module.compute",
      "mode": "managed",
      "type": "aws_lb_listener",
      "name": "pm4_secure_listener",
      "provider": "provider[\"registry.terraform.io/hashicorp/aws\"]",
      "instances": [
        {
          "schema_version": 0,
          "attributes": {
            "alpn_policy": null,
            "arn": "arn:aws:elasticloadbalancing:us-east-1:583246145048:listener/app/test-lb-tf/43d6085ccaa6a40f/18b8433f41f460b3",
            "certificate_arn": "arn:aws:acm:us-east-1:583246145048:certificate/95d1066a-4f68-4022-b580-f409628abed8",
            "default_action": [
              {
                "authenticate_cognito": [],
                "authenticate_oidc": [],
                "fixed_response": [],
                "forward": [],
                "order": 1,
                "redirect": [
                  {
                    "host": "google.com",
                    "path": "/#{path}",
                    "port": "#{port}",
                    "protocol": "#{protocol}",
                    "query": "#{query}",
                    "status_code": "HTTP_301"
                  }
                ],
                "target_group_arn": "",
                "type": "redirect"
              }
            ],
            "id": "arn:aws:elasticloadbalancing:us-east-1:583246145048:listener/app/test-lb-tf/43d6085ccaa6a40f/18b8433f41f460b3",
            "load_balancer_arn": "arn:aws:elasticloadbalancing:us-east-1:583246145048:loadbalancer/app/test-lb-tf/43d6085ccaa6a40f",
            "port": 443,
            "protocol": "HTTPS",
            "ssl_policy": "ELBSecurityPolicy-2016-08",
            "tags": {},
            "tags_all": {},
            "timeouts": null
          },
          "sensitive_attributes": [],
          "private": "eyJlMmJmYjczMC1lY2FhLTExZTYtOGY4OC0zNDM2M2JjN2M0YzAiOnsicmVhZCI6NjAwMDAwMDAwMDAwfX0=",
          "dependencies": [
            "module.compute.aws_subnet.pm4_alb_b",
            "module.compute.aws_vpc.pm4_client_vpc",
            "module.compute.data.aws_availability_zones.pm4_client_azs",
            "module.compute.aws_acm_certificate.pm4_cert",
            "module.compute.aws_lb.pm4_alb",
            "module.compute.aws_security_group.pm4_alb_sg",
            "module.compute.aws_subnet.pm4_alb_a"
          ]
        }
      ]
    },
    {
      "module": "module.compute",
      "mode": "managed",
      "type": "aws_lb_listener",
      "name": "pm4_unsecure_listener",
      "provider": "provider[\"registry.terraform.io/hashicorp/aws\"]",
      "instances": [
        {
          "schema_version": 0,
          "attributes": {
            "alpn_policy": null,
            "arn": "arn:aws:elasticloadbalancing:us-east-1:583246145048:listener/app/test-lb-tf/43d6085ccaa6a40f/7c60e14d79cb85cd",
            "certificate_arn": null,
            "default_action": [
              {
                "authenticate_cognito": [],
                "authenticate_oidc": [],
                "fixed_response": [],
                "forward": [],
                "order": 1,
                "redirect": [
                  {
                    "host": "#{host}",
                    "path": "/#{path}",
                    "port": "443",
                    "protocol": "HTTPS",
                    "query": "#{query}",
                    "status_code": "HTTP_301"
                  }
                ],
                "target_group_arn": "",
                "type": "redirect"
              }
            ],
            "id": "arn:aws:elasticloadbalancing:us-east-1:583246145048:listener/app/test-lb-tf/43d6085ccaa6a40f/7c60e14d79cb85cd",
            "load_balancer_arn": "arn:aws:elasticloadbalancing:us-east-1:583246145048:loadbalancer/app/test-lb-tf/43d6085ccaa6a40f",
            "port": 80,
            "protocol": "HTTP",
            "ssl_policy": "",
            "tags": {},
            "tags_all": {},
            "timeouts": null
          },
          "sensitive_attributes": [],
          "private": "eyJlMmJmYjczMC1lY2FhLTExZTYtOGY4OC0zNDM2M2JjN2M0YzAiOnsicmVhZCI6NjAwMDAwMDAwMDAwfX0=",
          "dependencies": [
            "module.compute.aws_security_group.pm4_alb_sg",
            "module.compute.aws_subnet.pm4_alb_a",
            "module.compute.aws_subnet.pm4_alb_b",
            "module.compute.aws_vpc.pm4_client_vpc",
            "module.compute.data.aws_availability_zones.pm4_client_azs",
            "module.compute.aws_lb.pm4_alb"
          ]
        }
      ]
    },
    {
      "module": "module.compute",
      "mode": "managed",
      "type": "aws_network_interface",
      "name": "pm4_nat_interface_a",
      "provider": "provider[\"registry.terraform.io/hashicorp/aws\"]",
      "instances": [
        {
          "schema_version": 0,
          "attributes": {
            "attachment": [
              {
                "attachment_id": "eni-attach-017778d4afdcc4650",
                "device_index": 0,
                "instance": "i-00fcd67e24b4f9982"
              }
            ],
            "description": "",
            "id": "eni-0ad7e1b2e4805fdf6",
            "interface_type": "interface",
            "ipv6_address_count": 0,
            "ipv6_addresses": [],
            "mac_address": "0a:ba:ae:2a:c8:6d",
            "outpost_arn": "",
            "private_dns_name": "ip-10-0-1-82.ec2.internal",
            "private_ip": "10.0.1.82",
            "private_ips": [
              "10.0.1.82"
            ],
            "private_ips_count": 0,
            "security_groups": [
              "sg-0b0fc2248399999ed",
              "sg-0d57965077bd677b2"
            ],
            "source_dest_check": false,
            "subnet_id": "subnet-0bed6623362466561",
            "tags": {
              "Name": "PM4-NAT-Network-Interface-A"
            },
            "tags_all": {
              "Name": "PM4-NAT-Network-Interface-A"
            }
          },
          "sensitive_attributes": [],
          "private": "bnVsbA==",
          "dependencies": [
            "module.compute.aws_subnet.pm4_dmz_a",
            "module.compute.aws_vpc.pm4_client_vpc",
            "module.compute.data.aws_availability_zones.pm4_client_azs"
          ]
        }
      ]
    },
    {
      "module": "module.compute",
      "mode": "managed",
      "type": "aws_network_interface",
      "name": "pm4_nat_interface_b",
      "provider": "provider[\"registry.terraform.io/hashicorp/aws\"]",
      "instances": [
        {
          "schema_version": 0,
          "attributes": {
            "attachment": [
              {
                "attachment_id": "eni-attach-034572a2102cd8bc8",
                "device_index": 0,
                "instance": "i-012443daf9a38f01c"
              }
            ],
            "description": "",
            "id": "eni-05db55380cbc09eda",
            "interface_type": "interface",
            "ipv6_address_count": 0,
            "ipv6_addresses": [],
            "mac_address": "0e:80:7c:7d:8e:d7",
            "outpost_arn": "",
            "private_dns_name": "ip-10-0-2-238.ec2.internal",
            "private_ip": "10.0.2.238",
            "private_ips": [
              "10.0.2.238"
            ],
            "private_ips_count": 0,
            "security_groups": [
              "sg-0b0fc2248399999ed",
              "sg-0d57965077bd677b2"
            ],
            "source_dest_check": false,
            "subnet_id": "subnet-0d1fc2f03804666df",
            "tags": {
              "Name": "PM4-NAT-Network-Interface-B"
            },
            "tags_all": {
              "Name": "PM4-NAT-Network-Interface-B"
            }
          },
          "sensitive_attributes": [],
          "private": "bnVsbA==",
          "dependencies": [
            "module.compute.aws_subnet.pm4_dmz_b",
            "module.compute.aws_vpc.pm4_client_vpc",
            "module.compute.data.aws_availability_zones.pm4_client_azs"
          ]
        }
      ]
    },
    {
      "module": "module.compute",
      "mode": "managed",
      "type": "aws_network_interface_sg_attachment",
      "name": "sg_attachment",
      "provider": "provider[\"registry.terraform.io/hashicorp/aws\"]",
      "instances": [
        {
          "schema_version": 0,
          "attributes": {
            "id": "sg-0d57965077bd677b2_eni-0ad7e1b2e4805fdf6",
            "network_interface_id": "eni-0ad7e1b2e4805fdf6",
            "security_group_id": "sg-0d57965077bd677b2"
          },
          "sensitive_attributes": [],
          "private": "bnVsbA==",
          "dependencies": [
            "module.compute.aws_key_pair.pm4_nat_key",
            "module.compute.aws_security_group.pm4_dmz_sg",
            "module.compute.aws_security_group.pm4_tasks_sg",
            "module.compute.aws_subnet.pm4_dmz_a",
            "module.compute.aws_instance.pm4_nat_instance_a",
            "module.compute.aws_network_interface.pm4_nat_interface_a",
            "module.compute.aws_security_group.pm4_web_sg",
            "module.compute.aws_vpc.pm4_client_vpc",
            "module.compute.data.aws_availability_zones.pm4_client_azs"
          ]
        }
      ]
    },
    {
      "module": "module.compute",
      "mode": "managed",
      "type": "aws_network_interface_sg_attachment",
      "name": "sg_attachment_b",
      "provider": "provider[\"registry.terraform.io/hashicorp/aws\"]",
      "instances": [
        {
          "schema_version": 0,
          "attributes": {
            "id": "sg-0d57965077bd677b2_eni-05db55380cbc09eda",
            "network_interface_id": "eni-05db55380cbc09eda",
            "security_group_id": "sg-0d57965077bd677b2"
          },
          "sensitive_attributes": [],
          "private": "bnVsbA==",
          "dependencies": [
            "module.compute.aws_vpc.pm4_client_vpc",
            "module.compute.data.aws_availability_zones.pm4_client_azs",
            "module.compute.aws_instance.pm4_nat_instance_b",
            "module.compute.aws_network_interface.pm4_nat_interface_b",
            "module.compute.aws_security_group.pm4_dmz_sg",
            "module.compute.aws_security_group.pm4_tasks_sg",
            "module.compute.aws_security_group.pm4_web_sg",
            "module.compute.aws_subnet.pm4_dmz_b"
          ]
        }
      ]
    },
    {
      "module": "module.compute",
      "mode": "managed",
      "type": "aws_route_table",
      "name": "pm4_backend",
      "provider": "provider[\"registry.terraform.io/hashicorp/aws\"]",
      "instances": [
        {
          "schema_version": 0,
          "attributes": {
            "arn": "arn:aws:ec2:us-east-1:583246145048:route-table/rtb-075ad6488f09040bd",
            "id": "rtb-075ad6488f09040bd",
            "owner_id": "583246145048",
            "propagating_vgws": [],
            "route": [],
            "tags": {
              "Name": "PM4-BackEnd-Route"
            },
            "tags_all": {
              "Name": "PM4-BackEnd-Route"
            },
            "vpc_id": "vpc-0ca4378875e42c1c7"
          },
          "sensitive_attributes": [],
          "private": "bnVsbA==",
          "dependencies": [
            "module.compute.aws_vpc.pm4_client_vpc"
          ]
        }
      ]
    },
    {
      "module": "module.compute",
      "mode": "managed",
      "type": "aws_route_table",
      "name": "pm4_dmz_rt",
      "provider": "provider[\"registry.terraform.io/hashicorp/aws\"]",
      "instances": [
        {
          "schema_version": 0,
          "attributes": {
            "arn": "arn:aws:ec2:us-east-1:583246145048:route-table/rtb-094dec2330b51b5b9",
            "id": "rtb-094dec2330b51b5b9",
            "owner_id": "583246145048",
            "propagating_vgws": [],
            "route": [
              {
                "carrier_gateway_id": "",
                "cidr_block": "0.0.0.0/0",
                "destination_prefix_list_id": "",
                "egress_only_gateway_id": "",
                "gateway_id": "igw-08f96af78d5a43b89",
                "instance_id": "",
                "ipv6_cidr_block": "",
                "local_gateway_id": "",
                "nat_gateway_id": "",
                "network_interface_id": "",
                "transit_gateway_id": "",
                "vpc_endpoint_id": "",
                "vpc_peering_connection_id": ""
              }
            ],
            "tags": {
              "Name": "PM4-DMZ-Route-RT"
            },
            "tags_all": {
              "Name": "PM4-DMZ-Route-RT"
            },
            "vpc_id": "vpc-0ca4378875e42c1c7"
          },
          "sensitive_attributes": [],
          "private": "bnVsbA==",
          "dependencies": [
            "module.compute.aws_vpc.pm4_client_vpc",
            "module.compute.aws_internet_gateway.pm4_client_igw"
          ]
        }
      ]
    },
    {
      "module": "module.compute",
      "mode": "managed",
      "type": "aws_route_table",
      "name": "pm4_web_a",
      "provider": "provider[\"registry.terraform.io/hashicorp/aws\"]",
      "instances": [
        {
          "schema_version": 0,
          "attributes": {
            "arn": "arn:aws:ec2:us-east-1:583246145048:route-table/rtb-0342fa3458f9cd295",
            "id": "rtb-0342fa3458f9cd295",
            "owner_id": "583246145048",
            "propagating_vgws": [],
            "route": [
              {
                "carrier_gateway_id": "",
                "cidr_block": "0.0.0.0/0",
                "destination_prefix_list_id": "",
                "egress_only_gateway_id": "",
                "gateway_id": "",
                "instance_id": "",
                "ipv6_cidr_block": "",
                "local_gateway_id": "",
                "nat_gateway_id": "",
                "network_interface_id": "eni-0ad7e1b2e4805fdf6",
                "transit_gateway_id": "",
                "vpc_endpoint_id": "",
                "vpc_peering_connection_id": ""
              }
            ],
            "tags": {
              "Name": "PM4-NAT-Route-A"
            },
            "tags_all": {
              "Name": "PM4-NAT-Route-A"
            },
            "vpc_id": "vpc-0ca4378875e42c1c7"
          },
          "sensitive_attributes": [],
          "private": "bnVsbA==",
          "dependencies": [
            "module.compute.aws_network_interface.pm4_nat_interface_a",
            "module.compute.aws_vpc.pm4_client_vpc"
          ]
        }
      ]
    },
    {
      "module": "module.compute",
      "mode": "managed",
      "type": "aws_route_table",
      "name": "pm4_web_b",
      "provider": "provider[\"registry.terraform.io/hashicorp/aws\"]",
      "instances": [
        {
          "schema_version": 0,
          "attributes": {
            "arn": "arn:aws:ec2:us-east-1:583246145048:route-table/rtb-0bf0024913b0922cf",
            "id": "rtb-0bf0024913b0922cf",
            "owner_id": "583246145048",
            "propagating_vgws": [],
            "route": [
              {
                "carrier_gateway_id": "",
                "cidr_block": "0.0.0.0/0",
                "destination_prefix_list_id": "",
                "egress_only_gateway_id": "",
                "gateway_id": "",
                "instance_id": "",
                "ipv6_cidr_block": "",
                "local_gateway_id": "",
                "nat_gateway_id": "",
                "network_interface_id": "eni-05db55380cbc09eda",
                "transit_gateway_id": "",
                "vpc_endpoint_id": "",
                "vpc_peering_connection_id": ""
              }
            ],
            "tags": {
              "Name": "PM4-NAT-Route-B"
            },
            "tags_all": {
              "Name": "PM4-NAT-Route-B"
            },
            "vpc_id": "vpc-0ca4378875e42c1c7"
          },
          "sensitive_attributes": [],
          "private": "bnVsbA==",
          "dependencies": [
            "module.compute.aws_network_interface.pm4_nat_interface_b",
            "module.compute.aws_vpc.pm4_client_vpc"
          ]
        }
      ]
    },
    {
      "module": "module.compute",
      "mode": "managed",
      "type": "aws_route_table_association",
      "name": "pm4_alb_rt_association_a",
      "provider": "provider[\"registry.terraform.io/hashicorp/aws\"]",
      "instances": [
        {
          "schema_version": 0,
          "attributes": {
            "gateway_id": null,
            "id": "rtbassoc-0a22f8015c1e51b7d",
            "route_table_id": "rtb-094dec2330b51b5b9",
            "subnet_id": "subnet-0ab04d6c8cd4a83d3"
          },
          "sensitive_attributes": [],
          "private": "bnVsbA==",
          "dependencies": [
            "module.compute.aws_internet_gateway.pm4_client_igw",
            "module.compute.aws_route_table.pm4_dmz_rt",
            "module.compute.aws_subnet.pm4_alb_a",
            "module.compute.aws_vpc.pm4_client_vpc",
            "module.compute.data.aws_availability_zones.pm4_client_azs"
          ]
        }
      ]
    },
    {
      "module": "module.compute",
      "mode": "managed",
      "type": "aws_route_table_association",
      "name": "pm4_alb_rt_association_b",
      "provider": "provider[\"registry.terraform.io/hashicorp/aws\"]",
      "instances": [
        {
          "schema_version": 0,
          "attributes": {
            "gateway_id": null,
            "id": "rtbassoc-0496bbd898fa058d5",
            "route_table_id": "rtb-094dec2330b51b5b9",
            "subnet_id": "subnet-0e3687da7c545b13b"
          },
          "sensitive_attributes": [],
          "private": "bnVsbA==",
          "dependencies": [
            "module.compute.aws_internet_gateway.pm4_client_igw",
            "module.compute.aws_route_table.pm4_dmz_rt",
            "module.compute.aws_subnet.pm4_alb_b",
            "module.compute.aws_vpc.pm4_client_vpc",
            "module.compute.data.aws_availability_zones.pm4_client_azs"
          ]
        }
      ]
    },
    {
      "module": "module.compute",
      "mode": "managed",
      "type": "aws_route_table_association",
      "name": "pm4_backend_rt_association_a",
      "provider": "provider[\"registry.terraform.io/hashicorp/aws\"]",
      "instances": [
        {
          "schema_version": 0,
          "attributes": {
            "gateway_id": null,
            "id": "rtbassoc-0132eb654f650c7d8",
            "route_table_id": "rtb-075ad6488f09040bd",
            "subnet_id": "subnet-050d5051dbb3f8a3f"
          },
          "sensitive_attributes": [],
          "private": "bnVsbA==",
          "dependencies": [
            "module.compute.data.aws_availability_zones.pm4_client_azs",
            "module.compute.aws_route_table.pm4_backend",
            "module.compute.aws_subnet.pm4_backend_a",
            "module.compute.aws_vpc.pm4_client_vpc"
          ]
        }
      ]
    },
    {
      "module": "module.compute",
      "mode": "managed",
      "type": "aws_route_table_association",
      "name": "pm4_backend_rt_association_b",
      "provider": "provider[\"registry.terraform.io/hashicorp/aws\"]",
      "instances": [
        {
          "schema_version": 0,
          "attributes": {
            "gateway_id": null,
            "id": "rtbassoc-0e2cdd5875595bdef",
            "route_table_id": "rtb-075ad6488f09040bd",
            "subnet_id": "subnet-0cc5b39374a1d1233"
          },
          "sensitive_attributes": [],
          "private": "bnVsbA==",
          "dependencies": [
            "module.compute.aws_route_table.pm4_backend",
            "module.compute.aws_subnet.pm4_backend_b",
            "module.compute.aws_vpc.pm4_client_vpc",
            "module.compute.data.aws_availability_zones.pm4_client_azs"
          ]
        }
      ]
    },
    {
      "module": "module.compute",
      "mode": "managed",
      "type": "aws_route_table_association",
      "name": "pm4_dmz_rt_association_a",
      "provider": "provider[\"registry.terraform.io/hashicorp/aws\"]",
      "instances": [
        {
          "schema_version": 0,
          "attributes": {
            "gateway_id": null,
            "id": "rtbassoc-001f25cd34912d2b2",
            "route_table_id": "rtb-094dec2330b51b5b9",
            "subnet_id": "subnet-0bed6623362466561"
          },
          "sensitive_attributes": [],
          "private": "bnVsbA==",
          "dependencies": [
            "module.compute.aws_subnet.pm4_dmz_a",
            "module.compute.aws_vpc.pm4_client_vpc",
            "module.compute.data.aws_availability_zones.pm4_client_azs",
            "module.compute.aws_internet_gateway.pm4_client_igw",
            "module.compute.aws_route_table.pm4_dmz_rt"
          ]
        }
      ]
    },
    {
      "module": "module.compute",
      "mode": "managed",
      "type": "aws_route_table_association",
      "name": "pm4_dmz_rt_association_b",
      "provider": "provider[\"registry.terraform.io/hashicorp/aws\"]",
      "instances": [
        {
          "schema_version": 0,
          "attributes": {
            "gateway_id": null,
            "id": "rtbassoc-04170bdb4652e2129",
            "route_table_id": "rtb-094dec2330b51b5b9",
            "subnet_id": "subnet-0d1fc2f03804666df"
          },
          "sensitive_attributes": [],
          "private": "bnVsbA==",
          "dependencies": [
            "module.compute.aws_internet_gateway.pm4_client_igw",
            "module.compute.aws_route_table.pm4_dmz_rt",
            "module.compute.aws_subnet.pm4_dmz_b",
            "module.compute.aws_vpc.pm4_client_vpc",
            "module.compute.data.aws_availability_zones.pm4_client_azs"
          ]
        }
      ]
    },
    {
      "module": "module.compute",
      "mode": "managed",
      "type": "aws_route_table_association",
      "name": "pm4_tasks_rt_association_a",
      "provider": "provider[\"registry.terraform.io/hashicorp/aws\"]",
      "instances": [
        {
          "schema_version": 0,
          "attributes": {
            "gateway_id": null,
            "id": "rtbassoc-0cb60317f9be482ba",
            "route_table_id": "rtb-0342fa3458f9cd295",
            "subnet_id": "subnet-08ce5083c998f3b0c"
          },
          "sensitive_attributes": [],
          "private": "bnVsbA==",
          "dependencies": [
            "module.compute.aws_subnet.pm4_tasks_a",
            "module.compute.aws_vpc.pm4_client_vpc",
            "module.compute.data.aws_availability_zones.pm4_client_azs",
            "module.compute.aws_network_interface.pm4_nat_interface_a",
            "module.compute.aws_route_table.pm4_web_a",
            "module.compute.aws_subnet.pm4_dmz_a"
          ]
        }
      ]
    },
    {
      "module": "module.compute",
      "mode": "managed",
      "type": "aws_route_table_association",
      "name": "pm4_tasks_rt_association_b",
      "provider": "provider[\"registry.terraform.io/hashicorp/aws\"]",
      "instances": [
        {
          "schema_version": 0,
          "attributes": {
            "gateway_id": null,
            "id": "rtbassoc-087a78cf150da6f17",
            "route_table_id": "rtb-0bf0024913b0922cf",
            "subnet_id": "subnet-0e6bd7dfada98317e"
          },
          "sensitive_attributes": [],
          "private": "bnVsbA==",
          "dependencies": [
            "module.compute.aws_network_interface.pm4_nat_interface_b",
            "module.compute.aws_route_table.pm4_web_b",
            "module.compute.aws_subnet.pm4_dmz_b",
            "module.compute.aws_subnet.pm4_tasks_b",
            "module.compute.aws_vpc.pm4_client_vpc",
            "module.compute.data.aws_availability_zones.pm4_client_azs"
          ]
        }
      ]
    },
    {
      "module": "module.compute",
      "mode": "managed",
      "type": "aws_route_table_association",
      "name": "pm4_web_rt_association_a",
      "provider": "provider[\"registry.terraform.io/hashicorp/aws\"]",
      "instances": [
        {
          "schema_version": 0,
          "attributes": {
            "gateway_id": null,
            "id": "rtbassoc-065a11faca6a27bd0",
            "route_table_id": "rtb-0342fa3458f9cd295",
            "subnet_id": "subnet-0e691d0d3b98db581"
          },
          "sensitive_attributes": [],
          "private": "bnVsbA==",
          "dependencies": [
            "module.compute.aws_route_table.pm4_web_a",
            "module.compute.aws_subnet.pm4_dmz_a",
            "module.compute.aws_subnet.pm4_web_a",
            "module.compute.aws_vpc.pm4_client_vpc",
            "module.compute.data.aws_availability_zones.pm4_client_azs",
            "module.compute.aws_network_interface.pm4_nat_interface_a"
          ]
        }
      ]
    },
    {
      "module": "module.compute",
      "mode": "managed",
      "type": "aws_route_table_association",
      "name": "pm4_web_rt_association_b",
      "provider": "provider[\"registry.terraform.io/hashicorp/aws\"]",
      "instances": [
        {
          "schema_version": 0,
          "attributes": {
            "gateway_id": null,
            "id": "rtbassoc-06dd5030f23dfbdfd",
            "route_table_id": "rtb-0bf0024913b0922cf",
            "subnet_id": "subnet-046110931f25c8e7c"
          },
          "sensitive_attributes": [],
          "private": "bnVsbA==",
          "dependencies": [
            "module.compute.aws_subnet.pm4_web_b",
            "module.compute.aws_vpc.pm4_client_vpc",
            "module.compute.data.aws_availability_zones.pm4_client_azs",
            "module.compute.aws_network_interface.pm4_nat_interface_b",
            "module.compute.aws_route_table.pm4_web_b",
            "module.compute.aws_subnet.pm4_dmz_b"
          ]
        }
      ]
    },
    {
      "module": "module.compute",
      "mode": "managed",
      "type": "aws_security_group",
      "name": "pm4_alb_sg",
      "provider": "provider[\"registry.terraform.io/hashicorp/aws\"]",
      "instances": [
        {
          "schema_version": 1,
          "attributes": {
            "arn": "arn:aws:ec2:us-east-1:583246145048:security-group/sg-012157ac8c11aa44e",
            "description": "Allow HTTP/S on ALB",
            "egress": [],
            "id": "sg-012157ac8c11aa44e",
            "ingress": [
              {
                "cidr_blocks": [
                  "0.0.0.0/0"
                ],
                "description": "",
                "from_port": 443,
                "ipv6_cidr_blocks": [],
                "prefix_list_ids": [],
                "protocol": "tcp",
                "security_groups": [],
                "self": false,
                "to_port": 443
              },
              {
                "cidr_blocks": [
                  "0.0.0.0/0"
                ],
                "description": "",
                "from_port": 80,
                "ipv6_cidr_blocks": [],
                "prefix_list_ids": [],
                "protocol": "tcp",
                "security_groups": [],
                "self": false,
                "to_port": 80
              }
            ],
            "name": "pm4_alb_sg",
            "name_prefix": "",
            "owner_id": "583246145048",
            "revoke_rules_on_delete": false,
            "tags": {
              "Name": "PM4-ALB-SG"
            },
            "tags_all": {
              "Name": "PM4-ALB-SG"
            },
            "timeouts": null,
            "vpc_id": "vpc-0ca4378875e42c1c7"
          },
          "sensitive_attributes": [],
          "private": "eyJlMmJmYjczMC1lY2FhLTExZTYtOGY4OC0zNDM2M2JjN2M0YzAiOnsiY3JlYXRlIjo2MDAwMDAwMDAwMDAsImRlbGV0ZSI6OTAwMDAwMDAwMDAwfSwic2NoZW1hX3ZlcnNpb24iOiIxIn0=",
          "dependencies": [
            "module.compute.aws_vpc.pm4_client_vpc"
          ]
        }
      ]
    },
    {
      "module": "module.compute",
      "mode": "managed",
      "type": "aws_security_group",
      "name": "pm4_backend_sg",
      "provider": "provider[\"registry.terraform.io/hashicorp/aws\"]",
      "instances": [
        {
          "schema_version": 1,
          "attributes": {
            "arn": "arn:aws:ec2:us-east-1:583246145048:security-group/sg-01723fecbc794abc7",
            "description": "Allowing MySQL port for Tasks and Web",
            "egress": [],
            "id": "sg-01723fecbc794abc7",
            "ingress": [
              {
                "cidr_blocks": [],
                "description": "",
                "from_port": 3306,
                "ipv6_cidr_blocks": [],
                "prefix_list_ids": [],
                "protocol": "tcp",
                "security_groups": [
                  "sg-0120ab83e1e36a6c1",
                  "sg-08e3a527c12ef6801"
                ],
                "self": false,
                "to_port": 3306
              }
            ],
            "name": "pm4_backend_sg",
            "name_prefix": "",
            "owner_id": "583246145048",
            "revoke_rules_on_delete": false,
            "tags": {
              "Name": "PM4-BackEnd-SG"
            },
            "tags_all": {
              "Name": "PM4-BackEnd-SG"
            },
            "timeouts": null,
            "vpc_id": "vpc-0ca4378875e42c1c7"
          },
          "sensitive_attributes": [],
          "private": "eyJlMmJmYjczMC1lY2FhLTExZTYtOGY4OC0zNDM2M2JjN2M0YzAiOnsiY3JlYXRlIjo2MDAwMDAwMDAwMDAsImRlbGV0ZSI6OTAwMDAwMDAwMDAwfSwic2NoZW1hX3ZlcnNpb24iOiIxIn0=",
          "dependencies": [
            "module.compute.aws_vpc.pm4_client_vpc",
            "module.compute.aws_security_group.pm4_tasks_sg",
            "module.compute.aws_security_group.pm4_web_sg"
          ]
        }
      ]
    },
    {
      "module": "module.compute",
      "mode": "managed",
      "type": "aws_security_group",
      "name": "pm4_dmz_sg",
      "provider": "provider[\"registry.terraform.io/hashicorp/aws\"]",
      "instances": [
        {
          "schema_version": 1,
          "attributes": {
            "arn": "arn:aws:ec2:us-east-1:583246145048:security-group/sg-0d57965077bd677b2",
            "description": "Allowing all traffic from Tasks and Web",
            "egress": [
              {
                "cidr_blocks": [
                  "0.0.0.0/0"
                ],
                "description": "",
                "from_port": 0,
                "ipv6_cidr_blocks": [],
                "prefix_list_ids": [],
                "protocol": "-1",
                "security_groups": [],
                "self": false,
                "to_port": 0
              }
            ],
            "id": "sg-0d57965077bd677b2",
            "ingress": [
              {
                "cidr_blocks": [
                  "0.0.0.0/0"
                ],
                "description": "",
                "from_port": 22,
                "ipv6_cidr_blocks": [],
                "prefix_list_ids": [],
                "protocol": "tcp",
                "security_groups": [],
                "self": false,
                "to_port": 22
              },
              {
                "cidr_blocks": [],
                "description": "",
                "from_port": 0,
                "ipv6_cidr_blocks": [],
                "prefix_list_ids": [],
                "protocol": "-1",
                "security_groups": [
                  "sg-0120ab83e1e36a6c1",
                  "sg-08e3a527c12ef6801"
                ],
                "self": false,
                "to_port": 0
              }
            ],
            "name": "pm4_dmz_sg",
            "name_prefix": "",
            "owner_id": "583246145048",
            "revoke_rules_on_delete": false,
            "tags": {
              "Name": "PM4-DMZ-SG"
            },
            "tags_all": {
              "Name": "PM4-DMZ-SG"
            },
            "timeouts": null,
            "vpc_id": "vpc-0ca4378875e42c1c7"
          },
          "sensitive_attributes": [],
          "private": "eyJlMmJmYjczMC1lY2FhLTExZTYtOGY4OC0zNDM2M2JjN2M0YzAiOnsiY3JlYXRlIjo2MDAwMDAwMDAwMDAsImRlbGV0ZSI6OTAwMDAwMDAwMDAwfSwic2NoZW1hX3ZlcnNpb24iOiIxIn0=",
          "dependencies": [
            "module.compute.aws_security_group.pm4_tasks_sg",
            "module.compute.aws_security_group.pm4_web_sg",
            "module.compute.aws_vpc.pm4_client_vpc"
          ]
        }
      ]
    },
    {
      "module": "module.compute",
      "mode": "managed",
      "type": "aws_security_group",
      "name": "pm4_efs_sg",
      "provider": "provider[\"registry.terraform.io/hashicorp/aws\"]",
      "instances": [
        {
          "schema_version": 1,
          "attributes": {
            "arn": "arn:aws:ec2:us-east-1:583246145048:security-group/sg-037dc570289d86b26",
            "description": "Allowing NFS port for EFS for Tasks and Web",
            "egress": [],
            "id": "sg-037dc570289d86b26",
            "ingress": [
              {
                "cidr_blocks": [],
                "description": "",
                "from_port": 2049,
                "ipv6_cidr_blocks": [],
                "prefix_list_ids": [],
                "protocol": "tcp",
                "security_groups": [
                  "sg-0120ab83e1e36a6c1",
                  "sg-08e3a527c12ef6801"
                ],
                "self": false,
                "to_port": 2049
              }
            ],
            "name": "pm4_efs_sg",
            "name_prefix": "",
            "owner_id": "583246145048",
            "revoke_rules_on_delete": false,
            "tags": {
              "Name": "PM4-EFS-SG"
            },
            "tags_all": {
              "Name": "PM4-EFS-SG"
            },
            "timeouts": null,
            "vpc_id": "vpc-0ca4378875e42c1c7"
          },
          "sensitive_attributes": [],
          "private": "eyJlMmJmYjczMC1lY2FhLTExZTYtOGY4OC0zNDM2M2JjN2M0YzAiOnsiY3JlYXRlIjo2MDAwMDAwMDAwMDAsImRlbGV0ZSI6OTAwMDAwMDAwMDAwfSwic2NoZW1hX3ZlcnNpb24iOiIxIn0=",
          "dependencies": [
            "module.compute.aws_security_group.pm4_tasks_sg",
            "module.compute.aws_security_group.pm4_web_sg",
            "module.compute.aws_vpc.pm4_client_vpc"
          ]
        }
      ]
    },
    {
      "module": "module.compute",
      "mode": "managed",
      "type": "aws_security_group",
      "name": "pm4_redis_sg",
      "provider": "provider[\"registry.terraform.io/hashicorp/aws\"]",
      "instances": [
        {
          "schema_version": 1,
          "attributes": {
            "arn": "arn:aws:ec2:us-east-1:583246145048:security-group/sg-0116fe253a5beeb96",
            "description": "Allowing connection from Tasks and Web",
            "egress": [],
            "id": "sg-0116fe253a5beeb96",
            "ingress": [
              {
                "cidr_blocks": [],
                "description": "",
                "from_port": 6379,
                "ipv6_cidr_blocks": [],
                "prefix_list_ids": [],
                "protocol": "tcp",
                "security_groups": [
                  "sg-0120ab83e1e36a6c1",
                  "sg-08e3a527c12ef6801"
                ],
                "self": false,
                "to_port": 6379
              }
            ],
            "name": "pm4_redis_sg",
            "name_prefix": "",
            "owner_id": "583246145048",
            "revoke_rules_on_delete": false,
            "tags": {
              "Name": "PM4-Redis-SG"
            },
            "tags_all": {
              "Name": "PM4-Redis-SG"
            },
            "timeouts": null,
            "vpc_id": "vpc-0ca4378875e42c1c7"
          },
          "sensitive_attributes": [],
          "private": "eyJlMmJmYjczMC1lY2FhLTExZTYtOGY4OC0zNDM2M2JjN2M0YzAiOnsiY3JlYXRlIjo2MDAwMDAwMDAwMDAsImRlbGV0ZSI6OTAwMDAwMDAwMDAwfSwic2NoZW1hX3ZlcnNpb24iOiIxIn0=",
          "dependencies": [
            "module.compute.aws_security_group.pm4_tasks_sg",
            "module.compute.aws_security_group.pm4_web_sg",
            "module.compute.aws_vpc.pm4_client_vpc"
          ]
        }
      ]
    },
    {
      "module": "module.compute",
      "mode": "managed",
      "type": "aws_security_group",
      "name": "pm4_tasks_sg",
      "provider": "provider[\"registry.terraform.io/hashicorp/aws\"]",
      "instances": [
        {
          "schema_version": 1,
          "attributes": {
            "arn": "arn:aws:ec2:us-east-1:583246145048:security-group/sg-0120ab83e1e36a6c1",
            "description": "Allowing SSH",
            "egress": [
              {
                "cidr_blocks": [
                  "0.0.0.0/0"
                ],
                "description": "",
                "from_port": 0,
                "ipv6_cidr_blocks": [],
                "prefix_list_ids": [],
                "protocol": "-1",
                "security_groups": [],
                "self": false,
                "to_port": 0
              }
            ],
            "id": "sg-0120ab83e1e36a6c1",
            "ingress": [
              {
                "cidr_blocks": [],
                "description": "",
                "from_port": 22,
                "ipv6_cidr_blocks": [],
                "prefix_list_ids": [],
                "protocol": "tcp",
                "security_groups": [
                  "sg-0d57965077bd677b2"
                ],
                "self": false,
                "to_port": 22
              }
            ],
            "name": "pm4_tasks_sg",
            "name_prefix": "",
            "owner_id": "583246145048",
            "revoke_rules_on_delete": false,
            "tags": {
              "Name": "PM4-Tasks-SG"
            },
            "tags_all": {
              "Name": "PM4-Tasks-SG"
            },
            "timeouts": null,
            "vpc_id": "vpc-0ca4378875e42c1c7"
          },
          "sensitive_attributes": [],
          "private": "eyJlMmJmYjczMC1lY2FhLTExZTYtOGY4OC0zNDM2M2JjN2M0YzAiOnsiY3JlYXRlIjo2MDAwMDAwMDAwMDAsImRlbGV0ZSI6OTAwMDAwMDAwMDAwfSwic2NoZW1hX3ZlcnNpb24iOiIxIn0=",
          "dependencies": [
            "module.compute.aws_vpc.pm4_client_vpc"
          ],
          "create_before_destroy": true
        }
      ]
    },
    {
      "module": "module.compute",
      "mode": "managed",
      "type": "aws_security_group",
      "name": "pm4_web_sg",
      "provider": "provider[\"registry.terraform.io/hashicorp/aws\"]",
      "instances": [
        {
          "schema_version": 1,
          "attributes": {
            "arn": "arn:aws:ec2:us-east-1:583246145048:security-group/sg-08e3a527c12ef6801",
            "description": "Allowing SSH for DMZ and HTTP/S ports for ALB as all traffic too",
            "egress": [
              {
                "cidr_blocks": [
                  "0.0.0.0/0"
                ],
                "description": "",
                "from_port": 0,
                "ipv6_cidr_blocks": [],
                "prefix_list_ids": [],
                "protocol": "-1",
                "security_groups": [],
                "self": false,
                "to_port": 0
              }
            ],
            "id": "sg-08e3a527c12ef6801",
            "ingress": [
              {
                "cidr_blocks": [],
                "description": "",
                "from_port": 0,
                "ipv6_cidr_blocks": [],
                "prefix_list_ids": [],
                "protocol": "-1",
                "security_groups": [
                  "sg-012157ac8c11aa44e"
                ],
                "self": false,
                "to_port": 0
              },
              {
                "cidr_blocks": [],
                "description": "",
                "from_port": 22,
                "ipv6_cidr_blocks": [],
                "prefix_list_ids": [],
                "protocol": "tcp",
                "security_groups": [
                  "sg-0d57965077bd677b2"
                ],
                "self": false,
                "to_port": 22
              }
            ],
            "name": "pm4_web_sg",
            "name_prefix": "",
            "owner_id": "583246145048",
            "revoke_rules_on_delete": false,
            "tags": {
              "Name": "PM4-Web-SG"
            },
            "tags_all": {
              "Name": "PM4-Web-SG"
            },
            "timeouts": null,
            "vpc_id": "vpc-0ca4378875e42c1c7"
          },
          "sensitive_attributes": [],
          "private": "eyJlMmJmYjczMC1lY2FhLTExZTYtOGY4OC0zNDM2M2JjN2M0YzAiOnsiY3JlYXRlIjo2MDAwMDAwMDAwMDAsImRlbGV0ZSI6OTAwMDAwMDAwMDAwfSwic2NoZW1hX3ZlcnNpb24iOiIxIn0=",
          "dependencies": [
            "module.compute.aws_vpc.pm4_client_vpc"
          ],
          "create_before_destroy": true
        }
      ]
    },
    {
      "module": "module.compute",
      "mode": "managed",
      "type": "aws_security_group_rule",
      "name": "dmz-sg-add-alb",
      "provider": "provider[\"registry.terraform.io/hashicorp/aws\"]",
      "instances": [
        {
          "schema_version": 2,
          "attributes": {
            "cidr_blocks": [],
            "description": "",
            "from_port": 0,
            "id": "sgrule-6444335",
            "ipv6_cidr_blocks": [],
            "prefix_list_ids": [],
            "protocol": "-1",
            "security_group_id": "sg-08e3a527c12ef6801",
            "self": false,
            "source_security_group_id": "sg-012157ac8c11aa44e",
            "to_port": 0,
            "type": "ingress"
          },
          "sensitive_attributes": [],
          "private": "eyJzY2hlbWFfdmVyc2lvbiI6IjIifQ==",
          "dependencies": [
            "module.compute.aws_security_group.pm4_web_sg",
            "module.compute.aws_vpc.pm4_client_vpc",
            "module.compute.aws_security_group.pm4_alb_sg"
          ]
        }
      ]
    },
    {
      "module": "module.compute",
      "mode": "managed",
      "type": "aws_security_group_rule",
      "name": "dmz-sg-add-tasks",
      "provider": "provider[\"registry.terraform.io/hashicorp/aws\"]",
      "instances": [
        {
          "schema_version": 2,
          "attributes": {
            "cidr_blocks": [],
            "description": "",
            "from_port": 22,
            "id": "sgrule-3539417902",
            "ipv6_cidr_blocks": [],
            "prefix_list_ids": [],
            "protocol": "tcp",
            "security_group_id": "sg-0120ab83e1e36a6c1",
            "self": false,
            "source_security_group_id": "sg-0d57965077bd677b2",
            "to_port": 22,
            "type": "ingress"
          },
          "sensitive_attributes": [],
          "private": "eyJzY2hlbWFfdmVyc2lvbiI6IjIifQ==",
          "dependencies": [
            "module.compute.aws_security_group.pm4_dmz_sg",
            "module.compute.aws_security_group.pm4_tasks_sg",
            "module.compute.aws_security_group.pm4_web_sg",
            "module.compute.aws_vpc.pm4_client_vpc"
          ]
        }
      ]
    },
    {
      "module": "module.compute",
      "mode": "managed",
      "type": "aws_security_group_rule",
      "name": "dmz-sg-add-web",
      "provider": "provider[\"registry.terraform.io/hashicorp/aws\"]",
      "instances": [
        {
          "schema_version": 2,
          "attributes": {
            "cidr_blocks": [],
            "description": "",
            "from_port": 22,
            "id": "sgrule-3028126554",
            "ipv6_cidr_blocks": [],
            "prefix_list_ids": [],
            "protocol": "tcp",
            "security_group_id": "sg-08e3a527c12ef6801",
            "self": false,
            "source_security_group_id": "sg-0d57965077bd677b2",
            "to_port": 22,
            "type": "ingress"
          },
          "sensitive_attributes": [],
          "private": "eyJzY2hlbWFfdmVyc2lvbiI6IjIifQ==",
          "dependencies": [
            "module.compute.aws_vpc.pm4_client_vpc",
            "module.compute.aws_security_group.pm4_dmz_sg",
            "module.compute.aws_security_group.pm4_tasks_sg",
            "module.compute.aws_security_group.pm4_web_sg"
          ]
        }
      ]
    },
    {
      "module": "module.compute",
      "mode": "managed",
      "type": "aws_subnet",
      "name": "pm4_alb_a",
      "provider": "provider[\"registry.terraform.io/hashicorp/aws\"]",
      "instances": [
        {
          "schema_version": 1,
          "attributes": {
            "arn": "arn:aws:ec2:us-east-1:583246145048:subnet/subnet-0ab04d6c8cd4a83d3",
            "assign_ipv6_address_on_creation": false,
            "availability_zone": "us-east-1a",
            "availability_zone_id": "use1-az4",
            "cidr_block": "10.0.13.0/24",
            "customer_owned_ipv4_pool": "",
            "id": "subnet-0ab04d6c8cd4a83d3",
            "ipv6_cidr_block": "",
            "ipv6_cidr_block_association_id": "",
            "map_customer_owned_ip_on_launch": false,
            "map_public_ip_on_launch": false,
            "outpost_arn": "",
            "owner_id": "583246145048",
            "tags": {
              "Name": "PM4-Client-ALB-Subnet-A"
            },
            "tags_all": {
              "Name": "PM4-Client-ALB-Subnet-A"
            },
            "timeouts": null,
            "vpc_id": "vpc-0ca4378875e42c1c7"
          },
          "sensitive_attributes": [],
          "private": "eyJlMmJmYjczMC1lY2FhLTExZTYtOGY4OC0zNDM2M2JjN2M0YzAiOnsiY3JlYXRlIjo2MDAwMDAwMDAwMDAsImRlbGV0ZSI6MTIwMDAwMDAwMDAwMH0sInNjaGVtYV92ZXJzaW9uIjoiMSJ9",
          "dependencies": [
            "module.compute.aws_vpc.pm4_client_vpc",
            "module.compute.data.aws_availability_zones.pm4_client_azs"
          ]
        }
      ]
    },
    {
      "module": "module.compute",
      "mode": "managed",
      "type": "aws_subnet",
      "name": "pm4_alb_b",
      "provider": "provider[\"registry.terraform.io/hashicorp/aws\"]",
      "instances": [
        {
          "schema_version": 1,
          "attributes": {
            "arn": "arn:aws:ec2:us-east-1:583246145048:subnet/subnet-0e3687da7c545b13b",
            "assign_ipv6_address_on_creation": false,
            "availability_zone": "us-east-1b",
            "availability_zone_id": "use1-az6",
            "cidr_block": "10.0.14.0/24",
            "customer_owned_ipv4_pool": "",
            "id": "subnet-0e3687da7c545b13b",
            "ipv6_cidr_block": "",
            "ipv6_cidr_block_association_id": "",
            "map_customer_owned_ip_on_launch": false,
            "map_public_ip_on_launch": false,
            "outpost_arn": "",
            "owner_id": "583246145048",
            "tags": {
              "Name": "PM4-Client-ALB-Subnet-B"
            },
            "tags_all": {
              "Name": "PM4-Client-ALB-Subnet-B"
            },
            "timeouts": null,
            "vpc_id": "vpc-0ca4378875e42c1c7"
          },
          "sensitive_attributes": [],
          "private": "eyJlMmJmYjczMC1lY2FhLTExZTYtOGY4OC0zNDM2M2JjN2M0YzAiOnsiY3JlYXRlIjo2MDAwMDAwMDAwMDAsImRlbGV0ZSI6MTIwMDAwMDAwMDAwMH0sInNjaGVtYV92ZXJzaW9uIjoiMSJ9",
          "dependencies": [
            "module.compute.aws_vpc.pm4_client_vpc",
            "module.compute.data.aws_availability_zones.pm4_client_azs"
          ]
        }
      ]
    },
    {
      "module": "module.compute",
      "mode": "managed",
      "type": "aws_subnet",
      "name": "pm4_backend_a",
      "provider": "provider[\"registry.terraform.io/hashicorp/aws\"]",
      "instances": [
        {
          "schema_version": 1,
          "attributes": {
            "arn": "arn:aws:ec2:us-east-1:583246145048:subnet/subnet-050d5051dbb3f8a3f",
            "assign_ipv6_address_on_creation": false,
            "availability_zone": "us-east-1a",
            "availability_zone_id": "use1-az4",
            "cidr_block": "10.0.15.0/24",
            "customer_owned_ipv4_pool": "",
            "id": "subnet-050d5051dbb3f8a3f",
            "ipv6_cidr_block": "",
            "ipv6_cidr_block_association_id": "",
            "map_customer_owned_ip_on_launch": false,
            "map_public_ip_on_launch": false,
            "outpost_arn": "",
            "owner_id": "583246145048",
            "tags": {
              "Name": "PM4-Client-BackEnd-Subnet-A"
            },
            "tags_all": {
              "Name": "PM4-Client-BackEnd-Subnet-A"
            },
            "timeouts": null,
            "vpc_id": "vpc-0ca4378875e42c1c7"
          },
          "sensitive_attributes": [],
          "private": "eyJlMmJmYjczMC1lY2FhLTExZTYtOGY4OC0zNDM2M2JjN2M0YzAiOnsiY3JlYXRlIjo2MDAwMDAwMDAwMDAsImRlbGV0ZSI6MTIwMDAwMDAwMDAwMH0sInNjaGVtYV92ZXJzaW9uIjoiMSJ9",
          "dependencies": [
            "module.compute.aws_vpc.pm4_client_vpc",
            "module.compute.data.aws_availability_zones.pm4_client_azs"
          ]
        }
      ]
    },
    {
      "module": "module.compute",
      "mode": "managed",
      "type": "aws_subnet",
      "name": "pm4_backend_b",
      "provider": "provider[\"registry.terraform.io/hashicorp/aws\"]",
      "instances": [
        {
          "schema_version": 1,
          "attributes": {
            "arn": "arn:aws:ec2:us-east-1:583246145048:subnet/subnet-0cc5b39374a1d1233",
            "assign_ipv6_address_on_creation": false,
            "availability_zone": "us-east-1b",
            "availability_zone_id": "use1-az6",
            "cidr_block": "10.0.16.0/24",
            "customer_owned_ipv4_pool": "",
            "id": "subnet-0cc5b39374a1d1233",
            "ipv6_cidr_block": "",
            "ipv6_cidr_block_association_id": "",
            "map_customer_owned_ip_on_launch": false,
            "map_public_ip_on_launch": false,
            "outpost_arn": "",
            "owner_id": "583246145048",
            "tags": {
              "Name": "PM4-Client-BackEnd-Subnet-B"
            },
            "tags_all": {
              "Name": "PM4-Client-BackEnd-Subnet-B"
            },
            "timeouts": null,
            "vpc_id": "vpc-0ca4378875e42c1c7"
          },
          "sensitive_attributes": [],
          "private": "eyJlMmJmYjczMC1lY2FhLTExZTYtOGY4OC0zNDM2M2JjN2M0YzAiOnsiY3JlYXRlIjo2MDAwMDAwMDAwMDAsImRlbGV0ZSI6MTIwMDAwMDAwMDAwMH0sInNjaGVtYV92ZXJzaW9uIjoiMSJ9",
          "dependencies": [
            "module.compute.data.aws_availability_zones.pm4_client_azs",
            "module.compute.aws_vpc.pm4_client_vpc"
          ]
        }
      ]
    },
    {
      "module": "module.compute",
      "mode": "managed",
      "type": "aws_subnet",
      "name": "pm4_dmz_a",
      "provider": "provider[\"registry.terraform.io/hashicorp/aws\"]",
      "instances": [
        {
          "schema_version": 1,
          "attributes": {
            "arn": "arn:aws:ec2:us-east-1:583246145048:subnet/subnet-0bed6623362466561",
            "assign_ipv6_address_on_creation": false,
            "availability_zone": "us-east-1a",
            "availability_zone_id": "use1-az4",
            "cidr_block": "10.0.1.0/24",
            "customer_owned_ipv4_pool": "",
            "id": "subnet-0bed6623362466561",
            "ipv6_cidr_block": "",
            "ipv6_cidr_block_association_id": "",
            "map_customer_owned_ip_on_launch": false,
            "map_public_ip_on_launch": false,
            "outpost_arn": "",
            "owner_id": "583246145048",
            "tags": {
              "Name": "PM4-Client-DMZ-Subnet-A"
            },
            "tags_all": {
              "Name": "PM4-Client-DMZ-Subnet-A"
            },
            "timeouts": null,
            "vpc_id": "vpc-0ca4378875e42c1c7"
          },
          "sensitive_attributes": [],
          "private": "eyJlMmJmYjczMC1lY2FhLTExZTYtOGY4OC0zNDM2M2JjN2M0YzAiOnsiY3JlYXRlIjo2MDAwMDAwMDAwMDAsImRlbGV0ZSI6MTIwMDAwMDAwMDAwMH0sInNjaGVtYV92ZXJzaW9uIjoiMSJ9",
          "dependencies": [
            "module.compute.aws_vpc.pm4_client_vpc",
            "module.compute.data.aws_availability_zones.pm4_client_azs"
          ]
        }
      ]
    },
    {
      "module": "module.compute",
      "mode": "managed",
      "type": "aws_subnet",
      "name": "pm4_dmz_b",
      "provider": "provider[\"registry.terraform.io/hashicorp/aws\"]",
      "instances": [
        {
          "schema_version": 1,
          "attributes": {
            "arn": "arn:aws:ec2:us-east-1:583246145048:subnet/subnet-0d1fc2f03804666df",
            "assign_ipv6_address_on_creation": false,
            "availability_zone": "us-east-1b",
            "availability_zone_id": "use1-az6",
            "cidr_block": "10.0.2.0/24",
            "customer_owned_ipv4_pool": "",
            "id": "subnet-0d1fc2f03804666df",
            "ipv6_cidr_block": "",
            "ipv6_cidr_block_association_id": "",
            "map_customer_owned_ip_on_launch": false,
            "map_public_ip_on_launch": false,
            "outpost_arn": "",
            "owner_id": "583246145048",
            "tags": {
              "Name": "PM4-Client-DMZ-Subnet-B"
            },
            "tags_all": {
              "Name": "PM4-Client-DMZ-Subnet-B"
            },
            "timeouts": null,
            "vpc_id": "vpc-0ca4378875e42c1c7"
          },
          "sensitive_attributes": [],
          "private": "eyJlMmJmYjczMC1lY2FhLTExZTYtOGY4OC0zNDM2M2JjN2M0YzAiOnsiY3JlYXRlIjo2MDAwMDAwMDAwMDAsImRlbGV0ZSI6MTIwMDAwMDAwMDAwMH0sInNjaGVtYV92ZXJzaW9uIjoiMSJ9",
          "dependencies": [
            "module.compute.aws_vpc.pm4_client_vpc",
            "module.compute.data.aws_availability_zones.pm4_client_azs"
          ]
        }
      ]
    },
    {
      "module": "module.compute",
      "mode": "managed",
      "type": "aws_subnet",
      "name": "pm4_efs_a",
      "provider": "provider[\"registry.terraform.io/hashicorp/aws\"]",
      "instances": [
        {
          "schema_version": 1,
          "attributes": {
            "arn": "arn:aws:ec2:us-east-1:583246145048:subnet/subnet-0dd10b48f9c10e106",
            "assign_ipv6_address_on_creation": false,
            "availability_zone": "us-east-1a",
            "availability_zone_id": "use1-az4",
            "cidr_block": "10.0.5.0/24",
            "customer_owned_ipv4_pool": "",
            "id": "subnet-0dd10b48f9c10e106",
            "ipv6_cidr_block": "",
            "ipv6_cidr_block_association_id": "",
            "map_customer_owned_ip_on_launch": false,
            "map_public_ip_on_launch": false,
            "outpost_arn": "",
            "owner_id": "583246145048",
            "tags": {
              "Name": "PM4-Client-EFS-Subnet-A"
            },
            "tags_all": {
              "Name": "PM4-Client-EFS-Subnet-A"
            },
            "timeouts": null,
            "vpc_id": "vpc-0ca4378875e42c1c7"
          },
          "sensitive_attributes": [],
          "private": "eyJlMmJmYjczMC1lY2FhLTExZTYtOGY4OC0zNDM2M2JjN2M0YzAiOnsiY3JlYXRlIjo2MDAwMDAwMDAwMDAsImRlbGV0ZSI6MTIwMDAwMDAwMDAwMH0sInNjaGVtYV92ZXJzaW9uIjoiMSJ9",
          "dependencies": [
            "module.compute.aws_vpc.pm4_client_vpc",
            "module.compute.data.aws_availability_zones.pm4_client_azs"
          ]
        }
      ]
    },
    {
      "module": "module.compute",
      "mode": "managed",
      "type": "aws_subnet",
      "name": "pm4_efs_b",
      "provider": "provider[\"registry.terraform.io/hashicorp/aws\"]",
      "instances": [
        {
          "schema_version": 1,
          "attributes": {
            "arn": "arn:aws:ec2:us-east-1:583246145048:subnet/subnet-0cc85eaf92d157f5b",
            "assign_ipv6_address_on_creation": false,
            "availability_zone": "us-east-1b",
            "availability_zone_id": "use1-az6",
            "cidr_block": "10.0.6.0/24",
            "customer_owned_ipv4_pool": "",
            "id": "subnet-0cc85eaf92d157f5b",
            "ipv6_cidr_block": "",
            "ipv6_cidr_block_association_id": "",
            "map_customer_owned_ip_on_launch": false,
            "map_public_ip_on_launch": false,
            "outpost_arn": "",
            "owner_id": "583246145048",
            "tags": {
              "Name": "PM4-Client-EFS-Subnet-B"
            },
            "tags_all": {
              "Name": "PM4-Client-EFS-Subnet-B"
            },
            "timeouts": null,
            "vpc_id": "vpc-0ca4378875e42c1c7"
          },
          "sensitive_attributes": [],
          "private": "eyJlMmJmYjczMC1lY2FhLTExZTYtOGY4OC0zNDM2M2JjN2M0YzAiOnsiY3JlYXRlIjo2MDAwMDAwMDAwMDAsImRlbGV0ZSI6MTIwMDAwMDAwMDAwMH0sInNjaGVtYV92ZXJzaW9uIjoiMSJ9",
          "dependencies": [
            "module.compute.aws_vpc.pm4_client_vpc",
            "module.compute.data.aws_availability_zones.pm4_client_azs"
          ]
        }
      ]
    },
    {
      "module": "module.compute",
      "mode": "managed",
      "type": "aws_subnet",
      "name": "pm4_redis_a",
      "provider": "provider[\"registry.terraform.io/hashicorp/aws\"]",
      "instances": [
        {
          "schema_version": 1,
          "attributes": {
            "arn": "arn:aws:ec2:us-east-1:583246145048:subnet/subnet-0d9c9d44803513963",
            "assign_ipv6_address_on_creation": false,
            "availability_zone": "us-east-1a",
            "availability_zone_id": "use1-az4",
            "cidr_block": "10.0.7.0/24",
            "customer_owned_ipv4_pool": "",
            "id": "subnet-0d9c9d44803513963",
            "ipv6_cidr_block": "",
            "ipv6_cidr_block_association_id": "",
            "map_customer_owned_ip_on_launch": false,
            "map_public_ip_on_launch": false,
            "outpost_arn": "",
            "owner_id": "583246145048",
            "tags": {
              "Name": "PM4-Client-Redis-Subnet-A"
            },
            "tags_all": {
              "Name": "PM4-Client-Redis-Subnet-A"
            },
            "timeouts": null,
            "vpc_id": "vpc-0ca4378875e42c1c7"
          },
          "sensitive_attributes": [],
          "private": "eyJlMmJmYjczMC1lY2FhLTExZTYtOGY4OC0zNDM2M2JjN2M0YzAiOnsiY3JlYXRlIjo2MDAwMDAwMDAwMDAsImRlbGV0ZSI6MTIwMDAwMDAwMDAwMH0sInNjaGVtYV92ZXJzaW9uIjoiMSJ9",
          "dependencies": [
            "module.compute.aws_vpc.pm4_client_vpc",
            "module.compute.data.aws_availability_zones.pm4_client_azs"
          ]
        }
      ]
    },
    {
      "module": "module.compute",
      "mode": "managed",
      "type": "aws_subnet",
      "name": "pm4_redis_b",
      "provider": "provider[\"registry.terraform.io/hashicorp/aws\"]",
      "instances": [
        {
          "schema_version": 1,
          "attributes": {
            "arn": "arn:aws:ec2:us-east-1:583246145048:subnet/subnet-0e02006b98cc2eb11",
            "assign_ipv6_address_on_creation": false,
            "availability_zone": "us-east-1b",
            "availability_zone_id": "use1-az6",
            "cidr_block": "10.0.8.0/24",
            "customer_owned_ipv4_pool": "",
            "id": "subnet-0e02006b98cc2eb11",
            "ipv6_cidr_block": "",
            "ipv6_cidr_block_association_id": "",
            "map_customer_owned_ip_on_launch": false,
            "map_public_ip_on_launch": false,
            "outpost_arn": "",
            "owner_id": "583246145048",
            "tags": {
              "Name": "PM4-Client-Redis-Subnet-B"
            },
            "tags_all": {
              "Name": "PM4-Client-Redis-Subnet-B"
            },
            "timeouts": null,
            "vpc_id": "vpc-0ca4378875e42c1c7"
          },
          "sensitive_attributes": [],
          "private": "eyJlMmJmYjczMC1lY2FhLTExZTYtOGY4OC0zNDM2M2JjN2M0YzAiOnsiY3JlYXRlIjo2MDAwMDAwMDAwMDAsImRlbGV0ZSI6MTIwMDAwMDAwMDAwMH0sInNjaGVtYV92ZXJzaW9uIjoiMSJ9",
          "dependencies": [
            "module.compute.aws_vpc.pm4_client_vpc",
            "module.compute.data.aws_availability_zones.pm4_client_azs"
          ]
        }
      ]
    },
    {
      "module": "module.compute",
      "mode": "managed",
      "type": "aws_subnet",
      "name": "pm4_tasks_a",
      "provider": "provider[\"registry.terraform.io/hashicorp/aws\"]",
      "instances": [
        {
          "schema_version": 1,
          "attributes": {
            "arn": "arn:aws:ec2:us-east-1:583246145048:subnet/subnet-08ce5083c998f3b0c",
            "assign_ipv6_address_on_creation": false,
            "availability_zone": "us-east-1a",
            "availability_zone_id": "use1-az4",
            "cidr_block": "10.0.9.0/24",
            "customer_owned_ipv4_pool": "",
            "id": "subnet-08ce5083c998f3b0c",
            "ipv6_cidr_block": "",
            "ipv6_cidr_block_association_id": "",
            "map_customer_owned_ip_on_launch": false,
            "map_public_ip_on_launch": false,
            "outpost_arn": "",
            "owner_id": "583246145048",
            "tags": {
              "Name": "PM4-Client-Tasks-Subnet-A"
            },
            "tags_all": {
              "Name": "PM4-Client-Tasks-Subnet-A"
            },
            "timeouts": null,
            "vpc_id": "vpc-0ca4378875e42c1c7"
          },
          "sensitive_attributes": [],
          "private": "eyJlMmJmYjczMC1lY2FhLTExZTYtOGY4OC0zNDM2M2JjN2M0YzAiOnsiY3JlYXRlIjo2MDAwMDAwMDAwMDAsImRlbGV0ZSI6MTIwMDAwMDAwMDAwMH0sInNjaGVtYV92ZXJzaW9uIjoiMSJ9",
          "dependencies": [
            "module.compute.data.aws_availability_zones.pm4_client_azs",
            "module.compute.aws_vpc.pm4_client_vpc"
          ],
          "create_before_destroy": true
        }
      ]
    },
    {
      "module": "module.compute",
      "mode": "managed",
      "type": "aws_subnet",
      "name": "pm4_tasks_b",
      "provider": "provider[\"registry.terraform.io/hashicorp/aws\"]",
      "instances": [
        {
          "schema_version": 1,
          "attributes": {
            "arn": "arn:aws:ec2:us-east-1:583246145048:subnet/subnet-0e6bd7dfada98317e",
            "assign_ipv6_address_on_creation": false,
            "availability_zone": "us-east-1b",
            "availability_zone_id": "use1-az6",
            "cidr_block": "10.0.10.0/24",
            "customer_owned_ipv4_pool": "",
            "id": "subnet-0e6bd7dfada98317e",
            "ipv6_cidr_block": "",
            "ipv6_cidr_block_association_id": "",
            "map_customer_owned_ip_on_launch": false,
            "map_public_ip_on_launch": false,
            "outpost_arn": "",
            "owner_id": "583246145048",
            "tags": {
              "Name": "PM4-Client-Tasks-Subnet-B"
            },
            "tags_all": {
              "Name": "PM4-Client-Tasks-Subnet-B"
            },
            "timeouts": null,
            "vpc_id": "vpc-0ca4378875e42c1c7"
          },
          "sensitive_attributes": [],
          "private": "eyJlMmJmYjczMC1lY2FhLTExZTYtOGY4OC0zNDM2M2JjN2M0YzAiOnsiY3JlYXRlIjo2MDAwMDAwMDAwMDAsImRlbGV0ZSI6MTIwMDAwMDAwMDAwMH0sInNjaGVtYV92ZXJzaW9uIjoiMSJ9",
          "dependencies": [
            "module.compute.aws_vpc.pm4_client_vpc",
            "module.compute.data.aws_availability_zones.pm4_client_azs"
          ],
          "create_before_destroy": true
        }
      ]
    },
    {
      "module": "module.compute",
      "mode": "managed",
      "type": "aws_subnet",
      "name": "pm4_web_a",
      "provider": "provider[\"registry.terraform.io/hashicorp/aws\"]",
      "instances": [
        {
          "schema_version": 1,
          "attributes": {
            "arn": "arn:aws:ec2:us-east-1:583246145048:subnet/subnet-0e691d0d3b98db581",
            "assign_ipv6_address_on_creation": false,
            "availability_zone": "us-east-1a",
            "availability_zone_id": "use1-az4",
            "cidr_block": "10.0.11.0/24",
            "customer_owned_ipv4_pool": "",
            "id": "subnet-0e691d0d3b98db581",
            "ipv6_cidr_block": "",
            "ipv6_cidr_block_association_id": "",
            "map_customer_owned_ip_on_launch": false,
            "map_public_ip_on_launch": false,
            "outpost_arn": "",
            "owner_id": "583246145048",
            "tags": {
              "Name": "PM4-Client-Web-Subnet-A"
            },
            "tags_all": {
              "Name": "PM4-Client-Web-Subnet-A"
            },
            "timeouts": null,
            "vpc_id": "vpc-0ca4378875e42c1c7"
          },
          "sensitive_attributes": [],
          "private": "eyJlMmJmYjczMC1lY2FhLTExZTYtOGY4OC0zNDM2M2JjN2M0YzAiOnsiY3JlYXRlIjo2MDAwMDAwMDAwMDAsImRlbGV0ZSI6MTIwMDAwMDAwMDAwMH0sInNjaGVtYV92ZXJzaW9uIjoiMSJ9",
          "dependencies": [
            "module.compute.aws_vpc.pm4_client_vpc",
            "module.compute.data.aws_availability_zones.pm4_client_azs"
          ],
          "create_before_destroy": true
        }
      ]
    },
    {
      "module": "module.compute",
      "mode": "managed",
      "type": "aws_subnet",
      "name": "pm4_web_b",
      "provider": "provider[\"registry.terraform.io/hashicorp/aws\"]",
      "instances": [
        {
          "schema_version": 1,
          "attributes": {
            "arn": "arn:aws:ec2:us-east-1:583246145048:subnet/subnet-046110931f25c8e7c",
            "assign_ipv6_address_on_creation": false,
            "availability_zone": "us-east-1b",
            "availability_zone_id": "use1-az6",
            "cidr_block": "10.0.12.0/24",
            "customer_owned_ipv4_pool": "",
            "id": "subnet-046110931f25c8e7c",
            "ipv6_cidr_block": "",
            "ipv6_cidr_block_association_id": "",
            "map_customer_owned_ip_on_launch": false,
            "map_public_ip_on_launch": false,
            "outpost_arn": "",
            "owner_id": "583246145048",
            "tags": {
              "Name": "PM4-Client-Web-Subnet-B"
            },
            "tags_all": {
              "Name": "PM4-Client-Web-Subnet-B"
            },
            "timeouts": null,
            "vpc_id": "vpc-0ca4378875e42c1c7"
          },
          "sensitive_attributes": [],
          "private": "eyJlMmJmYjczMC1lY2FhLTExZTYtOGY4OC0zNDM2M2JjN2M0YzAiOnsiY3JlYXRlIjo2MDAwMDAwMDAwMDAsImRlbGV0ZSI6MTIwMDAwMDAwMDAwMH0sInNjaGVtYV92ZXJzaW9uIjoiMSJ9",
          "dependencies": [
            "module.compute.aws_vpc.pm4_client_vpc",
            "module.compute.data.aws_availability_zones.pm4_client_azs"
          ],
          "create_before_destroy": true
        }
      ]
    },
    {
      "module": "module.compute",
      "mode": "managed",
      "type": "aws_vpc",
      "name": "pm4_client_vpc",
      "provider": "provider[\"registry.terraform.io/hashicorp/aws\"]",
      "instances": [
        {
          "schema_version": 1,
          "attributes": {
            "arn": "arn:aws:ec2:us-east-1:583246145048:vpc/vpc-0ca4378875e42c1c7",
            "assign_generated_ipv6_cidr_block": false,
            "cidr_block": "10.0.0.0/16",
            "default_network_acl_id": "acl-0f2bd255baca8d5d4",
            "default_route_table_id": "rtb-099408efedcc080ae",
            "default_security_group_id": "sg-0b0fc2248399999ed",
            "dhcp_options_id": "dopt-02d625b107453c93d",
            "enable_classiclink": false,
            "enable_classiclink_dns_support": false,
            "enable_dns_hostnames": true,
            "enable_dns_support": true,
            "id": "vpc-0ca4378875e42c1c7",
            "instance_tenancy": "default",
            "ipv6_association_id": "",
            "ipv6_cidr_block": "",
            "main_route_table_id": "rtb-099408efedcc080ae",
            "owner_id": "583246145048",
            "tags": {
              "Name": "PM4-Client-VPC"
            },
            "tags_all": {
              "Name": "PM4-Client-VPC"
            }
          },
          "sensitive_attributes": [],
          "private": "eyJzY2hlbWFfdmVyc2lvbiI6IjEifQ==",
          "create_before_destroy": true
        }
      ]
    }
  ]
}
